{
  "version": 4,
  "terraform_version": "1.5.7",
  "serial": 102,
  "lineage": "3dc38773-c8a1-94bb-8f4c-859861266b34",
  "outputs": {
    "cloudfront_url": {
      "value": "56ff9d70.cloudfront.localhost.localstack.cloud",
      "type": "string"
    },
    "cognito_pool_id": {
      "value": "us-east-1_e7a40f8d9ddf455294efda30c5c0368c",
      "type": "string"
    },
    "eks_cluster_endpoint": {
      "value": "https://localhost.localstack.cloud:4511",
      "type": "string"
    },
    "rds_endpoint": {
      "value": "localhost.localstack.cloud:4510",
      "type": "string"
    }
  },
  "resources": [
    {
      "mode": "data",
      "type": "aws_eks_cluster_auth",
      "name": "cluster",
      "provider": "provider[\"registry.terraform.io/hashicorp/aws\"]",
      "instances": [
        {
          "schema_version": 0,
          "attributes": {
            "id": "backend-cluster",
            "name": "backend-cluster",
            "token": "k8s-aws-v1.aHR0cDovL2xvY2FsaG9zdDo0NTY2Lz9BY3Rpb249R2V0Q2FsbGVySWRlbnRpdHkmVmVyc2lvbj0yMDExLTA2LTE1JlgtQW16LUFsZ29yaXRobT1BV1M0LUhNQUMtU0hBMjU2JlgtQW16LUNyZWRlbnRpYWw9dGVzdCUyRjIwMjYwMTEyJTJGdXMtZWFzdC0xJTJGc3RzJTJGYXdzNF9yZXF1ZXN0JlgtQW16LURhdGU9MjAyNjAxMTJUMDMwMTUxWiZYLUFtei1FeHBpcmVzPTAmWC1BbXotU2lnbmVkSGVhZGVycz1ob3N0JTNCeC1rOHMtYXdzLWlkJlgtQW16LVNpZ25hdHVyZT0xNTVlNzA5MzUzNzFmMzYxYzIwNjE1NzRjODIwOTkxN2JkY2JiODZiZDNhYTVjNTVjNmI2Y2U0MmRjYjFmM2Q0"
          },
          "sensitive_attributes": [
            [
              {
                "type": "get_attr",
                "value": "token"
              }
            ]
          ]
        }
      ]
    },
    {
      "module": "module.auth",
      "mode": "managed",
      "type": "aws_cognito_user_pool",
      "name": "pool",
      "provider": "provider[\"registry.terraform.io/hashicorp/aws\"]",
      "instances": [
        {
          "schema_version": 0,
          "attributes": {
            "account_recovery_setting": [
              {
                "recovery_mechanism": [
                  {
                    "name": "verified_email",
                    "priority": 1
                  },
                  {
                    "name": "verified_phone_number",
                    "priority": 2
                  }
                ]
              }
            ],
            "admin_create_user_config": [
              {
                "allow_admin_create_user_only": false,
                "invite_message_template": []
              }
            ],
            "alias_attributes": null,
            "arn": "arn:aws:cognito-idp:us-east-1:000000000000:userpool/us-east-1_e7a40f8d9ddf455294efda30c5c0368c",
            "auto_verified_attributes": [
              "email"
            ],
            "creation_date": "2026-01-12T02:39:23Z",
            "custom_domain": "",
            "deletion_protection": "INACTIVE",
            "device_configuration": [],
            "domain": "",
            "email_configuration": [
              {
                "configuration_set": "",
                "email_sending_account": "COGNITO_DEFAULT",
                "from_email_address": "",
                "reply_to_email_address": "",
                "source_arn": ""
              }
            ],
            "email_mfa_configuration": [],
            "email_verification_message": "",
            "email_verification_subject": "",
            "endpoint": "cognito-idp.us-east-1.amazonaws.com/us-east-1_e7a40f8d9ddf455294efda30c5c0368c",
            "estimated_number_of_users": 0,
            "id": "us-east-1_e7a40f8d9ddf455294efda30c5c0368c",
            "lambda_config": [],
            "last_modified_date": "2026-01-12T02:39:23Z",
            "mfa_configuration": "OFF",
            "name": "app-user-pool",
            "password_policy": [
              {
                "minimum_length": 8,
                "password_history_size": 0,
                "require_lowercase": true,
                "require_numbers": true,
                "require_symbols": true,
                "require_uppercase": true,
                "temporary_password_validity_days": 0
              }
            ],
            "schema": [],
            "sign_in_policy": [],
            "sms_authentication_message": "",
            "sms_configuration": [],
            "sms_verification_message": "",
            "software_token_mfa_configuration": [],
            "tags": {},
            "tags_all": {},
            "user_attribute_update_settings": [],
            "user_pool_add_ons": [],
            "user_pool_tier": "ESSENTIALS",
            "username_attributes": [
              "email"
            ],
            "username_configuration": [],
            "verification_message_template": [
              {
                "default_email_option": "CONFIRM_WITH_CODE",
                "email_message": "",
                "email_message_by_link": "",
                "email_subject": "",
                "email_subject_by_link": "",
                "sms_message": ""
              }
            ],
            "web_authn_configuration": []
          },
          "sensitive_attributes": [],
          "private": "bnVsbA=="
        }
      ]
    },
    {
      "module": "module.auth",
      "mode": "managed",
      "type": "aws_cognito_user_pool_client",
      "name": "client",
      "provider": "provider[\"registry.terraform.io/hashicorp/aws\"]",
      "instances": [
        {
          "schema_version": 0,
          "attributes": {
            "access_token_validity": 0,
            "allowed_oauth_flows": [
              "code",
              "implicit"
            ],
            "allowed_oauth_flows_user_pool_client": false,
            "allowed_oauth_scopes": [],
            "analytics_configuration": [],
            "auth_session_validity": 3,
            "callback_urls": [
              "https://app.exemplo.com"
            ],
            "client_secret": "",
            "default_redirect_uri": "",
            "enable_propagate_additional_user_context_data": false,
            "enable_token_revocation": true,
            "explicit_auth_flows": [
              "ADMIN_NO_SRP_AUTH",
              "USER_PASSWORD_AUTH"
            ],
            "generate_secret": false,
            "id": "e5gn6wv4hbvtrtteu2rw4i7hyw",
            "id_token_validity": 0,
            "logout_urls": [],
            "name": "app-client",
            "prevent_user_existence_errors": "",
            "read_attributes": [],
            "refresh_token_rotation": [],
            "refresh_token_validity": 30,
            "supported_identity_providers": [
              "COGNITO"
            ],
            "token_validity_units": [],
            "user_pool_id": "us-east-1_e7a40f8d9ddf455294efda30c5c0368c",
            "write_attributes": []
          },
          "sensitive_attributes": [
            [
              {
                "type": "get_attr",
                "value": "client_secret"
              }
            ]
          ],
          "dependencies": [
            "module.auth.aws_cognito_user_pool.pool"
          ]
        }
      ]
    },
    {
      "module": "module.compute",
      "mode": "managed",
      "type": "aws_ecr_repository",
      "name": "app_repo",
      "provider": "provider[\"registry.terraform.io/hashicorp/aws\"]",
      "instances": [
        {
          "schema_version": 0,
          "attributes": {
            "arn": "arn:aws:ecr:us-east-1:000000000000:repository/backend-app",
            "encryption_configuration": [
              {
                "encryption_type": "AES256",
                "kms_key": ""
              }
            ],
            "force_delete": null,
            "id": "backend-app",
            "image_scanning_configuration": [
              {
                "scan_on_push": false
              }
            ],
            "image_tag_mutability": "IMMUTABLE",
            "name": "backend-app",
            "registry_id": "000000000000",
            "repository_url": "000000000000.dkr.ecr.us-east-1.localhost.localstack.cloud:4566/backend-app",
            "tags": {},
            "tags_all": {},
            "timeouts": null
          },
          "sensitive_attributes": [],
          "private": "eyJlMmJmYjczMC1lY2FhLTExZTYtOGY4OC0zNDM2M2JjN2M0YzAiOnsiZGVsZXRlIjoxMjAwMDAwMDAwMDAwfX0="
        }
      ]
    },
    {
      "module": "module.compute",
      "mode": "managed",
      "type": "aws_iam_policy",
      "name": "lbc_policy",
      "provider": "provider[\"registry.terraform.io/hashicorp/aws\"]",
      "instances": [
        {
          "schema_version": 0,
          "attributes": {
            "arn": "arn:aws:iam::000000000000:policy/AWSLoadBalancerControllerIAMPolicy",
            "attachment_count": 1,
            "description": "Permite que o EKS gerencie ALBs e NLBs",
            "id": "arn:aws:iam::000000000000:policy/AWSLoadBalancerControllerIAMPolicy",
            "name": "AWSLoadBalancerControllerIAMPolicy",
            "name_prefix": "",
            "path": "/",
            "policy": "{\"Statement\":[{\"Action\":[\"iam:CreateServiceLinkedRole\"],\"Condition\":{\"StringEquals\":{\"iam:AWSServiceName\":\"elasticloadbalancing.amazonaws.com\"}},\"Effect\":\"Allow\",\"Resource\":\"*\"},{\"Action\":[\"ec2:DescribeAccountAttributes\",\"ec2:DescribeAddresses\",\"ec2:DescribeAvailabilityZones\",\"ec2:DescribeInternetGateways\",\"ec2:DescribeVpcs\",\"ec2:DescribeVpcPeeringConnections\",\"ec2:DescribeSubnets\",\"ec2:DescribeSecurityGroups\",\"ec2:DescribeInstances\",\"ec2:DescribeNetworkInterfaces\",\"ec2:DescribeTags\",\"ec2:GetCoipPoolUsage\",\"ec2:DescribeCoipPools\",\"elasticloadbalancing:DescribeLoadBalancers\",\"elasticloadbalancing:DescribeLoadBalancerAttributes\",\"elasticloadbalancing:DescribeListeners\",\"elasticloadbalancing:DescribeListenerCertificates\",\"elasticloadbalancing:DescribeSSLPolicies\",\"elasticloadbalancing:DescribeRules\",\"elasticloadbalancing:DescribeTargetGroups\",\"elasticloadbalancing:DescribeTargetGroupAttributes\",\"elasticloadbalancing:DescribeTargetHealth\",\"elasticloadbalancing:DescribeTags\"],\"Effect\":\"Allow\",\"Resource\":\"*\"},{\"Action\":[\"cognito-idp:DescribeUserPoolClient\",\"acm:ListCertificates\",\"acm:DescribeCertificate\",\"iam:ListServerCertificates\",\"iam:GetServerCertificate\",\"waf-regional:GetWebACL\",\"waf-regional:GetWebACLForResource\",\"waf-regional:AssociateWebACL\",\"waf-regional:DisassociateWebACL\",\"wafv2:GetWebACL\",\"wafv2:GetWebACLForResource\",\"wafv2:AssociateWebACL\",\"wafv2:DisassociateWebACL\",\"shield:GetSubscriptionState\",\"shield:DescribeProtection\",\"shield:CreateProtection\",\"shield:DeleteProtection\"],\"Effect\":\"Allow\",\"Resource\":\"*\"},{\"Action\":[\"ec2:AuthorizeSecurityGroupIngress\",\"ec2:RevokeSecurityGroupIngress\"],\"Effect\":\"Allow\",\"Resource\":\"*\"},{\"Action\":[\"ec2:CreateSecurityGroup\"],\"Effect\":\"Allow\",\"Resource\":\"*\"},{\"Action\":[\"ec2:CreateTags\"],\"Condition\":{\"Null\":{\"aws:RequestTag/elbv2.k8s.aws/cluster\":\"false\"},\"StringEquals\":{\"ec2:CreateAction\":\"CreateSecurityGroup\"}},\"Effect\":\"Allow\",\"Resource\":\"arn:aws:ec2:*:*:security-group/*\"},{\"Action\":[\"ec2:CreateTags\",\"ec2:DeleteTags\"],\"Condition\":{\"Null\":{\"aws:RequestTag/elbv2.k8s.aws/cluster\":\"true\",\"aws:ResourceTag/elbv2.k8s.aws/cluster\":\"false\"}},\"Effect\":\"Allow\",\"Resource\":\"arn:aws:ec2:*:*:security-group/*\"},{\"Action\":[\"ec2:AuthorizeSecurityGroupIngress\",\"ec2:RevokeSecurityGroupIngress\",\"ec2:DeleteSecurityGroup\"],\"Condition\":{\"Null\":{\"aws:ResourceTag/elbv2.k8s.aws/cluster\":\"false\"}},\"Effect\":\"Allow\",\"Resource\":\"*\"},{\"Action\":[\"elasticloadbalancing:CreateLoadBalancer\",\"elasticloadbalancing:CreateTargetGroup\"],\"Condition\":{\"Null\":{\"aws:RequestTag/elbv2.k8s.aws/cluster\":\"false\"}},\"Effect\":\"Allow\",\"Resource\":\"*\"},{\"Action\":[\"elasticloadbalancing:CreateListener\",\"elasticloadbalancing:DeleteListener\",\"elasticloadbalancing:CreateRule\",\"elasticloadbalancing:DeleteRule\"],\"Effect\":\"Allow\",\"Resource\":\"*\"},{\"Action\":[\"elasticloadbalancing:AddTags\",\"elasticloadbalancing:RemoveTags\"],\"Condition\":{\"Null\":{\"aws:RequestTag/elbv2.k8s.aws/cluster\":\"true\",\"aws:ResourceTag/elbv2.k8s.aws/cluster\":\"false\"}},\"Effect\":\"Allow\",\"Resource\":[\"arn:aws:elasticloadbalancing:*:*:targetgroup/*/*\",\"arn:aws:elasticloadbalancing:*:*:loadbalancer/net/*/*\",\"arn:aws:elasticloadbalancing:*:*:loadbalancer/app/*/*\"]},{\"Action\":[\"elasticloadbalancing:AddTags\",\"elasticloadbalancing:RemoveTags\"],\"Effect\":\"Allow\",\"Resource\":[\"arn:aws:elasticloadbalancing:*:*:listener/net/*/*/*\",\"arn:aws:elasticloadbalancing:*:*:listener/app/*/*/*\",\"arn:aws:elasticloadbalancing:*:*:listener-rule/net/*/*/*\",\"arn:aws:elasticloadbalancing:*:*:listener-rule/app/*/*/*\"]},{\"Action\":[\"elasticloadbalancing:ModifyLoadBalancerAttributes\",\"elasticloadbalancing:SetIpAddressType\",\"elasticloadbalancing:SetSecurityGroups\",\"elasticloadbalancing:SetSubnets\",\"elasticloadbalancing:DeleteLoadBalancer\",\"elasticloadbalancing:ModifyTargetGroup\",\"elasticloadbalancing:ModifyTargetGroupAttributes\",\"elasticloadbalancing:DeleteTargetGroup\"],\"Condition\":{\"Null\":{\"aws:ResourceTag/elbv2.k8s.aws/cluster\":\"false\"}},\"Effect\":\"Allow\",\"Resource\":\"*\"},{\"Action\":[\"elasticloadbalancing:RegisterTargets\",\"elasticloadbalancing:DeregisterTargets\"],\"Effect\":\"Allow\",\"Resource\":\"arn:aws:elasticloadbalancing:*:*:targetgroup/*/*\"},{\"Action\":[\"elasticloadbalancing:SetWebAcl\",\"elasticloadbalancing:ModifyListener\",\"elasticloadbalancing:AddListenerCertificates\",\"elasticloadbalancing:RemoveListenerCertificates\",\"elasticloadbalancing:ModifyRule\"],\"Effect\":\"Allow\",\"Resource\":\"*\"}],\"Version\":\"2012-10-17\"}",
            "policy_id": "AXJFDOU9EQFHC9X0SRFHU",
            "tags": {},
            "tags_all": {}
          },
          "sensitive_attributes": [],
          "private": "bnVsbA=="
        }
      ]
    },
    {
      "module": "module.compute",
      "mode": "managed",
      "type": "aws_wafv2_web_acl",
      "name": "rate_limit",
      "provider": "provider[\"registry.terraform.io/hashicorp/aws\"]",
      "instances": [
        {
          "schema_version": 0,
          "attributes": {
            "application_integration_url": "",
            "arn": "arn:aws:wafv2:us-east-1:000000000000:regional/webacl/api-protection/2161063a-7df6-4263-b83f-22cc911eb32a",
            "association_config": [],
            "capacity": 3,
            "captcha_config": [],
            "challenge_config": [],
            "custom_response_body": [],
            "data_protection_config": [],
            "default_action": [
              {
                "allow": [
                  {
                    "custom_request_handling": []
                  }
                ],
                "block": []
              }
            ],
            "description": "",
            "id": "2161063a-7df6-4263-b83f-22cc911eb32a",
            "lock_token": "a2a08fc1-c194-4e63-bb04-102cb5cfe695",
            "name": "api-protection",
            "name_prefix": "",
            "rule": [
              {
                "action": [
                  {
                    "allow": [],
                    "block": [
                      {
                        "custom_response": []
                      }
                    ],
                    "captcha": [],
                    "challenge": [],
                    "count": []
                  }
                ],
                "captcha_config": [],
                "challenge_config": [],
                "name": "IPRateLimit",
                "override_action": [],
                "priority": 1,
                "rule_label": [],
                "statement": [
                  {
                    "and_statement": [],
                    "asn_match_statement": [],
                    "byte_match_statement": [],
                    "geo_match_statement": [],
                    "ip_set_reference_statement": [],
                    "label_match_statement": [],
                    "managed_rule_group_statement": [],
                    "not_statement": [],
                    "or_statement": [],
                    "rate_based_statement": [
                      {
                        "aggregate_key_type": "IP",
                        "custom_key": [],
                        "evaluation_window_sec": 300,
                        "forwarded_ip_config": [],
                        "limit": 2000,
                        "scope_down_statement": []
                      }
                    ],
                    "regex_match_statement": [],
                    "regex_pattern_set_reference_statement": [],
                    "rule_group_reference_statement": [],
                    "size_constraint_statement": [],
                    "sqli_match_statement": [],
                    "xss_match_statement": []
                  }
                ],
                "visibility_config": [
                  {
                    "cloudwatch_metrics_enabled": true,
                    "metric_name": "WAFRateLimit",
                    "sampled_requests_enabled": true
                  }
                ]
              }
            ],
            "rule_json": null,
            "scope": "REGIONAL",
            "tags": {},
            "tags_all": {},
            "token_domains": [],
            "visibility_config": [
              {
                "cloudwatch_metrics_enabled": true,
                "metric_name": "api-protection-main",
                "sampled_requests_enabled": true
              }
            ]
          },
          "sensitive_attributes": [],
          "private": "bnVsbA=="
        }
      ]
    },
    {
      "module": "module.compute",
      "mode": "managed",
      "type": "helm_release",
      "name": "aws_lbc",
      "provider": "provider[\"registry.terraform.io/hashicorp/helm\"]",
      "instances": [
        {
          "schema_version": 1,
          "attributes": {
            "atomic": false,
            "chart": "aws-load-balancer-controller",
            "cleanup_on_fail": false,
            "create_namespace": false,
            "dependency_update": false,
            "description": null,
            "devel": null,
            "disable_crd_hooks": false,
            "disable_openapi_validation": false,
            "disable_webhooks": false,
            "force_update": false,
            "id": "aws-load-balancer-controller",
            "keyring": null,
            "lint": false,
            "manifest": null,
            "max_history": 0,
            "metadata": [
              {
                "app_version": "v2.17.1",
                "chart": "aws-load-balancer-controller",
                "first_deployed": 1768185652,
                "last_deployed": 1768185652,
                "name": "aws-load-balancer-controller",
                "namespace": "kube-system",
                "notes": "AWS Load Balancer controller installed!\n",
                "revision": 1,
                "values": "{\"clusterName\":\"backend-cluster\",\"serviceAccount\":{\"annotations\":{\"eks.amazonaws.com/role-arn\":\"arn:aws:iam::000000000000:role/eks-load-balancer-controller\"},\"create\":true,\"name\":\"aws-load-balancer-controller\"}}",
                "version": "1.17.1"
              }
            ],
            "name": "aws-load-balancer-controller",
            "namespace": "kube-system",
            "pass_credentials": false,
            "postrender": [],
            "recreate_pods": false,
            "render_subchart_notes": true,
            "replace": false,
            "repository": "https://aws.github.io/eks-charts",
            "repository_ca_file": null,
            "repository_cert_file": null,
            "repository_key_file": null,
            "repository_password": null,
            "repository_username": null,
            "reset_values": false,
            "reuse_values": false,
            "set": [
              {
                "name": "clusterName",
                "type": "",
                "value": "backend-cluster"
              },
              {
                "name": "serviceAccount.annotations.eks\\.amazonaws\\.com/role-arn",
                "type": "",
                "value": "arn:aws:iam::000000000000:role/eks-load-balancer-controller"
              },
              {
                "name": "serviceAccount.create",
                "type": "",
                "value": "true"
              },
              {
                "name": "serviceAccount.name",
                "type": "",
                "value": "aws-load-balancer-controller"
              }
            ],
            "set_list": [],
            "set_sensitive": [],
            "skip_crds": false,
            "status": "deployed",
            "timeout": 600,
            "upgrade_install": null,
            "values": null,
            "verify": false,
            "version": "1.17.1",
            "wait": false,
            "wait_for_jobs": false
          },
          "sensitive_attributes": [
            [
              {
                "type": "get_attr",
                "value": "repository_password"
              }
            ]
          ],
          "private": "eyJzY2hlbWFfdmVyc2lvbiI6IjEifQ==",
          "dependencies": [
            "data.aws_eks_cluster_auth.cluster",
            "module.compute.module.eks.aws_cloudwatch_log_group.this",
            "module.compute.module.eks.aws_ec2_tag.cluster_primary_security_group",
            "module.compute.module.eks.aws_eks_addon.before_compute",
            "module.compute.module.eks.aws_eks_addon.this",
            "module.compute.module.eks.aws_eks_cluster.this",
            "module.compute.module.eks.aws_eks_identity_provider_config.this",
            "module.compute.module.eks.aws_iam_openid_connect_provider.oidc_provider",
            "module.compute.module.eks.aws_iam_policy.cluster_encryption",
            "module.compute.module.eks.aws_iam_policy.cni_ipv6_policy",
            "module.compute.module.eks.aws_iam_role.this",
            "module.compute.module.eks.aws_iam_role_policy_attachment.additional",
            "module.compute.module.eks.aws_iam_role_policy_attachment.cluster_encryption",
            "module.compute.module.eks.aws_iam_role_policy_attachment.this",
            "module.compute.module.eks.aws_security_group.cluster",
            "module.compute.module.eks.aws_security_group.node",
            "module.compute.module.eks.aws_security_group_rule.cluster",
            "module.compute.module.eks.aws_security_group_rule.node",
            "module.compute.module.eks.data.aws_caller_identity.current",
            "module.compute.module.eks.data.aws_eks_addon_version.this",
            "module.compute.module.eks.data.aws_iam_policy_document.assume_role_policy",
            "module.compute.module.eks.data.aws_iam_policy_document.cni_ipv6_policy",
            "module.compute.module.eks.data.aws_iam_session_context.current",
            "module.compute.module.eks.data.aws_partition.current",
            "module.compute.module.eks.data.tls_certificate.this",
            "module.compute.module.eks.kubernetes_config_map.aws_auth",
            "module.compute.module.eks.kubernetes_config_map_v1_data.aws_auth",
            "module.compute.module.eks.module.eks_managed_node_group.aws_autoscaling_schedule.this",
            "module.compute.module.eks.module.eks_managed_node_group.aws_eks_node_group.this",
            "module.compute.module.eks.module.eks_managed_node_group.aws_iam_role.this",
            "module.compute.module.eks.module.eks_managed_node_group.aws_iam_role_policy_attachment.additional",
            "module.compute.module.eks.module.eks_managed_node_group.aws_iam_role_policy_attachment.this",
            "module.compute.module.eks.module.eks_managed_node_group.aws_launch_template.this",
            "module.compute.module.eks.module.eks_managed_node_group.data.aws_caller_identity.current",
            "module.compute.module.eks.module.eks_managed_node_group.data.aws_iam_policy_document.assume_role_policy",
            "module.compute.module.eks.module.eks_managed_node_group.data.aws_partition.current",
            "module.compute.module.eks.module.eks_managed_node_group.module.user_data.data.cloudinit_config.linux_eks_managed_node_group",
            "module.compute.module.eks.module.fargate_profile.aws_eks_fargate_profile.this",
            "module.compute.module.eks.module.fargate_profile.aws_iam_role.this",
            "module.compute.module.eks.module.fargate_profile.aws_iam_role_policy_attachment.additional",
            "module.compute.module.eks.module.fargate_profile.aws_iam_role_policy_attachment.this",
            "module.compute.module.eks.module.fargate_profile.data.aws_caller_identity.current",
            "module.compute.module.eks.module.fargate_profile.data.aws_iam_policy_document.assume_role_policy",
            "module.compute.module.eks.module.fargate_profile.data.aws_partition.current",
            "module.compute.module.eks.module.kms.aws_kms_alias.this",
            "module.compute.module.eks.module.kms.aws_kms_external_key.this",
            "module.compute.module.eks.module.kms.aws_kms_grant.this",
            "module.compute.module.eks.module.kms.aws_kms_key.this",
            "module.compute.module.eks.module.kms.aws_kms_replica_external_key.this",
            "module.compute.module.eks.module.kms.aws_kms_replica_key.this",
            "module.compute.module.eks.module.kms.data.aws_caller_identity.current",
            "module.compute.module.eks.module.kms.data.aws_iam_policy_document.this",
            "module.compute.module.eks.module.kms.data.aws_partition.current",
            "module.compute.module.eks.module.self_managed_node_group.aws_autoscaling_group.this",
            "module.compute.module.eks.module.self_managed_node_group.aws_autoscaling_schedule.this",
            "module.compute.module.eks.module.self_managed_node_group.aws_iam_instance_profile.this",
            "module.compute.module.eks.module.self_managed_node_group.aws_iam_role.this",
            "module.compute.module.eks.module.self_managed_node_group.aws_iam_role_policy_attachment.additional",
            "module.compute.module.eks.module.self_managed_node_group.aws_iam_role_policy_attachment.this",
            "module.compute.module.eks.module.self_managed_node_group.aws_launch_template.this",
            "module.compute.module.eks.module.self_managed_node_group.data.aws_ami.eks_default",
            "module.compute.module.eks.module.self_managed_node_group.data.aws_caller_identity.current",
            "module.compute.module.eks.module.self_managed_node_group.data.aws_iam_policy_document.assume_role_policy",
            "module.compute.module.eks.module.self_managed_node_group.data.aws_partition.current",
            "module.compute.module.eks.module.self_managed_node_group.module.user_data.data.cloudinit_config.linux_eks_managed_node_group",
            "module.compute.module.eks.time_sleep.this",
            "module.compute.module.lbc_role.aws_iam_role.this",
            "module.compute.module.lbc_role.data.aws_caller_identity.current",
            "module.compute.module.lbc_role.data.aws_iam_policy_document.this",
            "module.compute.module.lbc_role.data.aws_partition.current",
            "module.network.aws_subnet.private",
            "module.network.aws_vpc.main",
            "module.network.data.aws_availability_zones.available"
          ]
        }
      ]
    },
    {
      "module": "module.compute",
      "mode": "managed",
      "type": "time_sleep",
      "name": "wait_for_eks",
      "provider": "provider[\"registry.terraform.io/hashicorp/time\"]",
      "instances": [
        {
          "schema_version": 0,
          "attributes": {
            "create_duration": "90s",
            "destroy_duration": null,
            "id": "2026-01-12T02:42:20Z",
            "triggers": null
          },
          "sensitive_attributes": [],
          "dependencies": [
            "data.aws_eks_cluster_auth.cluster",
            "module.compute.module.eks.aws_cloudwatch_log_group.this",
            "module.compute.module.eks.aws_ec2_tag.cluster_primary_security_group",
            "module.compute.module.eks.aws_eks_addon.before_compute",
            "module.compute.module.eks.aws_eks_addon.this",
            "module.compute.module.eks.aws_eks_cluster.this",
            "module.compute.module.eks.aws_eks_identity_provider_config.this",
            "module.compute.module.eks.aws_iam_openid_connect_provider.oidc_provider",
            "module.compute.module.eks.aws_iam_policy.cluster_encryption",
            "module.compute.module.eks.aws_iam_policy.cni_ipv6_policy",
            "module.compute.module.eks.aws_iam_role.this",
            "module.compute.module.eks.aws_iam_role_policy_attachment.additional",
            "module.compute.module.eks.aws_iam_role_policy_attachment.cluster_encryption",
            "module.compute.module.eks.aws_iam_role_policy_attachment.this",
            "module.compute.module.eks.aws_security_group.cluster",
            "module.compute.module.eks.aws_security_group.node",
            "module.compute.module.eks.aws_security_group_rule.cluster",
            "module.compute.module.eks.aws_security_group_rule.node",
            "module.compute.module.eks.data.aws_caller_identity.current",
            "module.compute.module.eks.data.aws_eks_addon_version.this",
            "module.compute.module.eks.data.aws_iam_policy_document.assume_role_policy",
            "module.compute.module.eks.data.aws_iam_policy_document.cni_ipv6_policy",
            "module.compute.module.eks.data.aws_iam_session_context.current",
            "module.compute.module.eks.data.aws_partition.current",
            "module.compute.module.eks.data.tls_certificate.this",
            "module.compute.module.eks.kubernetes_config_map.aws_auth",
            "module.compute.module.eks.kubernetes_config_map_v1_data.aws_auth",
            "module.compute.module.eks.module.eks_managed_node_group.aws_autoscaling_schedule.this",
            "module.compute.module.eks.module.eks_managed_node_group.aws_eks_node_group.this",
            "module.compute.module.eks.module.eks_managed_node_group.aws_iam_role.this",
            "module.compute.module.eks.module.eks_managed_node_group.aws_iam_role_policy_attachment.additional",
            "module.compute.module.eks.module.eks_managed_node_group.aws_iam_role_policy_attachment.this",
            "module.compute.module.eks.module.eks_managed_node_group.aws_launch_template.this",
            "module.compute.module.eks.module.eks_managed_node_group.data.aws_caller_identity.current",
            "module.compute.module.eks.module.eks_managed_node_group.data.aws_iam_policy_document.assume_role_policy",
            "module.compute.module.eks.module.eks_managed_node_group.data.aws_partition.current",
            "module.compute.module.eks.module.eks_managed_node_group.module.user_data.data.cloudinit_config.linux_eks_managed_node_group",
            "module.compute.module.eks.module.fargate_profile.aws_eks_fargate_profile.this",
            "module.compute.module.eks.module.fargate_profile.aws_iam_role.this",
            "module.compute.module.eks.module.fargate_profile.aws_iam_role_policy_attachment.additional",
            "module.compute.module.eks.module.fargate_profile.aws_iam_role_policy_attachment.this",
            "module.compute.module.eks.module.fargate_profile.data.aws_caller_identity.current",
            "module.compute.module.eks.module.fargate_profile.data.aws_iam_policy_document.assume_role_policy",
            "module.compute.module.eks.module.fargate_profile.data.aws_partition.current",
            "module.compute.module.eks.module.kms.aws_kms_alias.this",
            "module.compute.module.eks.module.kms.aws_kms_external_key.this",
            "module.compute.module.eks.module.kms.aws_kms_grant.this",
            "module.compute.module.eks.module.kms.aws_kms_key.this",
            "module.compute.module.eks.module.kms.aws_kms_replica_external_key.this",
            "module.compute.module.eks.module.kms.aws_kms_replica_key.this",
            "module.compute.module.eks.module.kms.data.aws_caller_identity.current",
            "module.compute.module.eks.module.kms.data.aws_iam_policy_document.this",
            "module.compute.module.eks.module.kms.data.aws_partition.current",
            "module.compute.module.eks.module.self_managed_node_group.aws_autoscaling_group.this",
            "module.compute.module.eks.module.self_managed_node_group.aws_autoscaling_schedule.this",
            "module.compute.module.eks.module.self_managed_node_group.aws_iam_instance_profile.this",
            "module.compute.module.eks.module.self_managed_node_group.aws_iam_role.this",
            "module.compute.module.eks.module.self_managed_node_group.aws_iam_role_policy_attachment.additional",
            "module.compute.module.eks.module.self_managed_node_group.aws_iam_role_policy_attachment.this",
            "module.compute.module.eks.module.self_managed_node_group.aws_launch_template.this",
            "module.compute.module.eks.module.self_managed_node_group.data.aws_ami.eks_default",
            "module.compute.module.eks.module.self_managed_node_group.data.aws_caller_identity.current",
            "module.compute.module.eks.module.self_managed_node_group.data.aws_iam_policy_document.assume_role_policy",
            "module.compute.module.eks.module.self_managed_node_group.data.aws_partition.current",
            "module.compute.module.eks.module.self_managed_node_group.module.user_data.data.cloudinit_config.linux_eks_managed_node_group",
            "module.compute.module.eks.time_sleep.this",
            "module.network.aws_subnet.private",
            "module.network.aws_vpc.main",
            "module.network.data.aws_availability_zones.available"
          ]
        }
      ]
    },
    {
      "module": "module.compute.module.eks",
      "mode": "data",
      "type": "aws_caller_identity",
      "name": "current",
      "provider": "provider[\"registry.terraform.io/hashicorp/aws\"]",
      "instances": [
        {
          "schema_version": 0,
          "attributes": {
            "account_id": "000000000000",
            "arn": "arn:aws:iam::000000000000:root",
            "id": "000000000000",
            "user_id": "AKIAIOSFODNN7EXAMPLE"
          },
          "sensitive_attributes": []
        }
      ]
    },
    {
      "module": "module.compute.module.eks",
      "mode": "data",
      "type": "aws_iam_policy_document",
      "name": "assume_role_policy",
      "provider": "provider[\"registry.terraform.io/hashicorp/aws\"]",
      "instances": [
        {
          "index_key": 0,
          "schema_version": 0,
          "attributes": {
            "id": "2764486067",
            "json": "{\n  \"Version\": \"2012-10-17\",\n  \"Statement\": [\n    {\n      \"Sid\": \"EKSClusterAssumeRole\",\n      \"Effect\": \"Allow\",\n      \"Action\": \"sts:AssumeRole\",\n      \"Principal\": {\n        \"Service\": \"eks.amazonaws.com\"\n      }\n    }\n  ]\n}",
            "minified_json": "{\"Version\":\"2012-10-17\",\"Statement\":[{\"Sid\":\"EKSClusterAssumeRole\",\"Effect\":\"Allow\",\"Action\":\"sts:AssumeRole\",\"Principal\":{\"Service\":\"eks.amazonaws.com\"}}]}",
            "override_json": null,
            "override_policy_documents": null,
            "policy_id": null,
            "source_json": null,
            "source_policy_documents": null,
            "statement": [
              {
                "actions": [
                  "sts:AssumeRole"
                ],
                "condition": [],
                "effect": "Allow",
                "not_actions": [],
                "not_principals": [],
                "not_resources": [],
                "principals": [
                  {
                    "identifiers": [
                      "eks.amazonaws.com"
                    ],
                    "type": "Service"
                  }
                ],
                "resources": [],
                "sid": "EKSClusterAssumeRole"
              }
            ],
            "version": "2012-10-17"
          },
          "sensitive_attributes": []
        }
      ]
    },
    {
      "module": "module.compute.module.eks",
      "mode": "data",
      "type": "aws_iam_session_context",
      "name": "current",
      "provider": "provider[\"registry.terraform.io/hashicorp/aws\"]",
      "instances": [
        {
          "schema_version": 0,
          "attributes": {
            "arn": "arn:aws:iam::000000000000:root",
            "id": "arn:aws:iam::000000000000:root",
            "issuer_arn": "arn:aws:iam::000000000000:root",
            "issuer_id": "",
            "issuer_name": "",
            "session_name": ""
          },
          "sensitive_attributes": []
        }
      ]
    },
    {
      "module": "module.compute.module.eks",
      "mode": "data",
      "type": "aws_partition",
      "name": "current",
      "provider": "provider[\"registry.terraform.io/hashicorp/aws\"]",
      "instances": [
        {
          "schema_version": 0,
          "attributes": {
            "dns_suffix": "amazonaws.com",
            "id": "aws",
            "partition": "aws",
            "reverse_dns_prefix": "com.amazonaws"
          },
          "sensitive_attributes": []
        }
      ]
    },
    {
      "module": "module.compute.module.eks",
      "mode": "data",
      "type": "tls_certificate",
      "name": "this",
      "provider": "provider[\"registry.terraform.io/hashicorp/tls\"]",
      "instances": [
        {
          "index_key": 0,
          "schema_version": 0,
          "attributes": {
            "certificates": [
              {
                "cert_pem": "-----BEGIN CERTIFICATE-----\nMIIFgTCCBGmgAwIBAgIQOXJEOvkit1HX02wQ3TE1lTANBgkqhkiG9w0BAQwFADB7\nMQswCQYDVQQGEwJHQjEbMBkGA1UECAwSR3JlYXRlciBNYW5jaGVzdGVyMRAwDgYD\nVQQHDAdTYWxmb3JkMRowGAYDVQQKDBFDb21vZG8gQ0EgTGltaXRlZDEhMB8GA1UE\nAwwYQUFBIENlcnRpZmljYXRlIFNlcnZpY2VzMB4XDTE5MDMxMjAwMDAwMFoXDTI4\nMTIzMTIzNTk1OVowgYgxCzAJBgNVBAYTAlVTMRMwEQYDVQQIEwpOZXcgSmVyc2V5\nMRQwEgYDVQQHEwtKZXJzZXkgQ2l0eTEeMBwGA1UEChMVVGhlIFVTRVJUUlVTVCBO\nZXR3b3JrMS4wLAYDVQQDEyVVU0VSVHJ1c3QgUlNBIENlcnRpZmljYXRpb24gQXV0\naG9yaXR5MIICIjANBgkqhkiG9w0BAQEFAAOCAg8AMIICCgKCAgEAgBJlFzYOw9sI\ns9CsVw127c0n00ytUINh4qogTQktZAnczomfzD2p7PbPwdzx07HWezcoEStH2jnG\nvDoZtF+mvX2do2NCtnbyqTsrkfjib9DsFiCQCT7i6HTJGLSR1GJk23+jBvGIGGqQ\nIjy8/hPwhxR79uQfjtTkUcYRZ0YIUcuGFFQ/vDP+fmyc/xadGL1RjjWmp2bIcmfb\nIWax1Jt4A8BQOujM8Ny8nkz+rwWWNR9XWrf/zvk9tyy29lTdyOcSOk2uTIq3XJq0\ntyA9yn8iNK5+O2hmAUTnAU5GU5szYPeUvlM3kHND8zLDU+/bqv50TmnHa4xgk97E\nxwzf4TKuzJM7UXiVZ4vuPVb+DNBpDxsP8yUmazNt925H+nND5X4OpWaxKXwyhGNV\nicQNwZNUMBkTrNN9N6frXTpsNVzbQdcS2qlJC9/YgIoJk2KOtWbPJYjNhLixP6Q5\nD9kCnusSTJV882sFqV4Wg8y4Z+LoE53MW4LTTLPtW//e5XOsIzstAL81VXQJSdhJ\nWBp/kjbmUZIO8yZ9HE0XvMnsQybQv0FfQKlERPSZ51eHnlAfV1SoPv10Yy+xUGUJ\n5lhCLkMaTLTwJUdZ+gQek9QmRkpQgbLevni3/GcV4clXhB4PY9bpYrrWX1Uu6lzG\nKAgEJTm4Diup8kyXHAc/DVL17e8vgg8CAwEAAaOB8jCB7zAfBgNVHSMEGDAWgBSg\nEQojPpbxB+zirynvgqV/0DCktDAdBgNVHQ4EFgQUU3m/WqorSs9UgOHYm8Cd8rID\nZsswDgYDVR0PAQH/BAQDAgGGMA8GA1UdEwEB/wQFMAMBAf8wEQYDVR0gBAowCDAG\nBgRVHSAAMEMGA1UdHwQ8MDowOKA2oDSGMmh0dHA6Ly9jcmwuY29tb2RvY2EuY29t\nL0FBQUNlcnRpZmljYXRlU2VydmljZXMuY3JsMDQGCCsGAQUFBwEBBCgwJjAkBggr\nBgEFBQcwAYYYaHR0cDovL29jc3AuY29tb2RvY2EuY29tMA0GCSqGSIb3DQEBDAUA\nA4IBAQAYh1HcdCE9nIrgJ7cz0C7M7PDmy14R3iJvm3WOnnL+5Nb+qh+cli3vA0p+\nrvSNb3I8QzvAP+u431yqqcau8vzY7qN7Q/aGNnwU4M309z/+3ri0ivCRlv79Q2R+\n/czSAaF9ffgZGclCKxO/WIu6pKJmBHaIkU4MiRTOok3JMrO66BQavHHxW/BBC5gA\nCiIDEOUMsfnNkjcZ7Tvx5Dq2+UUTJnWvu6rvP3t3O9LEApE9GQDTF1w52z97GA1F\nzZOFli9d31kWTz9RvdVFGD/tSo7oBmF0Ixa1DVBzJ0RHfxBdiSprhTEUxOipakyA\nvGp4z7h/jnZymQyd/teRCBaho1+V\n-----END CERTIFICATE-----\n",
                "is_ca": true,
                "issuer": "CN=AAA Certificate Services,O=Comodo CA Limited,L=Salford,ST=Greater Manchester,C=GB",
                "not_after": "2028-12-31T23:59:59Z",
                "not_before": "2019-03-12T00:00:00Z",
                "public_key_algorithm": "RSA",
                "serial_number": "76359301477803385872276235234032301461",
                "sha1_fingerprint": "d89e3bd43d5d909b47a18977aa9d5ce36cee184c",
                "signature_algorithm": "SHA384-RSA",
                "subject": "CN=USERTrust RSA Certification Authority,O=The USERTRUST Network,L=Jersey City,ST=New Jersey,C=US",
                "version": 3
              },
              {
                "cert_pem": "-----BEGIN CERTIFICATE-----\nMIIG1TCCBL2gAwIBAgIQbFWr29AHksedBwzYEZ7WvzANBgkqhkiG9w0BAQwFADCB\niDELMAkGA1UEBhMCVVMxEzARBgNVBAgTCk5ldyBKZXJzZXkxFDASBgNVBAcTC0pl\ncnNleSBDaXR5MR4wHAYDVQQKExVUaGUgVVNFUlRSVVNUIE5ldHdvcmsxLjAsBgNV\nBAMTJVVTRVJUcnVzdCBSU0EgQ2VydGlmaWNhdGlvbiBBdXRob3JpdHkwHhcNMjAw\nMTMwMDAwMDAwWhcNMzAwMTI5MjM1OTU5WjBLMQswCQYDVQQGEwJBVDEQMA4GA1UE\nChMHWmVyb1NTTDEqMCgGA1UEAxMhWmVyb1NTTCBSU0EgRG9tYWluIFNlY3VyZSBT\naXRlIENBMIICIjANBgkqhkiG9w0BAQEFAAOCAg8AMIICCgKCAgEAhmlzfqO1Mdgj\n4W3dpBPTVBX1AuvcAyG1fl0dUnw/MeueCWzRWTheZ35LVo91kLI3DDVaZKW+TBAs\nJBjEbYmMwcWSTWYCg5334SF0+ctDAsFxsX+rTDh9kSrG/4mp6OShubLaEIUJiZo4\nt873TuSd0Wj5DWt3DtpAG8T35l/v+xrN8ub8PSSoX5Vkgw+jWf4KQtNvUFLDq8mF\nWhUnPL6jHAADXpvs4lTNYwOtx9yQtbpxwSt7QJY1+ICrmRJB6BuKRt/jfDJF9Jsc\nRQVlHIxQdKAJl7oaVnXgDkqtk2qddd3kCDXd74gv813G91z7CjsGyJ93oJIlNS3U\ngFbD6V54JMgZ3rSmotYbz98oZxX7MKbtCm1aJ/q+hTv2YK1yMxrnfcieKmOYBbFD\nhnW5O6RMA703dBK92j6XRN2EttLkQuujZgy+jXRKtaWMIlkNkWJmOiHmErQngHvt\niNkIcjJumq1ddFX4iaTI40a6zgvIBtxFeDs2RfcaH73er7ctNUUqgQT5rFgJhMmF\nx76rQgB5OZUkodb5k2ex7P+Gu4J86bS15094UuYcV09hVeknmTh5Ex9CBKipLS2W\n2wKBakf+aVYnNCU6S0nASqt2xrZpGC1v7v6DhuepyyJtn3qSV2PoBiU5Sql+aARp\nwUibQMGm44gjyNDqDlVp+ShLQlUH9x8CAwEAAaOCAXUwggFxMB8GA1UdIwQYMBaA\nFFN5v1qqK0rPVIDh2JvAnfKyA2bLMB0GA1UdDgQWBBTI2XhootkZaNU9ct5fCj7c\ntYaGpjAOBgNVHQ8BAf8EBAMCAYYwEgYDVR0TAQH/BAgwBgEB/wIBADAdBgNVHSUE\nFjAUBggrBgEFBQcDAQYIKwYBBQUHAwIwIgYDVR0gBBswGTANBgsrBgEEAbIxAQIC\nTjAIBgZngQwBAgEwUAYDVR0fBEkwRzBFoEOgQYY/aHR0cDovL2NybC51c2VydHJ1\nc3QuY29tL1VTRVJUcnVzdFJTQUNlcnRpZmljYXRpb25BdXRob3JpdHkuY3JsMHYG\nCCsGAQUFBwEBBGowaDA/BggrBgEFBQcwAoYzaHR0cDovL2NydC51c2VydHJ1c3Qu\nY29tL1VTRVJUcnVzdFJTQUFkZFRydXN0Q0EuY3J0MCUGCCsGAQUFBzABhhlodHRw\nOi8vb2NzcC51c2VydHJ1c3QuY29tMA0GCSqGSIb3DQEBDAUAA4ICAQAVDwoIzQDV\nercT0eYqZjBNJ8VNWwVFlQOtZERqn5iWnEVaLZZdzxlbvz2Fx0ExUNuUEgYkIVM4\nYocKkCQ7hO5noicoq/DrEYH5IuNcuW1I8JJZ9DLuB1fYvIHlZ2JG46iNbVKA3ygA\nEz86RvDQlt2C494qqPVItRjrz9YlJEGT0DrttyApq0YLFDzf+Z1pkMhh7c+7fXeJ\nqmIhfJpduKc8HEQkYQQShen426S3H0JrIAbKcBCiyYFuOhfyvuwVCFDfFvrjADjd\n4jX1uQXd161IyFRbm89s2Oj5oU1wDYz5sx+hoCuh6lSs+/uPuWomIq3y1GDFNafW\n+LsHBU16lQo5Q2yh25laQsKRgyPmMpHJ98edm6y2sHUabASmRHxvGiuwwE25aDU0\n2SAeepyImJ2CzB80YG7WxlynHqNhpE7xfC7PzQlLgmfEHdU+tHFeQazRQnrFkW2W\nkqRGIq7cKRnyypvjPMkjeiV9lRdAM9fSJvsB3svUuu1coIG1xxI1yegoGM4r5QP4\nRGIVvYaiI76C0djoSbQ/dkIUUXQuB8AL5jyH34g3BZaaXyvpmnV4ilppMXVAnAYG\nON51WhJ6W0xNdNJwzYASZYH+tmCWI+N60Gv2NNMGHwMZ7e9bXgzUCZH5FaBFDGR5\nS9VWqHB73Q+OyIVvIbKYcSc2w/aSuFKGSA==\n-----END CERTIFICATE-----\n",
                "is_ca": true,
                "issuer": "CN=USERTrust RSA Certification Authority,O=The USERTRUST Network,L=Jersey City,ST=New Jersey,C=US",
                "not_after": "2030-01-29T23:59:59Z",
                "not_before": "2020-01-30T00:00:00Z",
                "public_key_algorithm": "RSA",
                "serial_number": "144001454485138227352869355710675080895",
                "sha1_fingerprint": "c81a8bd1f9cf6d84c525f378ca1d3f8c30770e34",
                "signature_algorithm": "SHA384-RSA",
                "subject": "CN=ZeroSSL RSA Domain Secure Site CA,O=ZeroSSL,C=AT",
                "version": 3
              },
              {
                "cert_pem": "-----BEGIN CERTIFICATE-----\nMIIMgTCCCmmgAwIBAgIQGH9k8yiTSCnz+YRFEBeeYTANBgkqhkiG9w0BAQwFADBL\nMQswCQYDVQQGEwJBVDEQMA4GA1UEChMHWmVyb1NTTDEqMCgGA1UEAxMhWmVyb1NT\nTCBSU0EgRG9tYWluIFNlY3VyZSBTaXRlIENBMB4XDTI1MTAyMDAwMDAwMFoXDTI2\nMDExODIzNTk1OVowJTEjMCEGA1UEAxMabG9jYWxob3N0LmxvY2Fsc3RhY2suY2xv\ndWQwggEiMA0GCSqGSIb3DQEBAQUAA4IBDwAwggEKAoIBAQDMmr9reUL8srDOgdtR\nyfTFD/UkmZ+L2cJDHtVvdBv24I2kztidoH6pL+rVk2nIpq++tZQttlknmffwkw5w\nvNsPIdZpn8pgEHVCpWEJt53pWinTbGXz53YV2tzsauctquS9dAqYNnwvwfhTRVzG\nmOr1w+0rwIv8/o+IwTnhfsOE0dCaKQ+zBXuQi5VWV6hk67OEzd22YqGw8sMI1HNV\n+oQPGe8Mw5oUwpC45ToMqTBHivzH0D9HomgsLiPRHABOHdUVRgeEXALOMs6C2JgD\nL7Oc2Gz7X79aycP7RCgbCjj6wokckcNRtSpAlqRCMXYDSbstlDIFYK7bAUjITJJ2\nl9WZAgMBAAGjggiFMIIIgTAfBgNVHSMEGDAWgBTI2XhootkZaNU9ct5fCj7ctYaG\npjAdBgNVHQ4EFgQUauINe5CFy/pEifugzAhTM2zXIeMwDgYDVR0PAQH/BAQDAgWg\nMAwGA1UdEwEB/wQCMAAwEwYDVR0lBAwwCgYIKwYBBQUHAwEwSQYDVR0gBEIwQDA0\nBgsrBgEEAbIxAQICTjAlMCMGCCsGAQUFBwIBFhdodHRwczovL3NlY3RpZ28uY29t\nL0NQUzAIBgZngQwBAgEwgYgGCCsGAQUFBwEBBHwwejBLBggrBgEFBQcwAoY/aHR0\ncDovL3plcm9zc2wuY3J0LnNlY3RpZ28uY29tL1plcm9TU0xSU0FEb21haW5TZWN1\ncmVTaXRlQ0EuY3J0MCsGCCsGAQUFBzABhh9odHRwOi8vemVyb3NzbC5vY3NwLnNl\nY3RpZ28uY29tMIIBAgYKKwYBBAHWeQIEAgSB8wSB8ADuAHUAlpdkv1VYl633Q4do\nNwhCd+nwOtX2pPM2bkakPw/KqcYAAAGaAzk9ugAABAMARjBEAiAqpXdMj3wz5Frl\nlQW83683VsgOO+yKkKRIAvtI8lF6OQIgWBJZXP+ttmOumpbfGYDAde3U2eku3Lvf\n1dmFz1319S4AdQDRbqmlaAd+ZjWgPzel3bwDpTxBEhTUiBj16TGzI8uVBAAAAZoD\nOT42AAAEAwBGMEQCIGniUSIwk9qBtWDqLuVaXzPBw72ZF0S7bERJZZRGMg+TAiAH\n7uAKhXcmqWELPDzMLBRUEu8ssc03a/2QkdvkLZMuqDCCBi4GA1UdEQSCBiUwggYh\nghpsb2NhbGhvc3QubG9jYWxzdGFjay5jbG91ZIInKi5hbXBsaWZ5YXBwLmxvY2Fs\naG9zdC5sb2NhbHN0YWNrLmNsb3VkgicqLmNsb3VkZnJvbnQubG9jYWxob3N0Lmxv\nY2Fsc3RhY2suY2xvdWSCMSouZGtyLmVjci5ldS1jZW50cmFsLTEubG9jYWxob3N0\nLmxvY2Fsc3RhY2suY2xvdWSCLiouZGtyLmVjci5ldS13ZXN0LTEubG9jYWxob3N0\nLmxvY2Fsc3RhY2suY2xvdWSCLiouZGtyLmVjci51cy1lYXN0LTEubG9jYWxob3N0\nLmxvY2Fsc3RhY2suY2xvdWSCLiouZGtyLmVjci51cy1lYXN0LTIubG9jYWxob3N0\nLmxvY2Fsc3RhY2suY2xvdWSCLiouZGtyLmVjci51cy13ZXN0LTEubG9jYWxob3N0\nLmxvY2Fsc3RhY2suY2xvdWSCLiouZGtyLmVjci51cy13ZXN0LTIubG9jYWxob3N0\nLmxvY2Fsc3RhY2suY2xvdWSCICouZWxiLmxvY2FsaG9zdC5sb2NhbHN0YWNrLmNs\nb3VkgjQqLmV1LWNlbnRyYWwtMS5vcGVuc2VhcmNoLmxvY2FsaG9zdC5sb2NhbHN0\nYWNrLmNsb3VkgjEqLmV1LXdlc3QtMS5vcGVuc2VhcmNoLmxvY2FsaG9zdC5sb2Nh\nbHN0YWNrLmNsb3VkgigqLmV4ZWN1dGUtYXBpLmxvY2FsaG9zdC5sb2NhbHN0YWNr\nLmNsb3VkgjQqLmxhbWJkYS11cmwuZXUtY2VudHJhbC0xLmxvY2FsaG9zdC5sb2Nh\nbHN0YWNrLmNsb3VkgjEqLmxhbWJkYS11cmwuZXUtd2VzdC0xLmxvY2FsaG9zdC5s\nb2NhbHN0YWNrLmNsb3VkgjEqLmxhbWJkYS11cmwudXMtZWFzdC0xLmxvY2FsaG9z\ndC5sb2NhbHN0YWNrLmNsb3VkgjEqLmxhbWJkYS11cmwudXMtZWFzdC0yLmxvY2Fs\naG9zdC5sb2NhbHN0YWNrLmNsb3VkgjEqLmxhbWJkYS11cmwudXMtd2VzdC0xLmxv\nY2FsaG9zdC5sb2NhbHN0YWNrLmNsb3VkgjEqLmxhbWJkYS11cmwudXMtd2VzdC0y\nLmxvY2FsaG9zdC5sb2NhbHN0YWNrLmNsb3VkghwqLmxvY2FsaG9zdC5sb2NhbHN0\nYWNrLmNsb3VkgicqLm9wZW5zZWFyY2gubG9jYWxob3N0LmxvY2Fsc3RhY2suY2xv\ndWSCJyouczMtd2Vic2l0ZS5sb2NhbGhvc3QubG9jYWxzdGFjay5jbG91ZIIfKi5z\nMy5sb2NhbGhvc3QubG9jYWxzdGFjay5jbG91ZIIgKi5zY20ubG9jYWxob3N0Lmxv\nY2Fsc3RhY2suY2xvdWSCJiouc25vd2ZsYWtlLmxvY2FsaG9zdC5sb2NhbHN0YWNr\nLmNsb3VkgjEqLnVzLWVhc3QtMS5vcGVuc2VhcmNoLmxvY2FsaG9zdC5sb2NhbHN0\nYWNrLmNsb3VkgjEqLnVzLWVhc3QtMi5vcGVuc2VhcmNoLmxvY2FsaG9zdC5sb2Nh\nbHN0YWNrLmNsb3VkgjEqLnVzLXdlc3QtMS5vcGVuc2VhcmNoLmxvY2FsaG9zdC5s\nb2NhbHN0YWNrLmNsb3VkgjEqLnVzLXdlc3QtMi5vcGVuc2VhcmNoLmxvY2FsaG9z\ndC5sb2NhbHN0YWNrLmNsb3VkgitzcXMuZXUtY2VudHJhbC0xLmxvY2FsaG9zdC5s\nb2NhbHN0YWNrLmNsb3VkgihzcXMuZXUtd2VzdC0xLmxvY2FsaG9zdC5sb2NhbHN0\nYWNrLmNsb3VkgihzcXMudXMtZWFzdC0xLmxvY2FsaG9zdC5sb2NhbHN0YWNrLmNs\nb3VkgihzcXMudXMtZWFzdC0yLmxvY2FsaG9zdC5sb2NhbHN0YWNrLmNsb3Vkgihz\ncXMudXMtd2VzdC0xLmxvY2FsaG9zdC5sb2NhbHN0YWNrLmNsb3VkgihzcXMudXMt\nd2VzdC0yLmxvY2FsaG9zdC5sb2NhbHN0YWNrLmNsb3VkMA0GCSqGSIb3DQEBDAUA\nA4ICAQAIzYv0vBVM/SkuXOF50FbvFnB6O0Gd1pQxkj5SpQ2K8XmHaNMNPxE4cW9D\netFcG4QhyvKFmF6CWJQKSVD/GCtTNIIYWPBKVbVFpTP0y5WwHlpMoz/xA/tiDQ3A\nXkydetGb5HeGY+nCCfJwUmDCMPkOzL8E5NgBXB8CQgqVxyoCOg0nuU1l0/vCHVdz\n+nQUbKkLNtGZC/bPORAVieyhESJlJY47giMzZ1D8tT0Zi7EKJ8mVyeZQPLC+VLUj\nTfudBpx4GoKJ3g2u//pQ1B+wa16O0t5AaqFwmowzkJOIv6ovxLoeG73BzaSpIKe3\n9lF+WmzPiqHmOZUIjaNDgf4PR+Cp5XjiIcRwA6Bk/Gx2jW1ov5IXXh86IBNBBxiR\n+H3J9fUQbsvCzqthKpNbepMDFlcFa9AP+3JWXKlPAPtGOoXv8URf9c2AEAkirBKP\nUMdXNDiLco+7+qSeiau8npkwkUayPvuQBlxY7L2IKV3k6luV8wMoasgotJxbc4Og\nBmXHQaBLlshGKRxJ+piD/sue5XIxCAvKwv4Z9dEtltBt+qifsMolLZP7Rbxv13e7\n8VX0QYPtviRKnh7NlothNTOd7EJ2rjfWMtx5jEkEIpAB/C94HeEX9YAMa0DJVLsc\n0cbdR181k3CTsWm/8KdvPNL/zUXal2UE+8wpH1XywYB1MhmQTA==\n-----END CERTIFICATE-----\n",
                "is_ca": false,
                "issuer": "CN=ZeroSSL RSA Domain Secure Site CA,O=ZeroSSL,C=AT",
                "not_after": "2026-01-18T23:59:59Z",
                "not_before": "2025-10-20T00:00:00Z",
                "public_key_algorithm": "RSA",
                "serial_number": "32562941105833213464411827363642842721",
                "sha1_fingerprint": "6a4db247d0e27cfc7e4383ba1ce7ace6eded5fb3",
                "signature_algorithm": "SHA384-RSA",
                "subject": "CN=localhost.localstack.cloud",
                "version": 3
              }
            ],
            "content": null,
            "id": "3c4427613a26201275a01d28324652a9f32b0f0e",
            "url": "https://localhost.localstack.cloud:4511",
            "verify_chain": true
          },
          "sensitive_attributes": []
        }
      ]
    },
    {
      "module": "module.compute.module.eks",
      "mode": "managed",
      "type": "aws_cloudwatch_log_group",
      "name": "this",
      "provider": "provider[\"registry.terraform.io/hashicorp/aws\"]",
      "instances": [
        {
          "index_key": 0,
          "schema_version": 0,
          "attributes": {
            "arn": "arn:aws:logs:us-east-1:000000000000:log-group:/aws/eks/backend-cluster/cluster",
            "id": "/aws/eks/backend-cluster/cluster",
            "kms_key_id": "",
            "log_group_class": "STANDARD",
            "name": "/aws/eks/backend-cluster/cluster",
            "name_prefix": "",
            "retention_in_days": 90,
            "skip_destroy": false,
            "tags": {
              "Name": "/aws/eks/backend-cluster/cluster"
            },
            "tags_all": {
              "Name": "/aws/eks/backend-cluster/cluster"
            }
          },
          "sensitive_attributes": [],
          "private": "bnVsbA==",
          "create_before_destroy": true
        }
      ]
    },
    {
      "module": "module.compute.module.eks",
      "mode": "managed",
      "type": "aws_eks_cluster",
      "name": "this",
      "provider": "provider[\"registry.terraform.io/hashicorp/aws\"]",
      "instances": [
        {
          "index_key": 0,
          "schema_version": 1,
          "attributes": {
            "access_config": [],
            "arn": "arn:aws:eks:us-east-1:000000000000:cluster/backend-cluster",
            "bootstrap_self_managed_addons": true,
            "certificate_authority": [
              {
                "data": "LS0tLS1CRUdJTiBDRVJUSUZJQ0FURS0tLS0tCk1JSU1nVENDQ21tZ0F3SUJBZ0lRR0g5azh5aVRTQ256K1lSRkVCZWVZVEFOQmdrcWhraUc5dzBCQVF3RkFEQkwKTVFzd0NRWURWUVFHRXdKQlZERVFNQTRHQTFVRUNoTUhXbVZ5YjFOVFRERXFNQ2dHQTFVRUF4TWhXbVZ5YjFOVApUQ0JTVTBFZ1JHOXRZV2x1SUZObFkzVnlaU0JUYVhSbElFTkJNQjRYRFRJMU1UQXlNREF3TURBd01Gb1hEVEkyCk1ERXhPREl6TlRrMU9Wb3dKVEVqTUNFR0ExVUVBeE1hYkc5allXeG9iM04wTG14dlkyRnNjM1JoWTJzdVkyeHYKZFdRd2dnRWlNQTBHQ1NxR1NJYjNEUUVCQVFVQUE0SUJEd0F3Z2dFS0FvSUJBUURNbXI5cmVVTDhzckRPZ2R0Ugp5ZlRGRC9Va21aK0wyY0pESHRWdmRCdjI0STJrenRpZG9INnBMK3JWazJuSXBxKyt0WlF0dGxrbm1mZndrdzV3CnZOc1BJZFpwbjhwZ0VIVkNwV0VKdDUzcFdpblRiR1h6NTNZVjJ0enNhdWN0cXVTOWRBcVlObnd2d2ZoVFJWekcKbU9yMXcrMHJ3SXY4L28rSXdUbmhmc09FMGRDYUtRK3pCWHVRaTVWV1Y2aGs2N09FemQyMllxR3c4c01JMUhOVgorb1FQR2U4TXc1b1V3cEM0NVRvTXFUQkhpdnpIMEQ5SG9tZ3NMaVBSSEFCT0hkVVZSZ2VFWEFMT01zNkMySmdECkw3T2MyR3o3WDc5YXljUDdSQ2diQ2pqNndva2NrY05SdFNwQWxxUkNNWFlEU2JzdGxESUZZSzdiQVVqSVRKSjIKbDlXWkFnTUJBQUdqZ2dpRk1JSUlnVEFmQmdOVkhTTUVHREFXZ0JUSTJYaG9vdGtaYU5VOWN0NWZDajdjdFlhRwpwakFkQmdOVkhRNEVGZ1FVYXVJTmU1Q0Z5L3BFaWZ1Z3pBaFRNMnpYSWVNd0RnWURWUjBQQVFIL0JBUURBZ1dnCk1Bd0dBMVVkRXdFQi93UUNNQUF3RXdZRFZSMGxCQXd3Q2dZSUt3WUJCUVVIQXdFd1NRWURWUjBnQkVJd1FEQTAKQmdzckJnRUVBYkl4QVFJQ1RqQWxNQ01HQ0NzR0FRVUZCd0lCRmhkb2RIUndjem92TDNObFkzUnBaMjh1WTI5dApMME5RVXpBSUJnWm5nUXdCQWdFd2dZZ0dDQ3NHQVFVRkJ3RUJCSHd3ZWpCTEJnZ3JCZ0VGQlFjd0FvWS9hSFIwCmNEb3ZMM3BsY205emMyd3VZM0owTG5ObFkzUnBaMjh1WTI5dEwxcGxjbTlUVTB4U1UwRkViMjFoYVc1VFpXTjEKY21WVGFYUmxRMEV1WTNKME1Dc0dDQ3NHQVFVRkJ6QUJoaDlvZEhSd09pOHZlbVZ5YjNOemJDNXZZM053TG5ObApZM1JwWjI4dVkyOXRNSUlCQWdZS0t3WUJCQUhXZVFJRUFnU0I4d1NCOEFEdUFIVUFscGRrdjFWWWw2MzNRNGRvCk53aENkK253T3RYMnBQTTJia2FrUHcvS3FjWUFBQUdhQXprOXVnQUFCQU1BUmpCRUFpQXFwWGRNajN3ejVGcmwKbFFXODM2ODNWc2dPTyt5S2tLUklBdnRJOGxGNk9RSWdXQkpaWFArdHRtT3VtcGJmR1lEQWRlM1UyZWt1M0x2ZgoxZG1GejEzMTlTNEFkUURSYnFtbGFBZCtaaldnUHplbDNid0RwVHhCRWhUVWlCajE2VEd6STh1VkJBQUFBWm9ECk9UNDJBQUFFQXdCR01FUUNJR25pVVNJd2s5cUJ0V0RxTHVWYVh6UEJ3NzJaRjBTN2JFUkpaWlJHTWcrVEFpQUgKN3VBS2hYY21xV0VMUER6TUxCUlVFdThzc2MwM2EvMlFrZHZrTFpNdXFEQ0NCaTRHQTFVZEVRU0NCaVV3Z2dZaApnaHBzYjJOaGJHaHZjM1F1Ykc5allXeHpkR0ZqYXk1amJHOTFaSUluS2k1aGJYQnNhV1o1WVhCd0xteHZZMkZzCmFHOXpkQzVzYjJOaGJITjBZV05yTG1Oc2IzVmtnaWNxTG1Oc2IzVmtabkp2Ym5RdWJHOWpZV3hvYjNOMExteHYKWTJGc2MzUmhZMnN1WTJ4dmRXU0NNU291Wkd0eUxtVmpjaTVsZFMxalpXNTBjbUZzTFRFdWJHOWpZV3hvYjNOMApMbXh2WTJGc2MzUmhZMnN1WTJ4dmRXU0NMaW91Wkd0eUxtVmpjaTVsZFMxM1pYTjBMVEV1Ykc5allXeG9iM04wCkxteHZZMkZzYzNSaFkyc3VZMnh2ZFdTQ0xpb3VaR3R5TG1WamNpNTFjeTFsWVhOMExURXViRzlqWVd4b2IzTjAKTG14dlkyRnNjM1JoWTJzdVkyeHZkV1NDTGlvdVpHdHlMbVZqY2k1MWN5MWxZWE4wTFRJdWJHOWpZV3hvYjNOMApMbXh2WTJGc2MzUmhZMnN1WTJ4dmRXU0NMaW91Wkd0eUxtVmpjaTUxY3kxM1pYTjBMVEV1Ykc5allXeG9iM04wCkxteHZZMkZzYzNSaFkyc3VZMnh2ZFdTQ0xpb3VaR3R5TG1WamNpNTFjeTEzWlhOMExUSXViRzlqWVd4b2IzTjAKTG14dlkyRnNjM1JoWTJzdVkyeHZkV1NDSUNvdVpXeGlMbXh2WTJGc2FHOXpkQzVzYjJOaGJITjBZV05yTG1OcwpiM1ZrZ2pRcUxtVjFMV05sYm5SeVlXd3RNUzV2Y0dWdWMyVmhjbU5vTG14dlkyRnNhRzl6ZEM1c2IyTmhiSE4wCllXTnJMbU5zYjNWa2dqRXFMbVYxTFhkbGMzUXRNUzV2Y0dWdWMyVmhjbU5vTG14dlkyRnNhRzl6ZEM1c2IyTmgKYkhOMFlXTnJMbU5zYjNWa2dpZ3FMbVY0WldOMWRHVXRZWEJwTG14dlkyRnNhRzl6ZEM1c2IyTmhiSE4wWVdOcgpMbU5zYjNWa2dqUXFMbXhoYldKa1lTMTFjbXd1WlhVdFkyVnVkSEpoYkMweExteHZZMkZzYUc5emRDNXNiMk5oCmJITjBZV05yTG1Oc2IzVmtnakVxTG14aGJXSmtZUzExY213dVpYVXRkMlZ6ZEMweExteHZZMkZzYUc5emRDNXMKYjJOaGJITjBZV05yTG1Oc2IzVmtnakVxTG14aGJXSmtZUzExY213dWRYTXRaV0Z6ZEMweExteHZZMkZzYUc5egpkQzVzYjJOaGJITjBZV05yTG1Oc2IzVmtnakVxTG14aGJXSmtZUzExY213dWRYTXRaV0Z6ZEMweUxteHZZMkZzCmFHOXpkQzVzYjJOaGJITjBZV05yTG1Oc2IzVmtnakVxTG14aGJXSmtZUzExY213dWRYTXRkMlZ6ZEMweExteHYKWTJGc2FHOXpkQzVzYjJOaGJITjBZV05yTG1Oc2IzVmtnakVxTG14aGJXSmtZUzExY213dWRYTXRkMlZ6ZEMweQpMbXh2WTJGc2FHOXpkQzVzYjJOaGJITjBZV05yTG1Oc2IzVmtnaHdxTG14dlkyRnNhRzl6ZEM1c2IyTmhiSE4wCllXTnJMbU5zYjNWa2dpY3FMbTl3Wlc1elpXRnlZMmd1Ykc5allXeG9iM04wTG14dlkyRnNjM1JoWTJzdVkyeHYKZFdTQ0p5b3Vjek10ZDJWaWMybDBaUzVzYjJOaGJHaHZjM1F1Ykc5allXeHpkR0ZqYXk1amJHOTFaSUlmS2k1egpNeTVzYjJOaGJHaHZjM1F1Ykc5allXeHpkR0ZqYXk1amJHOTFaSUlnS2k1elkyMHViRzlqWVd4b2IzTjBMbXh2ClkyRnNjM1JoWTJzdVkyeHZkV1NDSmlvdWMyNXZkMlpzWVd0bExteHZZMkZzYUc5emRDNXNiMk5oYkhOMFlXTnIKTG1Oc2IzVmtnakVxTG5WekxXVmhjM1F0TVM1dmNHVnVjMlZoY21Ob0xteHZZMkZzYUc5emRDNXNiMk5oYkhOMApZV05yTG1Oc2IzVmtnakVxTG5WekxXVmhjM1F0TWk1dmNHVnVjMlZoY21Ob0xteHZZMkZzYUc5emRDNXNiMk5oCmJITjBZV05yTG1Oc2IzVmtnakVxTG5WekxYZGxjM1F0TVM1dmNHVnVjMlZoY21Ob0xteHZZMkZzYUc5emRDNXMKYjJOaGJITjBZV05yTG1Oc2IzVmtnakVxTG5WekxYZGxjM1F0TWk1dmNHVnVjMlZoY21Ob0xteHZZMkZzYUc5egpkQzVzYjJOaGJITjBZV05yTG1Oc2IzVmtnaXR6Y1hNdVpYVXRZMlZ1ZEhKaGJDMHhMbXh2WTJGc2FHOXpkQzVzCmIyTmhiSE4wWVdOckxtTnNiM1ZrZ2loemNYTXVaWFV0ZDJWemRDMHhMbXh2WTJGc2FHOXpkQzVzYjJOaGJITjAKWVdOckxtTnNiM1ZrZ2loemNYTXVkWE10WldGemRDMHhMbXh2WTJGc2FHOXpkQzVzYjJOaGJITjBZV05yTG1OcwpiM1ZrZ2loemNYTXVkWE10WldGemRDMHlMbXh2WTJGc2FHOXpkQzVzYjJOaGJITjBZV05yTG1Oc2IzVmtnaWh6CmNYTXVkWE10ZDJWemRDMHhMbXh2WTJGc2FHOXpkQzVzYjJOaGJITjBZV05yTG1Oc2IzVmtnaWh6Y1hNdWRYTXQKZDJWemRDMHlMbXh2WTJGc2FHOXpkQzVzYjJOaGJITjBZV05yTG1Oc2IzVmtNQTBHQ1NxR1NJYjNEUUVCREFVQQpBNElDQVFBSXpZdjB2QlZNL1NrdVhPRjUwRmJ2Rm5CNk8wR2QxcFF4a2o1U3BRMks4WG1IYU5NTlB4RTRjVzlECmV0RmNHNFFoeXZLRm1GNkNXSlFLU1ZEL0dDdFROSUlZV1BCS1ZiVkZwVFAweTVXd0hscE1vei94QS90aURRM0EKWGt5ZGV0R2I1SGVHWStuQ0NmSndVbURDTVBrT3pMOEU1TmdCWEI4Q1FncVZ4eW9DT2cwbnVVMWwwL3ZDSFZkegorblFVYktrTE50R1pDL2JQT1JBVmlleWhFU0psSlk0N2dpTXpaMUQ4dFQwWmk3RUtKOG1WeWVaUVBMQytWTFVqClRmdWRCcHg0R29LSjNnMnUvL3BRMUIrd2ExNk8wdDVBYXFGd21vd3prSk9JdjZvdnhMb2VHNzNCemFTcElLZTMKOWxGK1dtelBpcUhtT1pVSWphTkRnZjRQUitDcDVYamlJY1J3QTZCay9HeDJqVzFvdjVJWFhoODZJQk5CQnhpUgorSDNKOWZVUWJzdkN6cXRoS3BOYmVwTURGbGNGYTlBUCszSldYS2xQQVB0R09vWHY4VVJmOWMyQUVBa2lyQktQClVNZFhORGlMY28rNytxU2VpYXU4bnBrd2tVYXlQdnVRQmx4WTdMMklLVjNrNmx1Vjh3TW9hc2dvdEp4YmM0T2cKQm1YSFFhQkxsc2hHS1J4SitwaUQvc3VlNVhJeENBdkt3djRaOWRFdGx0QnQrcWlmc01vbExaUDdSYnh2MTNlNwo4VlgwUVlQdHZpUktuaDdObG90aE5UT2Q3RUoycmpmV010eDVqRWtFSXBBQi9DOTRIZUVYOVlBTWEwREpWTHNjCjBjYmRSMTgxazNDVHNXbS84S2R2UE5ML3pVWGFsMlVFKzh3cEgxWHl3WUIxTWhtUVRBPT0KLS0tLS1FTkQgQ0VSVElGSUNBVEUtLS0tLQotLS0tLUJFR0lOIENFUlRJRklDQVRFLS0tLS0KTUlJRzFUQ0NCTDJnQXdJQkFnSVFiRldyMjlBSGtzZWRCd3pZRVo3V3Z6QU5CZ2txaGtpRzl3MEJBUXdGQURDQgppREVMTUFrR0ExVUVCaE1DVlZNeEV6QVJCZ05WQkFnVENrNWxkeUJLWlhKelpYa3hGREFTQmdOVkJBY1RDMHBsCmNuTmxlU0JEYVhSNU1SNHdIQVlEVlFRS0V4VlVhR1VnVlZORlVsUlNWVk5VSUU1bGRIZHZjbXN4TGpBc0JnTlYKQkFNVEpWVlRSVkpVY25WemRDQlNVMEVnUTJWeWRHbG1hV05oZEdsdmJpQkJkWFJvYjNKcGRIa3dIaGNOTWpBdwpNVE13TURBd01EQXdXaGNOTXpBd01USTVNak0xT1RVNVdqQkxNUXN3Q1FZRFZRUUdFd0pCVkRFUU1BNEdBMVVFCkNoTUhXbVZ5YjFOVFRERXFNQ2dHQTFVRUF4TWhXbVZ5YjFOVFRDQlNVMEVnUkc5dFlXbHVJRk5sWTNWeVpTQlQKYVhSbElFTkJNSUlDSWpBTkJna3Foa2lHOXcwQkFRRUZBQU9DQWc4QU1JSUNDZ0tDQWdFQWhtbHpmcU8xTWRnago0VzNkcEJQVFZCWDFBdXZjQXlHMWZsMGRVbncvTWV1ZUNXelJXVGhlWjM1TFZvOTFrTEkzRERWYVpLVytUQkFzCkpCakViWW1Nd2NXU1RXWUNnNTMzNFNGMCtjdERBc0Z4c1grclREaDlrU3JHLzRtcDZPU2h1YkxhRUlVSmlabzQKdDg3M1R1U2QwV2o1RFd0M0R0cEFHOFQzNWwvdit4ck44dWI4UFNTb1g1VmtndytqV2Y0S1F0TnZVRkxEcThtRgpXaFVuUEw2akhBQURYcHZzNGxUTll3T3R4OXlRdGJweHdTdDdRSlkxK0lDcm1SSkI2QnVLUnQvamZESkY5SnNjClJRVmxISXhRZEtBSmw3b2FWblhnRGtxdGsycWRkZDNrQ0RYZDc0Z3Y4MTNHOTF6N0Nqc0d5Sjkzb0pJbE5TM1UKZ0ZiRDZWNTRKTWdaM3JTbW90WWJ6OThvWnhYN01LYnRDbTFhSi9xK2hUdjJZSzF5TXhybmZjaWVLbU9ZQmJGRApoblc1TzZSTUE3MDNkQks5Mmo2WFJOMkV0dExrUXV1alpneStqWFJLdGFXTUlsa05rV0ptT2lIbUVyUW5nSHZ0CmlOa0ljakp1bXExZGRGWDRpYVRJNDBhNnpndklCdHhGZURzMlJmY2FINzNlcjdjdE5VVXFnUVQ1ckZnSmhNbUYKeDc2clFnQjVPWlVrb2RiNWsyZXg3UCtHdTRKODZiUzE1MDk0VXVZY1YwOWhWZWtubVRoNUV4OUNCS2lwTFMyVwoyd0tCYWtmK2FWWW5OQ1U2UzBuQVNxdDJ4clpwR0Mxdjd2NkRodWVweXlKdG4zcVNWMlBvQmlVNVNxbCthQVJwCndVaWJRTUdtNDRnanlORHFEbFZwK1NoTFFsVUg5eDhDQXdFQUFhT0NBWFV3Z2dGeE1COEdBMVVkSXdRWU1CYUEKRkZONXYxcXFLMHJQVklEaDJKdkFuZkt5QTJiTE1CMEdBMVVkRGdRV0JCVEkyWGhvb3RrWmFOVTljdDVmQ2o3Ywp0WWFHcGpBT0JnTlZIUThCQWY4RUJBTUNBWVl3RWdZRFZSMFRBUUgvQkFnd0JnRUIvd0lCQURBZEJnTlZIU1VFCkZqQVVCZ2dyQmdFRkJRY0RBUVlJS3dZQkJRVUhBd0l3SWdZRFZSMGdCQnN3R1RBTkJnc3JCZ0VFQWJJeEFRSUMKVGpBSUJnWm5nUXdCQWdFd1VBWURWUjBmQkVrd1J6QkZvRU9nUVlZL2FIUjBjRG92TDJOeWJDNTFjMlZ5ZEhKMQpjM1F1WTI5dEwxVlRSVkpVY25WemRGSlRRVU5sY25ScFptbGpZWFJwYjI1QmRYUm9iM0pwZEhrdVkzSnNNSFlHCkNDc0dBUVVGQndFQkJHb3dhREEvQmdnckJnRUZCUWN3QW9ZemFIUjBjRG92TDJOeWRDNTFjMlZ5ZEhKMWMzUXUKWTI5dEwxVlRSVkpVY25WemRGSlRRVUZrWkZSeWRYTjBRMEV1WTNKME1DVUdDQ3NHQVFVRkJ6QUJoaGxvZEhSdwpPaTh2YjJOemNDNTFjMlZ5ZEhKMWMzUXVZMjl0TUEwR0NTcUdTSWIzRFFFQkRBVUFBNElDQVFBVkR3b0l6UURWCmVyY1QwZVlxWmpCTko4Vk5Xd1ZGbFFPdFpFUnFuNWlXbkVWYUxaWmR6eGxidnoyRngwRXhVTnVVRWdZa0lWTTQKWW9jS2tDUTdoTzVub2ljb3EvRHJFWUg1SXVOY3VXMUk4SkpaOURMdUIxZll2SUhsWjJKRzQ2aU5iVktBM3lnQQpFejg2UnZEUWx0MkM0OTRxcVBWSXRSanJ6OVlsSkVHVDBEcnR0eUFwcTBZTEZEemYrWjFwa01oaDdjKzdmWGVKCnFtSWhmSnBkdUtjOEhFUWtZUVFTaGVuNDI2UzNIMEpySUFiS2NCQ2l5WUZ1T2hmeXZ1d1ZDRkRmRnZyakFEamQKNGpYMXVRWGQxNjFJeUZSYm04OXMyT2o1b1Uxd0RZejVzeCtob0N1aDZsU3MrL3VQdVdvbUlxM3kxR0RGTmFmVworTHNIQlUxNmxRbzVRMnloMjVsYVFzS1JneVBtTXBISjk4ZWRtNnkyc0hVYWJBU21SSHh2R2l1d3dFMjVhRFUwCjJTQWVlcHlJbUoyQ3pCODBZRzdXeGx5bkhxTmhwRTd4ZkM3UHpRbExnbWZFSGRVK3RIRmVRYXpSUW5yRmtXMlcKa3FSR0lxN2NLUm55eXB2alBNa2plaVY5bFJkQU05ZlNKdnNCM3N2VXV1MWNvSUcxeHhJMXllZ29HTTRyNVFQNApSR0lWdllhaUk3NkMwZGpvU2JRL2RrSVVVWFF1QjhBTDVqeUgzNGczQlphYVh5dnBtblY0aWxwcE1YVkFuQVlHCk9ONTFXaEo2VzB4TmROSnd6WUFTWllIK3RtQ1dJK042MEd2Mk5OTUdId01aN2U5YlhnelVDWkg1RmFCRkRHUjUKUzlWV3FIQjczUStPeUlWdkliS1ljU2Mydy9hU3VGS0dTQT09Ci0tLS0tRU5EIENFUlRJRklDQVRFLS0tLS0KLS0tLS1CRUdJTiBDRVJUSUZJQ0FURS0tLS0tCk1JSUZnVENDQkdtZ0F3SUJBZ0lRT1hKRU92a2l0MUhYMDJ3UTNURTFsVEFOQmdrcWhraUc5dzBCQVF3RkFEQjcKTVFzd0NRWURWUVFHRXdKSFFqRWJNQmtHQTFVRUNBd1NSM0psWVhSbGNpQk5ZVzVqYUdWemRHVnlNUkF3RGdZRApWUVFIREFkVFlXeG1iM0prTVJvd0dBWURWUVFLREJGRGIyMXZaRzhnUTBFZ1RHbHRhWFJsWkRFaE1COEdBMVVFCkF3d1lRVUZCSUVObGNuUnBabWxqWVhSbElGTmxjblpwWTJWek1CNFhEVEU1TURNeE1qQXdNREF3TUZvWERUSTQKTVRJek1USXpOVGsxT1Zvd2dZZ3hDekFKQmdOVkJBWVRBbFZUTVJNd0VRWURWUVFJRXdwT1pYY2dTbVZ5YzJWNQpNUlF3RWdZRFZRUUhFd3RLWlhKelpYa2dRMmwwZVRFZU1Cd0dBMVVFQ2hNVlZHaGxJRlZUUlZKVVVsVlRWQ0JPClpYUjNiM0pyTVM0d0xBWURWUVFERXlWVlUwVlNWSEoxYzNRZ1VsTkJJRU5sY25ScFptbGpZWFJwYjI0Z1FYVjAKYUc5eWFYUjVNSUlDSWpBTkJna3Foa2lHOXcwQkFRRUZBQU9DQWc4QU1JSUNDZ0tDQWdFQWdCSmxGellPdzlzSQpzOUNzVncxMjdjMG4wMHl0VUlOaDRxb2dUUWt0WkFuY3pvbWZ6RDJwN1BiUHdkengwN0hXZXpjb0VTdEgyam5HCnZEb1p0RittdlgyZG8yTkN0bmJ5cVRzcmtmamliOURzRmlDUUNUN2k2SFRKR0xTUjFHSmsyMytqQnZHSUdHcVEKSWp5OC9oUHdoeFI3OXVRZmp0VGtVY1lSWjBZSVVjdUdGRlEvdkRQK2ZteWMveGFkR0wxUmpqV21wMmJJY21mYgpJV2F4MUp0NEE4QlFPdWpNOE55OG5reityd1dXTlI5WFdyZi96dms5dHl5MjlsVGR5T2NTT2sydVRJcTNYSnEwCnR5QTl5bjhpTks1K08yaG1BVVRuQVU1R1U1c3pZUGVVdmxNM2tITkQ4ekxEVSsvYnF2NTBUbW5IYTR4Z2s5N0UKeHd6ZjRUS3V6Sk03VVhpVlo0dnVQVmIrRE5CcER4c1A4eVVtYXpOdDkyNUgrbk5ENVg0T3BXYXhLWHd5aEdOVgppY1FOd1pOVU1Ca1RyTk45TjZmclhUcHNOVnpiUWRjUzJxbEpDOS9ZZ0lvSmsyS090V2JQSllqTmhMaXhQNlE1CkQ5a0NudXNTVEpWODgyc0ZxVjRXZzh5NForTG9FNTNNVzRMVFRMUHRXLy9lNVhPc0l6c3RBTDgxVlhRSlNkaEoKV0JwL2tqYm1VWklPOHlaOUhFMFh2TW5zUXliUXYwRmZRS2xFUlBTWjUxZUhubEFmVjFTb1B2MTBZeSt4VUdVSgo1bGhDTGtNYVRMVHdKVWRaK2dRZWs5UW1Sa3BRZ2JMZXZuaTMvR2NWNGNsWGhCNFBZOWJwWXJyV1gxVXU2bHpHCktBZ0VKVG00RGl1cDhreVhIQWMvRFZMMTdlOHZnZzhDQXdFQUFhT0I4akNCN3pBZkJnTlZIU01FR0RBV2dCU2cKRVFvalBwYnhCK3ppcnludmdxVi8wRENrdERBZEJnTlZIUTRFRmdRVVUzbS9XcW9yU3M5VWdPSFltOENkOHJJRApac3N3RGdZRFZSMFBBUUgvQkFRREFnR0dNQThHQTFVZEV3RUIvd1FGTUFNQkFmOHdFUVlEVlIwZ0JBb3dDREFHCkJnUlZIU0FBTUVNR0ExVWRId1E4TURvd09LQTJvRFNHTW1oMGRIQTZMeTlqY213dVkyOXRiMlJ2WTJFdVkyOXQKTDBGQlFVTmxjblJwWm1sallYUmxVMlZ5ZG1salpYTXVZM0pzTURRR0NDc0dBUVVGQndFQkJDZ3dKakFrQmdncgpCZ0VGQlFjd0FZWVlhSFIwY0RvdkwyOWpjM0F1WTI5dGIyUnZZMkV1WTI5dE1BMEdDU3FHU0liM0RRRUJEQVVBCkE0SUJBUUFZaDFIY2RDRTluSXJnSjdjejBDN003UERteTE0UjNpSnZtM1dPbm5MKzVOYitxaCtjbGkzdkEwcCsKcnZTTmIzSThRenZBUCt1NDMxeXFxY2F1OHZ6WTdxTjdRL2FHTm53VTRNMzA5ei8rM3JpMGl2Q1Jsdjc5UTJSKwovY3pTQWFGOWZmZ1pHY2xDS3hPL1dJdTZwS0ptQkhhSWtVNE1pUlRPb2szSk1yTzY2QlFhdkhIeFcvQkJDNWdBCkNpSURFT1VNc2ZuTmtqY1o3VHZ4NURxMitVVVRKbld2dTZydlAzdDNPOUxFQXBFOUdRRFRGMXc1Mno5N0dBMUYKelpPRmxpOWQzMWtXVHo5UnZkVkZHRC90U283b0JtRjBJeGExRFZCekowUkhmeEJkaVNwcmhURVV4T2lwYWt5QQp2R3A0ejdoL2puWnltUXlkL3RlUkNCYWhvMStWCi0tLS0tRU5EIENFUlRJRklDQVRFLS0tLS0="
              }
            ],
            "cluster_id": null,
            "compute_config": [],
            "created_at": "2026-01-12T02:39:35Z",
            "enabled_cluster_log_types": [
              "api",
              "audit",
              "authenticator"
            ],
            "encryption_config": [
              {
                "provider": [
                  {
                    "key_arn": "arn:aws:kms:us-east-1:000000000000:key/4b05d9a5-f7cb-4b76-9b8b-436b63d59f33"
                  }
                ],
                "resources": [
                  "secrets"
                ]
              }
            ],
            "endpoint": "https://localhost.localstack.cloud:4511",
            "force_update_version": null,
            "id": "backend-cluster",
            "identity": [
              {
                "oidc": [
                  {
                    "issuer": "https://localhost.localstack.cloud:4511"
                  }
                ]
              }
            ],
            "kubernetes_network_config": [
              {
                "elastic_load_balancing": [
                  {
                    "enabled": false
                  }
                ],
                "ip_family": "ipv4",
                "service_ipv4_cidr": "10.100.0.0/16",
                "service_ipv6_cidr": ""
              }
            ],
            "name": "backend-cluster",
            "outpost_config": [],
            "platform_version": "eks.49",
            "remote_network_config": [],
            "role_arn": "arn:aws:iam::000000000000:role/backend-cluster-cluster-20260112023924158000000003",
            "status": "ACTIVE",
            "storage_config": [],
            "tags": {},
            "tags_all": {},
            "timeouts": {
              "create": null,
              "delete": null,
              "update": null
            },
            "upgrade_policy": [
              {
                "support_type": "EXTENDED"
              }
            ],
            "version": "1.28",
            "vpc_config": [
              {
                "cluster_security_group_id": "sg-1b3aa6849ff70f104",
                "endpoint_private_access": true,
                "endpoint_public_access": false,
                "public_access_cidrs": [
                  "0.0.0.0/0"
                ],
                "security_group_ids": [
                  "sg-e50348fa88635332d"
                ],
                "subnet_ids": [
                  "subnet-45f914a725ba9022d",
                  "subnet-841e4a834e045308e"
                ],
                "vpc_id": "vpc-cf98916558c351d0c"
              }
            ],
            "zonal_shift_config": []
          },
          "sensitive_attributes": [],
          "private": "eyJlMmJmYjczMC1lY2FhLTExZTYtOGY4OC0zNDM2M2JjN2M0YzAiOnsiY3JlYXRlIjoxODAwMDAwMDAwMDAwLCJkZWxldGUiOjkwMDAwMDAwMDAwMCwidXBkYXRlIjozNjAwMDAwMDAwMDAwfSwic2NoZW1hX3ZlcnNpb24iOiIxIn0=",
          "dependencies": [
            "module.compute.module.eks.aws_cloudwatch_log_group.this",
            "module.compute.module.eks.aws_iam_policy.cni_ipv6_policy",
            "module.compute.module.eks.aws_iam_role.this",
            "module.compute.module.eks.aws_iam_role_policy_attachment.this",
            "module.compute.module.eks.aws_security_group.cluster",
            "module.compute.module.eks.aws_security_group.node",
            "module.compute.module.eks.aws_security_group_rule.cluster",
            "module.compute.module.eks.aws_security_group_rule.node",
            "module.compute.module.eks.data.aws_caller_identity.current",
            "module.compute.module.eks.data.aws_iam_policy_document.assume_role_policy",
            "module.compute.module.eks.data.aws_iam_policy_document.cni_ipv6_policy",
            "module.compute.module.eks.data.aws_iam_session_context.current",
            "module.compute.module.eks.data.aws_partition.current",
            "module.compute.module.eks.module.kms.aws_kms_external_key.this",
            "module.compute.module.eks.module.kms.aws_kms_key.this",
            "module.compute.module.eks.module.kms.aws_kms_replica_external_key.this",
            "module.compute.module.eks.module.kms.aws_kms_replica_key.this",
            "module.compute.module.eks.module.kms.data.aws_caller_identity.current",
            "module.compute.module.eks.module.kms.data.aws_iam_policy_document.this",
            "module.compute.module.eks.module.kms.data.aws_partition.current",
            "module.network.aws_subnet.private",
            "module.network.aws_vpc.main",
            "module.network.data.aws_availability_zones.available"
          ],
          "create_before_destroy": true
        }
      ]
    },
    {
      "module": "module.compute.module.eks",
      "mode": "managed",
      "type": "aws_iam_openid_connect_provider",
      "name": "oidc_provider",
      "provider": "provider[\"registry.terraform.io/hashicorp/aws\"]",
      "instances": [
        {
          "index_key": 0,
          "schema_version": 0,
          "attributes": {
            "arn": "arn:aws:iam::000000000000:oidc-provider/localhost.localstack.cloud:4511",
            "client_id_list": [
              "sts.amazonaws.com"
            ],
            "id": "arn:aws:iam::000000000000:oidc-provider/localhost.localstack.cloud:4511",
            "tags": {
              "Name": "backend-cluster-eks-irsa"
            },
            "tags_all": {
              "Name": "backend-cluster-eks-irsa"
            },
            "thumbprint_list": [
              "d89e3bd43d5d909b47a18977aa9d5ce36cee184c",
              "9e99a48a9960b14926bb7f3b02e22da2b0ab7280"
            ],
            "url": "localhost.localstack.cloud:4511"
          },
          "sensitive_attributes": [],
          "private": "bnVsbA==",
          "dependencies": [
            "module.compute.module.eks.aws_cloudwatch_log_group.this",
            "module.compute.module.eks.aws_eks_cluster.this",
            "module.compute.module.eks.aws_iam_policy.cni_ipv6_policy",
            "module.compute.module.eks.aws_iam_role.this",
            "module.compute.module.eks.aws_iam_role_policy_attachment.this",
            "module.compute.module.eks.aws_security_group.cluster",
            "module.compute.module.eks.aws_security_group.node",
            "module.compute.module.eks.aws_security_group_rule.cluster",
            "module.compute.module.eks.aws_security_group_rule.node",
            "module.compute.module.eks.data.aws_caller_identity.current",
            "module.compute.module.eks.data.aws_iam_policy_document.assume_role_policy",
            "module.compute.module.eks.data.aws_iam_policy_document.cni_ipv6_policy",
            "module.compute.module.eks.data.aws_iam_session_context.current",
            "module.compute.module.eks.data.aws_partition.current",
            "module.compute.module.eks.data.tls_certificate.this",
            "module.compute.module.eks.module.kms.aws_kms_external_key.this",
            "module.compute.module.eks.module.kms.aws_kms_key.this",
            "module.compute.module.eks.module.kms.aws_kms_replica_external_key.this",
            "module.compute.module.eks.module.kms.aws_kms_replica_key.this",
            "module.compute.module.eks.module.kms.data.aws_caller_identity.current",
            "module.compute.module.eks.module.kms.data.aws_iam_policy_document.this",
            "module.compute.module.eks.module.kms.data.aws_partition.current",
            "module.network.aws_subnet.private",
            "module.network.aws_vpc.main",
            "module.network.data.aws_availability_zones.available"
          ]
        }
      ]
    },
    {
      "module": "module.compute.module.eks",
      "mode": "managed",
      "type": "aws_iam_policy",
      "name": "cluster_encryption",
      "provider": "provider[\"registry.terraform.io/hashicorp/aws\"]",
      "instances": [
        {
          "index_key": 0,
          "schema_version": 0,
          "attributes": {
            "arn": "arn:aws:iam::000000000000:policy/backend-cluster-cluster-ClusterEncryption2026011202393327960000000b",
            "attachment_count": 1,
            "description": "Cluster encryption policy to allow cluster role to utilize CMK provided",
            "id": "arn:aws:iam::000000000000:policy/backend-cluster-cluster-ClusterEncryption2026011202393327960000000b",
            "name": "backend-cluster-cluster-ClusterEncryption2026011202393327960000000b",
            "name_prefix": "backend-cluster-cluster-ClusterEncryption",
            "path": "/",
            "policy": "{\"Statement\":[{\"Action\":[\"kms:Encrypt\",\"kms:Decrypt\",\"kms:ListGrants\",\"kms:DescribeKey\"],\"Effect\":\"Allow\",\"Resource\":\"arn:aws:kms:us-east-1:000000000000:key/4b05d9a5-f7cb-4b76-9b8b-436b63d59f33\"}],\"Version\":\"2012-10-17\"}",
            "policy_id": "AS48WFWBST2CPT9V2IYG9",
            "tags": {},
            "tags_all": {}
          },
          "sensitive_attributes": [],
          "private": "bnVsbA==",
          "dependencies": [
            "module.compute.module.eks.aws_iam_role.this",
            "module.compute.module.eks.data.aws_caller_identity.current",
            "module.compute.module.eks.data.aws_iam_policy_document.assume_role_policy",
            "module.compute.module.eks.data.aws_iam_session_context.current",
            "module.compute.module.eks.data.aws_partition.current",
            "module.compute.module.eks.module.kms.aws_kms_external_key.this",
            "module.compute.module.eks.module.kms.aws_kms_key.this",
            "module.compute.module.eks.module.kms.aws_kms_replica_external_key.this",
            "module.compute.module.eks.module.kms.aws_kms_replica_key.this",
            "module.compute.module.eks.module.kms.data.aws_caller_identity.current",
            "module.compute.module.eks.module.kms.data.aws_iam_policy_document.this",
            "module.compute.module.eks.module.kms.data.aws_partition.current"
          ]
        }
      ]
    },
    {
      "module": "module.compute.module.eks",
      "mode": "managed",
      "type": "aws_iam_role",
      "name": "this",
      "provider": "provider[\"registry.terraform.io/hashicorp/aws\"]",
      "instances": [
        {
          "index_key": 0,
          "schema_version": 0,
          "attributes": {
            "arn": "arn:aws:iam::000000000000:role/backend-cluster-cluster-20260112023924158000000003",
            "assume_role_policy": "{\"Statement\":[{\"Action\":\"sts:AssumeRole\",\"Effect\":\"Allow\",\"Principal\":{\"Service\":\"eks.amazonaws.com\"},\"Sid\":\"EKSClusterAssumeRole\"}],\"Version\":\"2012-10-17\"}",
            "create_date": "2026-01-12T02:39:24Z",
            "description": "",
            "force_detach_policies": true,
            "id": "backend-cluster-cluster-20260112023924158000000003",
            "inline_policy": [
              {
                "name": "backend-cluster-cluster",
                "policy": "{\"Version\":\"2012-10-17\",\"Statement\":[{\"Action\":[\"logs:CreateLogGroup\"],\"Effect\":\"Deny\",\"Resource\":\"*\"}]}"
              }
            ],
            "managed_policy_arns": [
              "arn:aws:iam::000000000000:policy/backend-cluster-cluster-ClusterEncryption2026011202393327960000000b",
              "arn:aws:iam::aws:policy/AmazonEKSClusterPolicy",
              "arn:aws:iam::aws:policy/AmazonEKSVPCResourceController"
            ],
            "max_session_duration": 3600,
            "name": "backend-cluster-cluster-20260112023924158000000003",
            "name_prefix": "backend-cluster-cluster-",
            "path": "/",
            "permissions_boundary": "",
            "tags": {},
            "tags_all": {},
            "unique_id": "AROAQAAAAAAAMKPVBIHZA"
          },
          "sensitive_attributes": [],
          "private": "bnVsbA==",
          "dependencies": [
            "module.compute.module.eks.data.aws_iam_policy_document.assume_role_policy",
            "module.compute.module.eks.data.aws_partition.current"
          ],
          "create_before_destroy": true
        }
      ]
    },
    {
      "module": "module.compute.module.eks",
      "mode": "managed",
      "type": "aws_iam_role_policy_attachment",
      "name": "cluster_encryption",
      "provider": "provider[\"registry.terraform.io/hashicorp/aws\"]",
      "instances": [
        {
          "index_key": 0,
          "schema_version": 0,
          "attributes": {
            "id": "backend-cluster-cluster-20260112023924158000000003-2026011202393331680000000c",
            "policy_arn": "arn:aws:iam::000000000000:policy/backend-cluster-cluster-ClusterEncryption2026011202393327960000000b",
            "role": "backend-cluster-cluster-20260112023924158000000003"
          },
          "sensitive_attributes": [],
          "private": "bnVsbA==",
          "dependencies": [
            "module.compute.module.eks.aws_iam_policy.cluster_encryption",
            "module.compute.module.eks.aws_iam_role.this",
            "module.compute.module.eks.data.aws_caller_identity.current",
            "module.compute.module.eks.data.aws_iam_policy_document.assume_role_policy",
            "module.compute.module.eks.data.aws_iam_session_context.current",
            "module.compute.module.eks.data.aws_partition.current",
            "module.compute.module.eks.module.kms.aws_kms_external_key.this",
            "module.compute.module.eks.module.kms.aws_kms_key.this",
            "module.compute.module.eks.module.kms.aws_kms_replica_external_key.this",
            "module.compute.module.eks.module.kms.aws_kms_replica_key.this",
            "module.compute.module.eks.module.kms.data.aws_caller_identity.current",
            "module.compute.module.eks.module.kms.data.aws_iam_policy_document.this",
            "module.compute.module.eks.module.kms.data.aws_partition.current"
          ]
        }
      ]
    },
    {
      "module": "module.compute.module.eks",
      "mode": "managed",
      "type": "aws_iam_role_policy_attachment",
      "name": "this",
      "provider": "provider[\"registry.terraform.io/hashicorp/aws\"]",
      "instances": [
        {
          "index_key": "AmazonEKSClusterPolicy",
          "schema_version": 0,
          "attributes": {
            "id": "backend-cluster-cluster-20260112023924158000000003-20260112023924425300000007",
            "policy_arn": "arn:aws:iam::aws:policy/AmazonEKSClusterPolicy",
            "role": "backend-cluster-cluster-20260112023924158000000003"
          },
          "sensitive_attributes": [],
          "private": "bnVsbA==",
          "dependencies": [
            "module.compute.module.eks.aws_iam_role.this",
            "module.compute.module.eks.data.aws_iam_policy_document.assume_role_policy",
            "module.compute.module.eks.data.aws_partition.current"
          ],
          "create_before_destroy": true
        },
        {
          "index_key": "AmazonEKSVPCResourceController",
          "schema_version": 0,
          "attributes": {
            "id": "backend-cluster-cluster-20260112023924158000000003-20260112023924530400000008",
            "policy_arn": "arn:aws:iam::aws:policy/AmazonEKSVPCResourceController",
            "role": "backend-cluster-cluster-20260112023924158000000003"
          },
          "sensitive_attributes": [],
          "private": "bnVsbA==",
          "dependencies": [
            "module.compute.module.eks.aws_iam_role.this",
            "module.compute.module.eks.data.aws_iam_policy_document.assume_role_policy",
            "module.compute.module.eks.data.aws_partition.current"
          ],
          "create_before_destroy": true
        }
      ]
    },
    {
      "module": "module.compute.module.eks",
      "mode": "managed",
      "type": "aws_security_group",
      "name": "cluster",
      "provider": "provider[\"registry.terraform.io/hashicorp/aws\"]",
      "instances": [
        {
          "index_key": 0,
          "schema_version": 1,
          "attributes": {
            "arn": "arn:aws:ec2:us-east-1:000000000000:security-group/sg-e50348fa88635332d",
            "description": "EKS cluster security group",
            "egress": [],
            "id": "sg-e50348fa88635332d",
            "ingress": [
              {
                "cidr_blocks": [],
                "description": "Node groups to cluster API",
                "from_port": 443,
                "ipv6_cidr_blocks": [],
                "prefix_list_ids": [],
                "protocol": "tcp",
                "security_groups": [
                  "sg-3354e07de1a03e823"
                ],
                "self": false,
                "to_port": 443
              }
            ],
            "name": "backend-cluster-cluster-2026011202393396730000000e",
            "name_prefix": "backend-cluster-cluster-",
            "owner_id": "000000000000",
            "revoke_rules_on_delete": false,
            "tags": {
              "Name": "backend-cluster-cluster"
            },
            "tags_all": {
              "Name": "backend-cluster-cluster"
            },
            "timeouts": null,
            "vpc_id": "vpc-cf98916558c351d0c"
          },
          "sensitive_attributes": [],
          "private": "eyJlMmJmYjczMC1lY2FhLTExZTYtOGY4OC0zNDM2M2JjN2M0YzAiOnsiY3JlYXRlIjo2MDAwMDAwMDAwMDAsImRlbGV0ZSI6OTAwMDAwMDAwMDAwfSwic2NoZW1hX3ZlcnNpb24iOiIxIn0=",
          "dependencies": [
            "module.network.aws_vpc.main"
          ],
          "create_before_destroy": true
        }
      ]
    },
    {
      "module": "module.compute.module.eks",
      "mode": "managed",
      "type": "aws_security_group",
      "name": "node",
      "provider": "provider[\"registry.terraform.io/hashicorp/aws\"]",
      "instances": [
        {
          "index_key": 0,
          "schema_version": 1,
          "attributes": {
            "arn": "arn:aws:ec2:us-east-1:000000000000:security-group/sg-3354e07de1a03e823",
            "description": "EKS node shared security group",
            "egress": [
              {
                "cidr_blocks": [
                  "0.0.0.0/0"
                ],
                "description": "Allow all egress",
                "from_port": 0,
                "ipv6_cidr_blocks": [],
                "prefix_list_ids": [],
                "protocol": "-1",
                "security_groups": [],
                "self": false,
                "to_port": 0
              }
            ],
            "id": "sg-3354e07de1a03e823",
            "ingress": [
              {
                "cidr_blocks": [],
                "description": "Cluster API to node 4443/tcp webhook",
                "from_port": 4443,
                "ipv6_cidr_blocks": [],
                "prefix_list_ids": [],
                "protocol": "tcp",
                "security_groups": [
                  "sg-e50348fa88635332d"
                ],
                "self": false,
                "to_port": 4443
              },
              {
                "cidr_blocks": [],
                "description": "Cluster API to node 6443/tcp webhook",
                "from_port": 6443,
                "ipv6_cidr_blocks": [],
                "prefix_list_ids": [],
                "protocol": "tcp",
                "security_groups": [
                  "sg-e50348fa88635332d"
                ],
                "self": false,
                "to_port": 6443
              },
              {
                "cidr_blocks": [],
                "description": "Cluster API to node 8443/tcp webhook",
                "from_port": 8443,
                "ipv6_cidr_blocks": [],
                "prefix_list_ids": [],
                "protocol": "tcp",
                "security_groups": [
                  "sg-e50348fa88635332d"
                ],
                "self": false,
                "to_port": 8443
              },
              {
                "cidr_blocks": [],
                "description": "Cluster API to node 9443/tcp webhook",
                "from_port": 9443,
                "ipv6_cidr_blocks": [],
                "prefix_list_ids": [],
                "protocol": "tcp",
                "security_groups": [
                  "sg-e50348fa88635332d"
                ],
                "self": false,
                "to_port": 9443
              },
              {
                "cidr_blocks": [],
                "description": "Cluster API to node groups",
                "from_port": 443,
                "ipv6_cidr_blocks": [],
                "prefix_list_ids": [],
                "protocol": "tcp",
                "security_groups": [
                  "sg-e50348fa88635332d"
                ],
                "self": false,
                "to_port": 443
              },
              {
                "cidr_blocks": [],
                "description": "Cluster API to node kubelets",
                "from_port": 10250,
                "ipv6_cidr_blocks": [],
                "prefix_list_ids": [],
                "protocol": "tcp",
                "security_groups": [
                  "sg-e50348fa88635332d"
                ],
                "self": false,
                "to_port": 10250
              },
              {
                "cidr_blocks": [],
                "description": "Node to node CoreDNS UDP",
                "from_port": 53,
                "ipv6_cidr_blocks": [],
                "prefix_list_ids": [],
                "protocol": "udp",
                "security_groups": [],
                "self": true,
                "to_port": 53
              },
              {
                "cidr_blocks": [],
                "description": "Node to node CoreDNS",
                "from_port": 53,
                "ipv6_cidr_blocks": [],
                "prefix_list_ids": [],
                "protocol": "tcp",
                "security_groups": [],
                "self": true,
                "to_port": 53
              },
              {
                "cidr_blocks": [],
                "description": "Node to node ingress on ephemeral ports",
                "from_port": 1025,
                "ipv6_cidr_blocks": [],
                "prefix_list_ids": [],
                "protocol": "tcp",
                "security_groups": [],
                "self": true,
                "to_port": 65535
              }
            ],
            "name": "backend-cluster-node-2026011202393383440000000d",
            "name_prefix": "backend-cluster-node-",
            "owner_id": "000000000000",
            "revoke_rules_on_delete": false,
            "tags": {
              "Name": "backend-cluster-node",
              "kubernetes.io/cluster/backend-cluster": "owned"
            },
            "tags_all": {
              "Name": "backend-cluster-node",
              "kubernetes.io/cluster/backend-cluster": "owned"
            },
            "timeouts": null,
            "vpc_id": "vpc-cf98916558c351d0c"
          },
          "sensitive_attributes": [],
          "private": "eyJlMmJmYjczMC1lY2FhLTExZTYtOGY4OC0zNDM2M2JjN2M0YzAiOnsiY3JlYXRlIjo2MDAwMDAwMDAwMDAsImRlbGV0ZSI6OTAwMDAwMDAwMDAwfSwic2NoZW1hX3ZlcnNpb24iOiIxIn0=",
          "dependencies": [
            "module.network.aws_vpc.main"
          ],
          "create_before_destroy": true
        }
      ]
    },
    {
      "module": "module.compute.module.eks",
      "mode": "managed",
      "type": "aws_security_group_rule",
      "name": "cluster",
      "provider": "provider[\"registry.terraform.io/hashicorp/aws\"]",
      "instances": [
        {
          "index_key": "ingress_nodes_443",
          "schema_version": 2,
          "attributes": {
            "cidr_blocks": null,
            "description": "Node groups to cluster API",
            "from_port": 443,
            "id": "sgrule-1498381273",
            "ipv6_cidr_blocks": null,
            "prefix_list_ids": null,
            "protocol": "tcp",
            "security_group_id": "sg-e50348fa88635332d",
            "security_group_rule_id": "sgr-ccc12bbbf7d67b023",
            "self": false,
            "source_security_group_id": "sg-3354e07de1a03e823",
            "timeouts": null,
            "to_port": 443,
            "type": "ingress"
          },
          "sensitive_attributes": [],
          "private": "eyJlMmJmYjczMC1lY2FhLTExZTYtOGY4OC0zNDM2M2JjN2M0YzAiOnsiY3JlYXRlIjozMDAwMDAwMDAwMDB9LCJzY2hlbWFfdmVyc2lvbiI6IjIifQ==",
          "dependencies": [
            "module.compute.module.eks.aws_security_group.cluster",
            "module.compute.module.eks.aws_security_group.node",
            "module.network.aws_vpc.main"
          ],
          "create_before_destroy": true
        }
      ]
    },
    {
      "module": "module.compute.module.eks",
      "mode": "managed",
      "type": "aws_security_group_rule",
      "name": "node",
      "provider": "provider[\"registry.terraform.io/hashicorp/aws\"]",
      "instances": [
        {
          "index_key": "egress_all",
          "schema_version": 2,
          "attributes": {
            "cidr_blocks": [
              "0.0.0.0/0"
            ],
            "description": "Allow all egress",
            "from_port": 0,
            "id": "sgrule-3253322788",
            "ipv6_cidr_blocks": null,
            "prefix_list_ids": [],
            "protocol": "-1",
            "security_group_id": "sg-3354e07de1a03e823",
            "security_group_rule_id": "sgr-4ef76656b2ed226b4",
            "self": false,
            "source_security_group_id": null,
            "timeouts": null,
            "to_port": 0,
            "type": "egress"
          },
          "sensitive_attributes": [],
          "private": "eyJlMmJmYjczMC1lY2FhLTExZTYtOGY4OC0zNDM2M2JjN2M0YzAiOnsiY3JlYXRlIjozMDAwMDAwMDAwMDB9LCJzY2hlbWFfdmVyc2lvbiI6IjIifQ==",
          "dependencies": [
            "module.compute.module.eks.aws_security_group.cluster",
            "module.compute.module.eks.aws_security_group.node",
            "module.network.aws_vpc.main"
          ],
          "create_before_destroy": true
        },
        {
          "index_key": "ingress_cluster_443",
          "schema_version": 2,
          "attributes": {
            "cidr_blocks": null,
            "description": "Cluster API to node groups",
            "from_port": 443,
            "id": "sgrule-3328142192",
            "ipv6_cidr_blocks": null,
            "prefix_list_ids": [],
            "protocol": "tcp",
            "security_group_id": "sg-3354e07de1a03e823",
            "security_group_rule_id": "sgr-3eaee2d952754fc26",
            "self": false,
            "source_security_group_id": "sg-e50348fa88635332d",
            "timeouts": null,
            "to_port": 443,
            "type": "ingress"
          },
          "sensitive_attributes": [],
          "private": "eyJlMmJmYjczMC1lY2FhLTExZTYtOGY4OC0zNDM2M2JjN2M0YzAiOnsiY3JlYXRlIjozMDAwMDAwMDAwMDB9LCJzY2hlbWFfdmVyc2lvbiI6IjIifQ==",
          "dependencies": [
            "module.compute.module.eks.aws_security_group.cluster",
            "module.compute.module.eks.aws_security_group.node",
            "module.network.aws_vpc.main"
          ],
          "create_before_destroy": true
        },
        {
          "index_key": "ingress_cluster_4443_webhook",
          "schema_version": 2,
          "attributes": {
            "cidr_blocks": null,
            "description": "Cluster API to node 4443/tcp webhook",
            "from_port": 4443,
            "id": "sgrule-1404916783",
            "ipv6_cidr_blocks": null,
            "prefix_list_ids": [],
            "protocol": "tcp",
            "security_group_id": "sg-3354e07de1a03e823",
            "security_group_rule_id": "sgr-e6750949b82362b34",
            "self": false,
            "source_security_group_id": "sg-e50348fa88635332d",
            "timeouts": null,
            "to_port": 4443,
            "type": "ingress"
          },
          "sensitive_attributes": [],
          "private": "eyJlMmJmYjczMC1lY2FhLTExZTYtOGY4OC0zNDM2M2JjN2M0YzAiOnsiY3JlYXRlIjozMDAwMDAwMDAwMDB9LCJzY2hlbWFfdmVyc2lvbiI6IjIifQ==",
          "dependencies": [
            "module.compute.module.eks.aws_security_group.cluster",
            "module.compute.module.eks.aws_security_group.node",
            "module.network.aws_vpc.main"
          ],
          "create_before_destroy": true
        },
        {
          "index_key": "ingress_cluster_6443_webhook",
          "schema_version": 2,
          "attributes": {
            "cidr_blocks": null,
            "description": "Cluster API to node 6443/tcp webhook",
            "from_port": 6443,
            "id": "sgrule-2600416185",
            "ipv6_cidr_blocks": null,
            "prefix_list_ids": [],
            "protocol": "tcp",
            "security_group_id": "sg-3354e07de1a03e823",
            "security_group_rule_id": "sgr-421da95e8a80f0075",
            "self": false,
            "source_security_group_id": "sg-e50348fa88635332d",
            "timeouts": null,
            "to_port": 6443,
            "type": "ingress"
          },
          "sensitive_attributes": [],
          "private": "eyJlMmJmYjczMC1lY2FhLTExZTYtOGY4OC0zNDM2M2JjN2M0YzAiOnsiY3JlYXRlIjozMDAwMDAwMDAwMDB9LCJzY2hlbWFfdmVyc2lvbiI6IjIifQ==",
          "dependencies": [
            "module.compute.module.eks.aws_security_group.cluster",
            "module.compute.module.eks.aws_security_group.node",
            "module.network.aws_vpc.main"
          ],
          "create_before_destroy": true
        },
        {
          "index_key": "ingress_cluster_8443_webhook",
          "schema_version": 2,
          "attributes": {
            "cidr_blocks": null,
            "description": "Cluster API to node 8443/tcp webhook",
            "from_port": 8443,
            "id": "sgrule-2309164952",
            "ipv6_cidr_blocks": null,
            "prefix_list_ids": [],
            "protocol": "tcp",
            "security_group_id": "sg-3354e07de1a03e823",
            "security_group_rule_id": "sgr-40ac4d7df0a3cb6ae",
            "self": false,
            "source_security_group_id": "sg-e50348fa88635332d",
            "timeouts": null,
            "to_port": 8443,
            "type": "ingress"
          },
          "sensitive_attributes": [],
          "private": "eyJlMmJmYjczMC1lY2FhLTExZTYtOGY4OC0zNDM2M2JjN2M0YzAiOnsiY3JlYXRlIjozMDAwMDAwMDAwMDB9LCJzY2hlbWFfdmVyc2lvbiI6IjIifQ==",
          "dependencies": [
            "module.compute.module.eks.aws_security_group.cluster",
            "module.compute.module.eks.aws_security_group.node",
            "module.network.aws_vpc.main"
          ],
          "create_before_destroy": true
        },
        {
          "index_key": "ingress_cluster_9443_webhook",
          "schema_version": 2,
          "attributes": {
            "cidr_blocks": null,
            "description": "Cluster API to node 9443/tcp webhook",
            "from_port": 9443,
            "id": "sgrule-3976346707",
            "ipv6_cidr_blocks": null,
            "prefix_list_ids": [],
            "protocol": "tcp",
            "security_group_id": "sg-3354e07de1a03e823",
            "security_group_rule_id": "sgr-9b0f9f47681c29357",
            "self": false,
            "source_security_group_id": "sg-e50348fa88635332d",
            "timeouts": null,
            "to_port": 9443,
            "type": "ingress"
          },
          "sensitive_attributes": [],
          "private": "eyJlMmJmYjczMC1lY2FhLTExZTYtOGY4OC0zNDM2M2JjN2M0YzAiOnsiY3JlYXRlIjozMDAwMDAwMDAwMDB9LCJzY2hlbWFfdmVyc2lvbiI6IjIifQ==",
          "dependencies": [
            "module.compute.module.eks.aws_security_group.cluster",
            "module.compute.module.eks.aws_security_group.node",
            "module.network.aws_vpc.main"
          ],
          "create_before_destroy": true
        },
        {
          "index_key": "ingress_cluster_kubelet",
          "schema_version": 2,
          "attributes": {
            "cidr_blocks": null,
            "description": "Cluster API to node kubelets",
            "from_port": 10250,
            "id": "sgrule-1671330533",
            "ipv6_cidr_blocks": null,
            "prefix_list_ids": [],
            "protocol": "tcp",
            "security_group_id": "sg-3354e07de1a03e823",
            "security_group_rule_id": "sgr-2597a10d71ba78387",
            "self": false,
            "source_security_group_id": "sg-e50348fa88635332d",
            "timeouts": null,
            "to_port": 10250,
            "type": "ingress"
          },
          "sensitive_attributes": [],
          "private": "eyJlMmJmYjczMC1lY2FhLTExZTYtOGY4OC0zNDM2M2JjN2M0YzAiOnsiY3JlYXRlIjozMDAwMDAwMDAwMDB9LCJzY2hlbWFfdmVyc2lvbiI6IjIifQ==",
          "dependencies": [
            "module.compute.module.eks.aws_security_group.cluster",
            "module.compute.module.eks.aws_security_group.node",
            "module.network.aws_vpc.main"
          ],
          "create_before_destroy": true
        },
        {
          "index_key": "ingress_nodes_ephemeral",
          "schema_version": 2,
          "attributes": {
            "cidr_blocks": null,
            "description": "Node to node ingress on ephemeral ports",
            "from_port": 1025,
            "id": "sgrule-4099214451",
            "ipv6_cidr_blocks": null,
            "prefix_list_ids": [],
            "protocol": "tcp",
            "security_group_id": "sg-3354e07de1a03e823",
            "security_group_rule_id": "sgr-2bb417bacc6c34228",
            "self": true,
            "source_security_group_id": null,
            "timeouts": null,
            "to_port": 65535,
            "type": "ingress"
          },
          "sensitive_attributes": [],
          "private": "eyJlMmJmYjczMC1lY2FhLTExZTYtOGY4OC0zNDM2M2JjN2M0YzAiOnsiY3JlYXRlIjozMDAwMDAwMDAwMDB9LCJzY2hlbWFfdmVyc2lvbiI6IjIifQ==",
          "dependencies": [
            "module.compute.module.eks.aws_security_group.cluster",
            "module.compute.module.eks.aws_security_group.node",
            "module.network.aws_vpc.main"
          ],
          "create_before_destroy": true
        },
        {
          "index_key": "ingress_self_coredns_tcp",
          "schema_version": 2,
          "attributes": {
            "cidr_blocks": null,
            "description": "Node to node CoreDNS",
            "from_port": 53,
            "id": "sgrule-3193484357",
            "ipv6_cidr_blocks": null,
            "prefix_list_ids": [],
            "protocol": "tcp",
            "security_group_id": "sg-3354e07de1a03e823",
            "security_group_rule_id": "sgr-8f2bf559f6058d604",
            "self": true,
            "source_security_group_id": null,
            "timeouts": null,
            "to_port": 53,
            "type": "ingress"
          },
          "sensitive_attributes": [],
          "private": "eyJlMmJmYjczMC1lY2FhLTExZTYtOGY4OC0zNDM2M2JjN2M0YzAiOnsiY3JlYXRlIjozMDAwMDAwMDAwMDB9LCJzY2hlbWFfdmVyc2lvbiI6IjIifQ==",
          "dependencies": [
            "module.compute.module.eks.aws_security_group.cluster",
            "module.compute.module.eks.aws_security_group.node",
            "module.network.aws_vpc.main"
          ],
          "create_before_destroy": true
        },
        {
          "index_key": "ingress_self_coredns_udp",
          "schema_version": 2,
          "attributes": {
            "cidr_blocks": null,
            "description": "Node to node CoreDNS UDP",
            "from_port": 53,
            "id": "sgrule-436672426",
            "ipv6_cidr_blocks": null,
            "prefix_list_ids": [],
            "protocol": "udp",
            "security_group_id": "sg-3354e07de1a03e823",
            "security_group_rule_id": "sgr-2a49b7f01ea300f50",
            "self": true,
            "source_security_group_id": null,
            "timeouts": null,
            "to_port": 53,
            "type": "ingress"
          },
          "sensitive_attributes": [],
          "private": "eyJlMmJmYjczMC1lY2FhLTExZTYtOGY4OC0zNDM2M2JjN2M0YzAiOnsiY3JlYXRlIjozMDAwMDAwMDAwMDB9LCJzY2hlbWFfdmVyc2lvbiI6IjIifQ==",
          "dependencies": [
            "module.compute.module.eks.aws_security_group.cluster",
            "module.compute.module.eks.aws_security_group.node",
            "module.network.aws_vpc.main"
          ],
          "create_before_destroy": true
        }
      ]
    },
    {
      "module": "module.compute.module.eks",
      "mode": "managed",
      "type": "time_sleep",
      "name": "this",
      "provider": "provider[\"registry.terraform.io/hashicorp/time\"]",
      "instances": [
        {
          "index_key": 0,
          "schema_version": 0,
          "attributes": {
            "create_duration": "30s",
            "destroy_duration": null,
            "id": "2026-01-12T02:40:38Z",
            "triggers": {
              "cluster_certificate_authority_data": "LS0tLS1CRUdJTiBDRVJUSUZJQ0FURS0tLS0tCk1JSU1nVENDQ21tZ0F3SUJBZ0lRR0g5azh5aVRTQ256K1lSRkVCZWVZVEFOQmdrcWhraUc5dzBCQVF3RkFEQkwKTVFzd0NRWURWUVFHRXdKQlZERVFNQTRHQTFVRUNoTUhXbVZ5YjFOVFRERXFNQ2dHQTFVRUF4TWhXbVZ5YjFOVApUQ0JTVTBFZ1JHOXRZV2x1SUZObFkzVnlaU0JUYVhSbElFTkJNQjRYRFRJMU1UQXlNREF3TURBd01Gb1hEVEkyCk1ERXhPREl6TlRrMU9Wb3dKVEVqTUNFR0ExVUVBeE1hYkc5allXeG9iM04wTG14dlkyRnNjM1JoWTJzdVkyeHYKZFdRd2dnRWlNQTBHQ1NxR1NJYjNEUUVCQVFVQUE0SUJEd0F3Z2dFS0FvSUJBUURNbXI5cmVVTDhzckRPZ2R0Ugp5ZlRGRC9Va21aK0wyY0pESHRWdmRCdjI0STJrenRpZG9INnBMK3JWazJuSXBxKyt0WlF0dGxrbm1mZndrdzV3CnZOc1BJZFpwbjhwZ0VIVkNwV0VKdDUzcFdpblRiR1h6NTNZVjJ0enNhdWN0cXVTOWRBcVlObnd2d2ZoVFJWekcKbU9yMXcrMHJ3SXY4L28rSXdUbmhmc09FMGRDYUtRK3pCWHVRaTVWV1Y2aGs2N09FemQyMllxR3c4c01JMUhOVgorb1FQR2U4TXc1b1V3cEM0NVRvTXFUQkhpdnpIMEQ5SG9tZ3NMaVBSSEFCT0hkVVZSZ2VFWEFMT01zNkMySmdECkw3T2MyR3o3WDc5YXljUDdSQ2diQ2pqNndva2NrY05SdFNwQWxxUkNNWFlEU2JzdGxESUZZSzdiQVVqSVRKSjIKbDlXWkFnTUJBQUdqZ2dpRk1JSUlnVEFmQmdOVkhTTUVHREFXZ0JUSTJYaG9vdGtaYU5VOWN0NWZDajdjdFlhRwpwakFkQmdOVkhRNEVGZ1FVYXVJTmU1Q0Z5L3BFaWZ1Z3pBaFRNMnpYSWVNd0RnWURWUjBQQVFIL0JBUURBZ1dnCk1Bd0dBMVVkRXdFQi93UUNNQUF3RXdZRFZSMGxCQXd3Q2dZSUt3WUJCUVVIQXdFd1NRWURWUjBnQkVJd1FEQTAKQmdzckJnRUVBYkl4QVFJQ1RqQWxNQ01HQ0NzR0FRVUZCd0lCRmhkb2RIUndjem92TDNObFkzUnBaMjh1WTI5dApMME5RVXpBSUJnWm5nUXdCQWdFd2dZZ0dDQ3NHQVFVRkJ3RUJCSHd3ZWpCTEJnZ3JCZ0VGQlFjd0FvWS9hSFIwCmNEb3ZMM3BsY205emMyd3VZM0owTG5ObFkzUnBaMjh1WTI5dEwxcGxjbTlUVTB4U1UwRkViMjFoYVc1VFpXTjEKY21WVGFYUmxRMEV1WTNKME1Dc0dDQ3NHQVFVRkJ6QUJoaDlvZEhSd09pOHZlbVZ5YjNOemJDNXZZM053TG5ObApZM1JwWjI4dVkyOXRNSUlCQWdZS0t3WUJCQUhXZVFJRUFnU0I4d1NCOEFEdUFIVUFscGRrdjFWWWw2MzNRNGRvCk53aENkK253T3RYMnBQTTJia2FrUHcvS3FjWUFBQUdhQXprOXVnQUFCQU1BUmpCRUFpQXFwWGRNajN3ejVGcmwKbFFXODM2ODNWc2dPTyt5S2tLUklBdnRJOGxGNk9RSWdXQkpaWFArdHRtT3VtcGJmR1lEQWRlM1UyZWt1M0x2ZgoxZG1GejEzMTlTNEFkUURSYnFtbGFBZCtaaldnUHplbDNid0RwVHhCRWhUVWlCajE2VEd6STh1VkJBQUFBWm9ECk9UNDJBQUFFQXdCR01FUUNJR25pVVNJd2s5cUJ0V0RxTHVWYVh6UEJ3NzJaRjBTN2JFUkpaWlJHTWcrVEFpQUgKN3VBS2hYY21xV0VMUER6TUxCUlVFdThzc2MwM2EvMlFrZHZrTFpNdXFEQ0NCaTRHQTFVZEVRU0NCaVV3Z2dZaApnaHBzYjJOaGJHaHZjM1F1Ykc5allXeHpkR0ZqYXk1amJHOTFaSUluS2k1aGJYQnNhV1o1WVhCd0xteHZZMkZzCmFHOXpkQzVzYjJOaGJITjBZV05yTG1Oc2IzVmtnaWNxTG1Oc2IzVmtabkp2Ym5RdWJHOWpZV3hvYjNOMExteHYKWTJGc2MzUmhZMnN1WTJ4dmRXU0NNU291Wkd0eUxtVmpjaTVsZFMxalpXNTBjbUZzTFRFdWJHOWpZV3hvYjNOMApMbXh2WTJGc2MzUmhZMnN1WTJ4dmRXU0NMaW91Wkd0eUxtVmpjaTVsZFMxM1pYTjBMVEV1Ykc5allXeG9iM04wCkxteHZZMkZzYzNSaFkyc3VZMnh2ZFdTQ0xpb3VaR3R5TG1WamNpNTFjeTFsWVhOMExURXViRzlqWVd4b2IzTjAKTG14dlkyRnNjM1JoWTJzdVkyeHZkV1NDTGlvdVpHdHlMbVZqY2k1MWN5MWxZWE4wTFRJdWJHOWpZV3hvYjNOMApMbXh2WTJGc2MzUmhZMnN1WTJ4dmRXU0NMaW91Wkd0eUxtVmpjaTUxY3kxM1pYTjBMVEV1Ykc5allXeG9iM04wCkxteHZZMkZzYzNSaFkyc3VZMnh2ZFdTQ0xpb3VaR3R5TG1WamNpNTFjeTEzWlhOMExUSXViRzlqWVd4b2IzTjAKTG14dlkyRnNjM1JoWTJzdVkyeHZkV1NDSUNvdVpXeGlMbXh2WTJGc2FHOXpkQzVzYjJOaGJITjBZV05yTG1OcwpiM1ZrZ2pRcUxtVjFMV05sYm5SeVlXd3RNUzV2Y0dWdWMyVmhjbU5vTG14dlkyRnNhRzl6ZEM1c2IyTmhiSE4wCllXTnJMbU5zYjNWa2dqRXFMbVYxTFhkbGMzUXRNUzV2Y0dWdWMyVmhjbU5vTG14dlkyRnNhRzl6ZEM1c2IyTmgKYkhOMFlXTnJMbU5zYjNWa2dpZ3FMbVY0WldOMWRHVXRZWEJwTG14dlkyRnNhRzl6ZEM1c2IyTmhiSE4wWVdOcgpMbU5zYjNWa2dqUXFMbXhoYldKa1lTMTFjbXd1WlhVdFkyVnVkSEpoYkMweExteHZZMkZzYUc5emRDNXNiMk5oCmJITjBZV05yTG1Oc2IzVmtnakVxTG14aGJXSmtZUzExY213dVpYVXRkMlZ6ZEMweExteHZZMkZzYUc5emRDNXMKYjJOaGJITjBZV05yTG1Oc2IzVmtnakVxTG14aGJXSmtZUzExY213dWRYTXRaV0Z6ZEMweExteHZZMkZzYUc5egpkQzVzYjJOaGJITjBZV05yTG1Oc2IzVmtnakVxTG14aGJXSmtZUzExY213dWRYTXRaV0Z6ZEMweUxteHZZMkZzCmFHOXpkQzVzYjJOaGJITjBZV05yTG1Oc2IzVmtnakVxTG14aGJXSmtZUzExY213dWRYTXRkMlZ6ZEMweExteHYKWTJGc2FHOXpkQzVzYjJOaGJITjBZV05yTG1Oc2IzVmtnakVxTG14aGJXSmtZUzExY213dWRYTXRkMlZ6ZEMweQpMbXh2WTJGc2FHOXpkQzVzYjJOaGJITjBZV05yTG1Oc2IzVmtnaHdxTG14dlkyRnNhRzl6ZEM1c2IyTmhiSE4wCllXTnJMbU5zYjNWa2dpY3FMbTl3Wlc1elpXRnlZMmd1Ykc5allXeG9iM04wTG14dlkyRnNjM1JoWTJzdVkyeHYKZFdTQ0p5b3Vjek10ZDJWaWMybDBaUzVzYjJOaGJHaHZjM1F1Ykc5allXeHpkR0ZqYXk1amJHOTFaSUlmS2k1egpNeTVzYjJOaGJHaHZjM1F1Ykc5allXeHpkR0ZqYXk1amJHOTFaSUlnS2k1elkyMHViRzlqWVd4b2IzTjBMbXh2ClkyRnNjM1JoWTJzdVkyeHZkV1NDSmlvdWMyNXZkMlpzWVd0bExteHZZMkZzYUc5emRDNXNiMk5oYkhOMFlXTnIKTG1Oc2IzVmtnakVxTG5WekxXVmhjM1F0TVM1dmNHVnVjMlZoY21Ob0xteHZZMkZzYUc5emRDNXNiMk5oYkhOMApZV05yTG1Oc2IzVmtnakVxTG5WekxXVmhjM1F0TWk1dmNHVnVjMlZoY21Ob0xteHZZMkZzYUc5emRDNXNiMk5oCmJITjBZV05yTG1Oc2IzVmtnakVxTG5WekxYZGxjM1F0TVM1dmNHVnVjMlZoY21Ob0xteHZZMkZzYUc5emRDNXMKYjJOaGJITjBZV05yTG1Oc2IzVmtnakVxTG5WekxYZGxjM1F0TWk1dmNHVnVjMlZoY21Ob0xteHZZMkZzYUc5egpkQzVzYjJOaGJITjBZV05yTG1Oc2IzVmtnaXR6Y1hNdVpYVXRZMlZ1ZEhKaGJDMHhMbXh2WTJGc2FHOXpkQzVzCmIyTmhiSE4wWVdOckxtTnNiM1ZrZ2loemNYTXVaWFV0ZDJWemRDMHhMbXh2WTJGc2FHOXpkQzVzYjJOaGJITjAKWVdOckxtTnNiM1ZrZ2loemNYTXVkWE10WldGemRDMHhMbXh2WTJGc2FHOXpkQzVzYjJOaGJITjBZV05yTG1OcwpiM1ZrZ2loemNYTXVkWE10WldGemRDMHlMbXh2WTJGc2FHOXpkQzVzYjJOaGJITjBZV05yTG1Oc2IzVmtnaWh6CmNYTXVkWE10ZDJWemRDMHhMbXh2WTJGc2FHOXpkQzVzYjJOaGJITjBZV05yTG1Oc2IzVmtnaWh6Y1hNdWRYTXQKZDJWemRDMHlMbXh2WTJGc2FHOXpkQzVzYjJOaGJITjBZV05yTG1Oc2IzVmtNQTBHQ1NxR1NJYjNEUUVCREFVQQpBNElDQVFBSXpZdjB2QlZNL1NrdVhPRjUwRmJ2Rm5CNk8wR2QxcFF4a2o1U3BRMks4WG1IYU5NTlB4RTRjVzlECmV0RmNHNFFoeXZLRm1GNkNXSlFLU1ZEL0dDdFROSUlZV1BCS1ZiVkZwVFAweTVXd0hscE1vei94QS90aURRM0EKWGt5ZGV0R2I1SGVHWStuQ0NmSndVbURDTVBrT3pMOEU1TmdCWEI4Q1FncVZ4eW9DT2cwbnVVMWwwL3ZDSFZkegorblFVYktrTE50R1pDL2JQT1JBVmlleWhFU0psSlk0N2dpTXpaMUQ4dFQwWmk3RUtKOG1WeWVaUVBMQytWTFVqClRmdWRCcHg0R29LSjNnMnUvL3BRMUIrd2ExNk8wdDVBYXFGd21vd3prSk9JdjZvdnhMb2VHNzNCemFTcElLZTMKOWxGK1dtelBpcUhtT1pVSWphTkRnZjRQUitDcDVYamlJY1J3QTZCay9HeDJqVzFvdjVJWFhoODZJQk5CQnhpUgorSDNKOWZVUWJzdkN6cXRoS3BOYmVwTURGbGNGYTlBUCszSldYS2xQQVB0R09vWHY4VVJmOWMyQUVBa2lyQktQClVNZFhORGlMY28rNytxU2VpYXU4bnBrd2tVYXlQdnVRQmx4WTdMMklLVjNrNmx1Vjh3TW9hc2dvdEp4YmM0T2cKQm1YSFFhQkxsc2hHS1J4SitwaUQvc3VlNVhJeENBdkt3djRaOWRFdGx0QnQrcWlmc01vbExaUDdSYnh2MTNlNwo4VlgwUVlQdHZpUktuaDdObG90aE5UT2Q3RUoycmpmV010eDVqRWtFSXBBQi9DOTRIZUVYOVlBTWEwREpWTHNjCjBjYmRSMTgxazNDVHNXbS84S2R2UE5ML3pVWGFsMlVFKzh3cEgxWHl3WUIxTWhtUVRBPT0KLS0tLS1FTkQgQ0VSVElGSUNBVEUtLS0tLQotLS0tLUJFR0lOIENFUlRJRklDQVRFLS0tLS0KTUlJRzFUQ0NCTDJnQXdJQkFnSVFiRldyMjlBSGtzZWRCd3pZRVo3V3Z6QU5CZ2txaGtpRzl3MEJBUXdGQURDQgppREVMTUFrR0ExVUVCaE1DVlZNeEV6QVJCZ05WQkFnVENrNWxkeUJLWlhKelpYa3hGREFTQmdOVkJBY1RDMHBsCmNuTmxlU0JEYVhSNU1SNHdIQVlEVlFRS0V4VlVhR1VnVlZORlVsUlNWVk5VSUU1bGRIZHZjbXN4TGpBc0JnTlYKQkFNVEpWVlRSVkpVY25WemRDQlNVMEVnUTJWeWRHbG1hV05oZEdsdmJpQkJkWFJvYjNKcGRIa3dIaGNOTWpBdwpNVE13TURBd01EQXdXaGNOTXpBd01USTVNak0xT1RVNVdqQkxNUXN3Q1FZRFZRUUdFd0pCVkRFUU1BNEdBMVVFCkNoTUhXbVZ5YjFOVFRERXFNQ2dHQTFVRUF4TWhXbVZ5YjFOVFRDQlNVMEVnUkc5dFlXbHVJRk5sWTNWeVpTQlQKYVhSbElFTkJNSUlDSWpBTkJna3Foa2lHOXcwQkFRRUZBQU9DQWc4QU1JSUNDZ0tDQWdFQWhtbHpmcU8xTWRnago0VzNkcEJQVFZCWDFBdXZjQXlHMWZsMGRVbncvTWV1ZUNXelJXVGhlWjM1TFZvOTFrTEkzRERWYVpLVytUQkFzCkpCakViWW1Nd2NXU1RXWUNnNTMzNFNGMCtjdERBc0Z4c1grclREaDlrU3JHLzRtcDZPU2h1YkxhRUlVSmlabzQKdDg3M1R1U2QwV2o1RFd0M0R0cEFHOFQzNWwvdit4ck44dWI4UFNTb1g1VmtndytqV2Y0S1F0TnZVRkxEcThtRgpXaFVuUEw2akhBQURYcHZzNGxUTll3T3R4OXlRdGJweHdTdDdRSlkxK0lDcm1SSkI2QnVLUnQvamZESkY5SnNjClJRVmxISXhRZEtBSmw3b2FWblhnRGtxdGsycWRkZDNrQ0RYZDc0Z3Y4MTNHOTF6N0Nqc0d5Sjkzb0pJbE5TM1UKZ0ZiRDZWNTRKTWdaM3JTbW90WWJ6OThvWnhYN01LYnRDbTFhSi9xK2hUdjJZSzF5TXhybmZjaWVLbU9ZQmJGRApoblc1TzZSTUE3MDNkQks5Mmo2WFJOMkV0dExrUXV1alpneStqWFJLdGFXTUlsa05rV0ptT2lIbUVyUW5nSHZ0CmlOa0ljakp1bXExZGRGWDRpYVRJNDBhNnpndklCdHhGZURzMlJmY2FINzNlcjdjdE5VVXFnUVQ1ckZnSmhNbUYKeDc2clFnQjVPWlVrb2RiNWsyZXg3UCtHdTRKODZiUzE1MDk0VXVZY1YwOWhWZWtubVRoNUV4OUNCS2lwTFMyVwoyd0tCYWtmK2FWWW5OQ1U2UzBuQVNxdDJ4clpwR0Mxdjd2NkRodWVweXlKdG4zcVNWMlBvQmlVNVNxbCthQVJwCndVaWJRTUdtNDRnanlORHFEbFZwK1NoTFFsVUg5eDhDQXdFQUFhT0NBWFV3Z2dGeE1COEdBMVVkSXdRWU1CYUEKRkZONXYxcXFLMHJQVklEaDJKdkFuZkt5QTJiTE1CMEdBMVVkRGdRV0JCVEkyWGhvb3RrWmFOVTljdDVmQ2o3Ywp0WWFHcGpBT0JnTlZIUThCQWY4RUJBTUNBWVl3RWdZRFZSMFRBUUgvQkFnd0JnRUIvd0lCQURBZEJnTlZIU1VFCkZqQVVCZ2dyQmdFRkJRY0RBUVlJS3dZQkJRVUhBd0l3SWdZRFZSMGdCQnN3R1RBTkJnc3JCZ0VFQWJJeEFRSUMKVGpBSUJnWm5nUXdCQWdFd1VBWURWUjBmQkVrd1J6QkZvRU9nUVlZL2FIUjBjRG92TDJOeWJDNTFjMlZ5ZEhKMQpjM1F1WTI5dEwxVlRSVkpVY25WemRGSlRRVU5sY25ScFptbGpZWFJwYjI1QmRYUm9iM0pwZEhrdVkzSnNNSFlHCkNDc0dBUVVGQndFQkJHb3dhREEvQmdnckJnRUZCUWN3QW9ZemFIUjBjRG92TDJOeWRDNTFjMlZ5ZEhKMWMzUXUKWTI5dEwxVlRSVkpVY25WemRGSlRRVUZrWkZSeWRYTjBRMEV1WTNKME1DVUdDQ3NHQVFVRkJ6QUJoaGxvZEhSdwpPaTh2YjJOemNDNTFjMlZ5ZEhKMWMzUXVZMjl0TUEwR0NTcUdTSWIzRFFFQkRBVUFBNElDQVFBVkR3b0l6UURWCmVyY1QwZVlxWmpCTko4Vk5Xd1ZGbFFPdFpFUnFuNWlXbkVWYUxaWmR6eGxidnoyRngwRXhVTnVVRWdZa0lWTTQKWW9jS2tDUTdoTzVub2ljb3EvRHJFWUg1SXVOY3VXMUk4SkpaOURMdUIxZll2SUhsWjJKRzQ2aU5iVktBM3lnQQpFejg2UnZEUWx0MkM0OTRxcVBWSXRSanJ6OVlsSkVHVDBEcnR0eUFwcTBZTEZEemYrWjFwa01oaDdjKzdmWGVKCnFtSWhmSnBkdUtjOEhFUWtZUVFTaGVuNDI2UzNIMEpySUFiS2NCQ2l5WUZ1T2hmeXZ1d1ZDRkRmRnZyakFEamQKNGpYMXVRWGQxNjFJeUZSYm04OXMyT2o1b1Uxd0RZejVzeCtob0N1aDZsU3MrL3VQdVdvbUlxM3kxR0RGTmFmVworTHNIQlUxNmxRbzVRMnloMjVsYVFzS1JneVBtTXBISjk4ZWRtNnkyc0hVYWJBU21SSHh2R2l1d3dFMjVhRFUwCjJTQWVlcHlJbUoyQ3pCODBZRzdXeGx5bkhxTmhwRTd4ZkM3UHpRbExnbWZFSGRVK3RIRmVRYXpSUW5yRmtXMlcKa3FSR0lxN2NLUm55eXB2alBNa2plaVY5bFJkQU05ZlNKdnNCM3N2VXV1MWNvSUcxeHhJMXllZ29HTTRyNVFQNApSR0lWdllhaUk3NkMwZGpvU2JRL2RrSVVVWFF1QjhBTDVqeUgzNGczQlphYVh5dnBtblY0aWxwcE1YVkFuQVlHCk9ONTFXaEo2VzB4TmROSnd6WUFTWllIK3RtQ1dJK042MEd2Mk5OTUdId01aN2U5YlhnelVDWkg1RmFCRkRHUjUKUzlWV3FIQjczUStPeUlWdkliS1ljU2Mydy9hU3VGS0dTQT09Ci0tLS0tRU5EIENFUlRJRklDQVRFLS0tLS0KLS0tLS1CRUdJTiBDRVJUSUZJQ0FURS0tLS0tCk1JSUZnVENDQkdtZ0F3SUJBZ0lRT1hKRU92a2l0MUhYMDJ3UTNURTFsVEFOQmdrcWhraUc5dzBCQVF3RkFEQjcKTVFzd0NRWURWUVFHRXdKSFFqRWJNQmtHQTFVRUNBd1NSM0psWVhSbGNpQk5ZVzVqYUdWemRHVnlNUkF3RGdZRApWUVFIREFkVFlXeG1iM0prTVJvd0dBWURWUVFLREJGRGIyMXZaRzhnUTBFZ1RHbHRhWFJsWkRFaE1COEdBMVVFCkF3d1lRVUZCSUVObGNuUnBabWxqWVhSbElGTmxjblpwWTJWek1CNFhEVEU1TURNeE1qQXdNREF3TUZvWERUSTQKTVRJek1USXpOVGsxT1Zvd2dZZ3hDekFKQmdOVkJBWVRBbFZUTVJNd0VRWURWUVFJRXdwT1pYY2dTbVZ5YzJWNQpNUlF3RWdZRFZRUUhFd3RLWlhKelpYa2dRMmwwZVRFZU1Cd0dBMVVFQ2hNVlZHaGxJRlZUUlZKVVVsVlRWQ0JPClpYUjNiM0pyTVM0d0xBWURWUVFERXlWVlUwVlNWSEoxYzNRZ1VsTkJJRU5sY25ScFptbGpZWFJwYjI0Z1FYVjAKYUc5eWFYUjVNSUlDSWpBTkJna3Foa2lHOXcwQkFRRUZBQU9DQWc4QU1JSUNDZ0tDQWdFQWdCSmxGellPdzlzSQpzOUNzVncxMjdjMG4wMHl0VUlOaDRxb2dUUWt0WkFuY3pvbWZ6RDJwN1BiUHdkengwN0hXZXpjb0VTdEgyam5HCnZEb1p0RittdlgyZG8yTkN0bmJ5cVRzcmtmamliOURzRmlDUUNUN2k2SFRKR0xTUjFHSmsyMytqQnZHSUdHcVEKSWp5OC9oUHdoeFI3OXVRZmp0VGtVY1lSWjBZSVVjdUdGRlEvdkRQK2ZteWMveGFkR0wxUmpqV21wMmJJY21mYgpJV2F4MUp0NEE4QlFPdWpNOE55OG5reityd1dXTlI5WFdyZi96dms5dHl5MjlsVGR5T2NTT2sydVRJcTNYSnEwCnR5QTl5bjhpTks1K08yaG1BVVRuQVU1R1U1c3pZUGVVdmxNM2tITkQ4ekxEVSsvYnF2NTBUbW5IYTR4Z2s5N0UKeHd6ZjRUS3V6Sk03VVhpVlo0dnVQVmIrRE5CcER4c1A4eVVtYXpOdDkyNUgrbk5ENVg0T3BXYXhLWHd5aEdOVgppY1FOd1pOVU1Ca1RyTk45TjZmclhUcHNOVnpiUWRjUzJxbEpDOS9ZZ0lvSmsyS090V2JQSllqTmhMaXhQNlE1CkQ5a0NudXNTVEpWODgyc0ZxVjRXZzh5NForTG9FNTNNVzRMVFRMUHRXLy9lNVhPc0l6c3RBTDgxVlhRSlNkaEoKV0JwL2tqYm1VWklPOHlaOUhFMFh2TW5zUXliUXYwRmZRS2xFUlBTWjUxZUhubEFmVjFTb1B2MTBZeSt4VUdVSgo1bGhDTGtNYVRMVHdKVWRaK2dRZWs5UW1Sa3BRZ2JMZXZuaTMvR2NWNGNsWGhCNFBZOWJwWXJyV1gxVXU2bHpHCktBZ0VKVG00RGl1cDhreVhIQWMvRFZMMTdlOHZnZzhDQXdFQUFhT0I4akNCN3pBZkJnTlZIU01FR0RBV2dCU2cKRVFvalBwYnhCK3ppcnludmdxVi8wRENrdERBZEJnTlZIUTRFRmdRVVUzbS9XcW9yU3M5VWdPSFltOENkOHJJRApac3N3RGdZRFZSMFBBUUgvQkFRREFnR0dNQThHQTFVZEV3RUIvd1FGTUFNQkFmOHdFUVlEVlIwZ0JBb3dDREFHCkJnUlZIU0FBTUVNR0ExVWRId1E4TURvd09LQTJvRFNHTW1oMGRIQTZMeTlqY213dVkyOXRiMlJ2WTJFdVkyOXQKTDBGQlFVTmxjblJwWm1sallYUmxVMlZ5ZG1salpYTXVZM0pzTURRR0NDc0dBUVVGQndFQkJDZ3dKakFrQmdncgpCZ0VGQlFjd0FZWVlhSFIwY0RvdkwyOWpjM0F1WTI5dGIyUnZZMkV1WTI5dE1BMEdDU3FHU0liM0RRRUJEQVVBCkE0SUJBUUFZaDFIY2RDRTluSXJnSjdjejBDN003UERteTE0UjNpSnZtM1dPbm5MKzVOYitxaCtjbGkzdkEwcCsKcnZTTmIzSThRenZBUCt1NDMxeXFxY2F1OHZ6WTdxTjdRL2FHTm53VTRNMzA5ei8rM3JpMGl2Q1Jsdjc5UTJSKwovY3pTQWFGOWZmZ1pHY2xDS3hPL1dJdTZwS0ptQkhhSWtVNE1pUlRPb2szSk1yTzY2QlFhdkhIeFcvQkJDNWdBCkNpSURFT1VNc2ZuTmtqY1o3VHZ4NURxMitVVVRKbld2dTZydlAzdDNPOUxFQXBFOUdRRFRGMXc1Mno5N0dBMUYKelpPRmxpOWQzMWtXVHo5UnZkVkZHRC90U283b0JtRjBJeGExRFZCekowUkhmeEJkaVNwcmhURVV4T2lwYWt5QQp2R3A0ejdoL2puWnltUXlkL3RlUkNCYWhvMStWCi0tLS0tRU5EIENFUlRJRklDQVRFLS0tLS0=",
              "cluster_endpoint": "https://localhost.localstack.cloud:4511",
              "cluster_name": "backend-cluster",
              "cluster_version": "1.28"
            }
          },
          "sensitive_attributes": [],
          "dependencies": [
            "module.compute.module.eks.aws_cloudwatch_log_group.this",
            "module.compute.module.eks.aws_eks_cluster.this",
            "module.compute.module.eks.aws_iam_policy.cni_ipv6_policy",
            "module.compute.module.eks.aws_iam_role.this",
            "module.compute.module.eks.aws_iam_role_policy_attachment.this",
            "module.compute.module.eks.aws_security_group.cluster",
            "module.compute.module.eks.aws_security_group.node",
            "module.compute.module.eks.aws_security_group_rule.cluster",
            "module.compute.module.eks.aws_security_group_rule.node",
            "module.compute.module.eks.data.aws_caller_identity.current",
            "module.compute.module.eks.data.aws_iam_policy_document.assume_role_policy",
            "module.compute.module.eks.data.aws_iam_policy_document.cni_ipv6_policy",
            "module.compute.module.eks.data.aws_iam_session_context.current",
            "module.compute.module.eks.data.aws_partition.current",
            "module.compute.module.eks.module.kms.aws_kms_external_key.this",
            "module.compute.module.eks.module.kms.aws_kms_key.this",
            "module.compute.module.eks.module.kms.aws_kms_replica_external_key.this",
            "module.compute.module.eks.module.kms.aws_kms_replica_key.this",
            "module.compute.module.eks.module.kms.data.aws_caller_identity.current",
            "module.compute.module.eks.module.kms.data.aws_iam_policy_document.this",
            "module.compute.module.eks.module.kms.data.aws_partition.current",
            "module.network.aws_subnet.private",
            "module.network.aws_vpc.main",
            "module.network.data.aws_availability_zones.available"
          ],
          "create_before_destroy": true
        }
      ]
    },
    {
      "module": "module.compute.module.eks.module.eks_managed_node_group[\"main\"]",
      "mode": "data",
      "type": "aws_caller_identity",
      "name": "current",
      "provider": "provider[\"registry.terraform.io/hashicorp/aws\"]",
      "instances": [
        {
          "schema_version": 0,
          "attributes": {
            "account_id": "000000000000",
            "arn": "arn:aws:iam::000000000000:root",
            "id": "000000000000",
            "user_id": "AKIAIOSFODNN7EXAMPLE"
          },
          "sensitive_attributes": []
        }
      ]
    },
    {
      "module": "module.compute.module.eks.module.eks_managed_node_group[\"main\"]",
      "mode": "data",
      "type": "aws_iam_policy_document",
      "name": "assume_role_policy",
      "provider": "provider[\"registry.terraform.io/hashicorp/aws\"]",
      "instances": [
        {
          "index_key": 0,
          "schema_version": 0,
          "attributes": {
            "id": "2560088296",
            "json": "{\n  \"Version\": \"2012-10-17\",\n  \"Statement\": [\n    {\n      \"Sid\": \"EKSNodeAssumeRole\",\n      \"Effect\": \"Allow\",\n      \"Action\": \"sts:AssumeRole\",\n      \"Principal\": {\n        \"Service\": \"ec2.amazonaws.com\"\n      }\n    }\n  ]\n}",
            "minified_json": "{\"Version\":\"2012-10-17\",\"Statement\":[{\"Sid\":\"EKSNodeAssumeRole\",\"Effect\":\"Allow\",\"Action\":\"sts:AssumeRole\",\"Principal\":{\"Service\":\"ec2.amazonaws.com\"}}]}",
            "override_json": null,
            "override_policy_documents": null,
            "policy_id": null,
            "source_json": null,
            "source_policy_documents": null,
            "statement": [
              {
                "actions": [
                  "sts:AssumeRole"
                ],
                "condition": [],
                "effect": "Allow",
                "not_actions": [],
                "not_principals": [],
                "not_resources": [],
                "principals": [
                  {
                    "identifiers": [
                      "ec2.amazonaws.com"
                    ],
                    "type": "Service"
                  }
                ],
                "resources": [],
                "sid": "EKSNodeAssumeRole"
              }
            ],
            "version": "2012-10-17"
          },
          "sensitive_attributes": []
        }
      ]
    },
    {
      "module": "module.compute.module.eks.module.eks_managed_node_group[\"main\"]",
      "mode": "data",
      "type": "aws_partition",
      "name": "current",
      "provider": "provider[\"registry.terraform.io/hashicorp/aws\"]",
      "instances": [
        {
          "schema_version": 0,
          "attributes": {
            "dns_suffix": "amazonaws.com",
            "id": "aws",
            "partition": "aws",
            "reverse_dns_prefix": "com.amazonaws"
          },
          "sensitive_attributes": []
        }
      ]
    },
    {
      "module": "module.compute.module.eks.module.eks_managed_node_group[\"main\"]",
      "mode": "managed",
      "type": "aws_eks_node_group",
      "name": "this",
      "provider": "provider[\"registry.terraform.io/hashicorp/aws\"]",
      "instances": [
        {
          "index_key": 0,
          "schema_version": 0,
          "attributes": {
            "ami_type": "",
            "arn": "arn:aws:eks:us-east-1:000000000000:nodegroup/backend-cluster/main-20260112024044227600000014/5d77128c-3955-4202-9d7e-17a1ef776bff",
            "capacity_type": "ON_DEMAND",
            "cluster_name": "backend-cluster",
            "disk_size": 0,
            "force_update_version": null,
            "id": "backend-cluster:main-20260112024044227600000014",
            "instance_types": [
              "t3.medium"
            ],
            "labels": {},
            "launch_template": [
              {
                "id": "lt-ac93ff6b5e48891a9",
                "name": "main-20260112024038937500000012",
                "version": "1"
              }
            ],
            "node_group_name": "main-20260112024044227600000014",
            "node_group_name_prefix": "main-",
            "node_repair_config": [],
            "node_role_arn": "arn:aws:iam::000000000000:role/main-eks-node-group-20260112023923885800000001",
            "release_version": "",
            "remote_access": [],
            "resources": [
              {
                "autoscaling_groups": [
                  {
                    "name": "eks-main-20260112024044227600000014-5d77128c-3955-4202-9d7e-17a1ef776bff"
                  }
                ],
                "remote_access_security_group_id": ""
              }
            ],
            "scaling_config": [
              {
                "desired_size": 1,
                "max_size": 5,
                "min_size": 2
              }
            ],
            "status": "ACTIVE",
            "subnet_ids": [
              "subnet-45f914a725ba9022d",
              "subnet-841e4a834e045308e"
            ],
            "tags": {
              "Name": "main"
            },
            "tags_all": {
              "Name": "main"
            },
            "taint": [],
            "timeouts": {
              "create": null,
              "delete": null,
              "update": null
            },
            "update_config": [
              {
                "max_unavailable": 0,
                "max_unavailable_percentage": 33
              }
            ],
            "version": "1.28"
          },
          "sensitive_attributes": [],
          "private": "eyJlMmJmYjczMC1lY2FhLTExZTYtOGY4OC0zNDM2M2JjN2M0YzAiOnsiY3JlYXRlIjozNjAwMDAwMDAwMDAwLCJkZWxldGUiOjM2MDAwMDAwMDAwMDAsInVwZGF0ZSI6MzYwMDAwMDAwMDAwMH19",
          "dependencies": [
            "module.compute.module.eks.aws_cloudwatch_log_group.this",
            "module.compute.module.eks.aws_eks_cluster.this",
            "module.compute.module.eks.aws_iam_policy.cni_ipv6_policy",
            "module.compute.module.eks.aws_iam_role.this",
            "module.compute.module.eks.aws_iam_role_policy_attachment.this",
            "module.compute.module.eks.aws_security_group.cluster",
            "module.compute.module.eks.aws_security_group.node",
            "module.compute.module.eks.aws_security_group_rule.cluster",
            "module.compute.module.eks.aws_security_group_rule.node",
            "module.compute.module.eks.data.aws_caller_identity.current",
            "module.compute.module.eks.data.aws_iam_policy_document.assume_role_policy",
            "module.compute.module.eks.data.aws_iam_policy_document.cni_ipv6_policy",
            "module.compute.module.eks.data.aws_iam_session_context.current",
            "module.compute.module.eks.data.aws_partition.current",
            "module.compute.module.eks.module.eks_managed_node_group.aws_iam_role.this",
            "module.compute.module.eks.module.eks_managed_node_group.aws_iam_role_policy_attachment.this",
            "module.compute.module.eks.module.eks_managed_node_group.aws_launch_template.this",
            "module.compute.module.eks.module.eks_managed_node_group.data.aws_caller_identity.current",
            "module.compute.module.eks.module.eks_managed_node_group.data.aws_iam_policy_document.assume_role_policy",
            "module.compute.module.eks.module.eks_managed_node_group.data.aws_partition.current",
            "module.compute.module.eks.module.eks_managed_node_group.module.user_data.data.cloudinit_config.linux_eks_managed_node_group",
            "module.compute.module.eks.module.kms.aws_kms_external_key.this",
            "module.compute.module.eks.module.kms.aws_kms_key.this",
            "module.compute.module.eks.module.kms.aws_kms_replica_external_key.this",
            "module.compute.module.eks.module.kms.aws_kms_replica_key.this",
            "module.compute.module.eks.module.kms.data.aws_caller_identity.current",
            "module.compute.module.eks.module.kms.data.aws_iam_policy_document.this",
            "module.compute.module.eks.module.kms.data.aws_partition.current",
            "module.compute.module.eks.time_sleep.this",
            "module.network.aws_subnet.private",
            "module.network.aws_vpc.main",
            "module.network.data.aws_availability_zones.available"
          ],
          "create_before_destroy": true
        }
      ]
    },
    {
      "module": "module.compute.module.eks.module.eks_managed_node_group[\"main\"]",
      "mode": "managed",
      "type": "aws_iam_role",
      "name": "this",
      "provider": "provider[\"registry.terraform.io/hashicorp/aws\"]",
      "instances": [
        {
          "index_key": 0,
          "schema_version": 0,
          "attributes": {
            "arn": "arn:aws:iam::000000000000:role/main-eks-node-group-20260112023923885800000001",
            "assume_role_policy": "{\"Statement\":[{\"Action\":\"sts:AssumeRole\",\"Effect\":\"Allow\",\"Principal\":{\"Service\":\"ec2.amazonaws.com\"},\"Sid\":\"EKSNodeAssumeRole\"}],\"Version\":\"2012-10-17\"}",
            "create_date": "2026-01-12T02:39:23Z",
            "description": "EKS managed node group IAM role",
            "force_detach_policies": true,
            "id": "main-eks-node-group-20260112023923885800000001",
            "inline_policy": [],
            "managed_policy_arns": [
              "arn:aws:iam::aws:policy/AmazonEC2ContainerRegistryReadOnly",
              "arn:aws:iam::aws:policy/AmazonEKSWorkerNodePolicy",
              "arn:aws:iam::aws:policy/AmazonEKS_CNI_Policy"
            ],
            "max_session_duration": 3600,
            "name": "main-eks-node-group-20260112023923885800000001",
            "name_prefix": "main-eks-node-group-",
            "path": "/",
            "permissions_boundary": "",
            "tags": {},
            "tags_all": {},
            "unique_id": "AROAQAAAAAAAGDFNLSSXJ"
          },
          "sensitive_attributes": [],
          "private": "bnVsbA==",
          "dependencies": [
            "module.compute.module.eks.module.eks_managed_node_group.data.aws_iam_policy_document.assume_role_policy",
            "module.compute.module.eks.module.eks_managed_node_group.data.aws_partition.current"
          ],
          "create_before_destroy": true
        }
      ]
    },
    {
      "module": "module.compute.module.eks.module.eks_managed_node_group[\"main\"]",
      "mode": "managed",
      "type": "aws_iam_role_policy_attachment",
      "name": "this",
      "provider": "provider[\"registry.terraform.io/hashicorp/aws\"]",
      "instances": [
        {
          "index_key": "arn:aws:iam::aws:policy/AmazonEC2ContainerRegistryReadOnly",
          "schema_version": 0,
          "attributes": {
            "id": "main-eks-node-group-20260112023923885800000001-20260112023924331800000004",
            "policy_arn": "arn:aws:iam::aws:policy/AmazonEC2ContainerRegistryReadOnly",
            "role": "main-eks-node-group-20260112023923885800000001"
          },
          "sensitive_attributes": [],
          "private": "bnVsbA==",
          "dependencies": [
            "module.compute.module.eks.module.eks_managed_node_group.aws_iam_role.this",
            "module.compute.module.eks.module.eks_managed_node_group.data.aws_caller_identity.current",
            "module.compute.module.eks.module.eks_managed_node_group.data.aws_iam_policy_document.assume_role_policy",
            "module.compute.module.eks.module.eks_managed_node_group.data.aws_partition.current"
          ],
          "create_before_destroy": true
        },
        {
          "index_key": "arn:aws:iam::aws:policy/AmazonEKSWorkerNodePolicy",
          "schema_version": 0,
          "attributes": {
            "id": "main-eks-node-group-20260112023923885800000001-20260112023924385700000005",
            "policy_arn": "arn:aws:iam::aws:policy/AmazonEKSWorkerNodePolicy",
            "role": "main-eks-node-group-20260112023923885800000001"
          },
          "sensitive_attributes": [],
          "private": "bnVsbA==",
          "dependencies": [
            "module.compute.module.eks.module.eks_managed_node_group.aws_iam_role.this",
            "module.compute.module.eks.module.eks_managed_node_group.data.aws_caller_identity.current",
            "module.compute.module.eks.module.eks_managed_node_group.data.aws_iam_policy_document.assume_role_policy",
            "module.compute.module.eks.module.eks_managed_node_group.data.aws_partition.current"
          ],
          "create_before_destroy": true
        },
        {
          "index_key": "arn:aws:iam::aws:policy/AmazonEKS_CNI_Policy",
          "schema_version": 0,
          "attributes": {
            "id": "main-eks-node-group-20260112023923885800000001-20260112023924419900000006",
            "policy_arn": "arn:aws:iam::aws:policy/AmazonEKS_CNI_Policy",
            "role": "main-eks-node-group-20260112023923885800000001"
          },
          "sensitive_attributes": [],
          "private": "bnVsbA==",
          "dependencies": [
            "module.compute.module.eks.module.eks_managed_node_group.aws_iam_role.this",
            "module.compute.module.eks.module.eks_managed_node_group.data.aws_caller_identity.current",
            "module.compute.module.eks.module.eks_managed_node_group.data.aws_iam_policy_document.assume_role_policy",
            "module.compute.module.eks.module.eks_managed_node_group.data.aws_partition.current"
          ],
          "create_before_destroy": true
        }
      ]
    },
    {
      "module": "module.compute.module.eks.module.eks_managed_node_group[\"main\"]",
      "mode": "managed",
      "type": "aws_launch_template",
      "name": "this",
      "provider": "provider[\"registry.terraform.io/hashicorp/aws\"]",
      "instances": [
        {
          "index_key": 0,
          "schema_version": 0,
          "attributes": {
            "arn": "arn:aws:ec2:us-east-1::launch-template/lt-ac93ff6b5e48891a9",
            "block_device_mappings": [],
            "capacity_reservation_specification": [],
            "cpu_options": [],
            "credit_specification": [],
            "default_version": 1,
            "description": "Custom launch template for main EKS managed node group",
            "disable_api_stop": false,
            "disable_api_termination": false,
            "ebs_optimized": "",
            "elastic_gpu_specifications": [],
            "elastic_inference_accelerator": [],
            "enclave_options": [],
            "hibernation_options": [],
            "iam_instance_profile": [],
            "id": "lt-ac93ff6b5e48891a9",
            "image_id": "",
            "instance_initiated_shutdown_behavior": "",
            "instance_market_options": [],
            "instance_requirements": [],
            "instance_type": "",
            "kernel_id": "",
            "key_name": "",
            "latest_version": 1,
            "license_specification": [],
            "maintenance_options": [],
            "metadata_options": [
              {
                "http_endpoint": "enabled",
                "http_protocol_ipv6": "",
                "http_put_response_hop_limit": 2,
                "http_tokens": "required",
                "instance_metadata_tags": ""
              }
            ],
            "monitoring": [
              {
                "enabled": true
              }
            ],
            "name": "main-20260112024038937500000012",
            "name_prefix": "main-",
            "network_interfaces": [],
            "placement": [],
            "private_dns_name_options": [],
            "ram_disk_id": "",
            "security_group_names": [],
            "tag_specifications": [
              {
                "resource_type": "instance",
                "tags": {
                  "Name": "main"
                }
              },
              {
                "resource_type": "network-interface",
                "tags": {
                  "Name": "main"
                }
              },
              {
                "resource_type": "volume",
                "tags": {
                  "Name": "main"
                }
              }
            ],
            "tags": {},
            "tags_all": {},
            "update_default_version": true,
            "user_data": "",
            "vpc_security_group_ids": [
              "sg-3354e07de1a03e823"
            ]
          },
          "sensitive_attributes": [],
          "private": "bnVsbA==",
          "dependencies": [
            "module.compute.module.eks.aws_cloudwatch_log_group.this",
            "module.compute.module.eks.aws_eks_cluster.this",
            "module.compute.module.eks.aws_iam_policy.cni_ipv6_policy",
            "module.compute.module.eks.aws_iam_role.this",
            "module.compute.module.eks.aws_iam_role_policy_attachment.this",
            "module.compute.module.eks.aws_security_group.cluster",
            "module.compute.module.eks.aws_security_group.node",
            "module.compute.module.eks.aws_security_group_rule.cluster",
            "module.compute.module.eks.aws_security_group_rule.node",
            "module.compute.module.eks.data.aws_caller_identity.current",
            "module.compute.module.eks.data.aws_iam_policy_document.assume_role_policy",
            "module.compute.module.eks.data.aws_iam_policy_document.cni_ipv6_policy",
            "module.compute.module.eks.data.aws_iam_session_context.current",
            "module.compute.module.eks.data.aws_partition.current",
            "module.compute.module.eks.module.eks_managed_node_group.aws_iam_role.this",
            "module.compute.module.eks.module.eks_managed_node_group.aws_iam_role_policy_attachment.this",
            "module.compute.module.eks.module.eks_managed_node_group.data.aws_caller_identity.current",
            "module.compute.module.eks.module.eks_managed_node_group.data.aws_iam_policy_document.assume_role_policy",
            "module.compute.module.eks.module.eks_managed_node_group.data.aws_partition.current",
            "module.compute.module.eks.module.eks_managed_node_group.module.user_data.data.cloudinit_config.linux_eks_managed_node_group",
            "module.compute.module.eks.module.kms.aws_kms_external_key.this",
            "module.compute.module.eks.module.kms.aws_kms_key.this",
            "module.compute.module.eks.module.kms.aws_kms_replica_external_key.this",
            "module.compute.module.eks.module.kms.aws_kms_replica_key.this",
            "module.compute.module.eks.module.kms.data.aws_caller_identity.current",
            "module.compute.module.eks.module.kms.data.aws_iam_policy_document.this",
            "module.compute.module.eks.module.kms.data.aws_partition.current",
            "module.compute.module.eks.time_sleep.this",
            "module.network.aws_subnet.private",
            "module.network.aws_vpc.main",
            "module.network.data.aws_availability_zones.available"
          ],
          "create_before_destroy": true
        }
      ]
    },
    {
      "module": "module.compute.module.eks.module.kms",
      "mode": "data",
      "type": "aws_caller_identity",
      "name": "current",
      "provider": "provider[\"registry.terraform.io/hashicorp/aws\"]",
      "instances": [
        {
          "index_key": 0,
          "schema_version": 0,
          "attributes": {
            "account_id": "000000000000",
            "arn": "arn:aws:iam::000000000000:root",
            "id": "000000000000",
            "user_id": "AKIAIOSFODNN7EXAMPLE"
          },
          "sensitive_attributes": []
        }
      ]
    },
    {
      "module": "module.compute.module.eks.module.kms",
      "mode": "data",
      "type": "aws_iam_policy_document",
      "name": "this",
      "provider": "provider[\"registry.terraform.io/hashicorp/aws\"]",
      "instances": [
        {
          "index_key": 0,
          "schema_version": 0,
          "attributes": {
            "id": "2062680947",
            "json": "{\n  \"Version\": \"2012-10-17\",\n  \"Statement\": [\n    {\n      \"Sid\": \"KeyAdministration\",\n      \"Effect\": \"Allow\",\n      \"Action\": [\n        \"kms:Update*\",\n        \"kms:UntagResource\",\n        \"kms:TagResource\",\n        \"kms:ScheduleKeyDeletion\",\n        \"kms:Revoke*\",\n        \"kms:ReplicateKey\",\n        \"kms:Put*\",\n        \"kms:List*\",\n        \"kms:ImportKeyMaterial\",\n        \"kms:Get*\",\n        \"kms:Enable*\",\n        \"kms:Disable*\",\n        \"kms:Describe*\",\n        \"kms:Delete*\",\n        \"kms:Create*\",\n        \"kms:CancelKeyDeletion\"\n      ],\n      \"Resource\": \"*\",\n      \"Principal\": {\n        \"AWS\": \"arn:aws:iam::000000000000:root\"\n      }\n    },\n    {\n      \"Sid\": \"KeyUsage\",\n      \"Effect\": \"Allow\",\n      \"Action\": [\n        \"kms:ReEncrypt*\",\n        \"kms:GenerateDataKey*\",\n        \"kms:Encrypt\",\n        \"kms:DescribeKey\",\n        \"kms:Decrypt\"\n      ],\n      \"Resource\": \"*\",\n      \"Principal\": {\n        \"AWS\": \"arn:aws:iam::000000000000:role/backend-cluster-cluster-20260112023924158000000003\"\n      }\n    }\n  ]\n}",
            "minified_json": "{\"Version\":\"2012-10-17\",\"Statement\":[{\"Sid\":\"KeyAdministration\",\"Effect\":\"Allow\",\"Action\":[\"kms:Update*\",\"kms:UntagResource\",\"kms:TagResource\",\"kms:ScheduleKeyDeletion\",\"kms:Revoke*\",\"kms:ReplicateKey\",\"kms:Put*\",\"kms:List*\",\"kms:ImportKeyMaterial\",\"kms:Get*\",\"kms:Enable*\",\"kms:Disable*\",\"kms:Describe*\",\"kms:Delete*\",\"kms:Create*\",\"kms:CancelKeyDeletion\"],\"Resource\":\"*\",\"Principal\":{\"AWS\":\"arn:aws:iam::000000000000:root\"}},{\"Sid\":\"KeyUsage\",\"Effect\":\"Allow\",\"Action\":[\"kms:ReEncrypt*\",\"kms:GenerateDataKey*\",\"kms:Encrypt\",\"kms:DescribeKey\",\"kms:Decrypt\"],\"Resource\":\"*\",\"Principal\":{\"AWS\":\"arn:aws:iam::000000000000:role/backend-cluster-cluster-20260112023924158000000003\"}}]}",
            "override_json": null,
            "override_policy_documents": null,
            "policy_id": null,
            "source_json": null,
            "source_policy_documents": null,
            "statement": [
              {
                "actions": [
                  "kms:CancelKeyDeletion",
                  "kms:Create*",
                  "kms:Delete*",
                  "kms:Describe*",
                  "kms:Disable*",
                  "kms:Enable*",
                  "kms:Get*",
                  "kms:ImportKeyMaterial",
                  "kms:List*",
                  "kms:Put*",
                  "kms:ReplicateKey",
                  "kms:Revoke*",
                  "kms:ScheduleKeyDeletion",
                  "kms:TagResource",
                  "kms:UntagResource",
                  "kms:Update*"
                ],
                "condition": [],
                "effect": "Allow",
                "not_actions": [],
                "not_principals": [],
                "not_resources": [],
                "principals": [
                  {
                    "identifiers": [
                      "arn:aws:iam::000000000000:root"
                    ],
                    "type": "AWS"
                  }
                ],
                "resources": [
                  "*"
                ],
                "sid": "KeyAdministration"
              },
              {
                "actions": [
                  "kms:Decrypt",
                  "kms:DescribeKey",
                  "kms:Encrypt",
                  "kms:GenerateDataKey*",
                  "kms:ReEncrypt*"
                ],
                "condition": [],
                "effect": "Allow",
                "not_actions": [],
                "not_principals": [],
                "not_resources": [],
                "principals": [
                  {
                    "identifiers": [
                      "arn:aws:iam::000000000000:role/backend-cluster-cluster-20260112023924158000000003"
                    ],
                    "type": "AWS"
                  }
                ],
                "resources": [
                  "*"
                ],
                "sid": "KeyUsage"
              }
            ],
            "version": "2012-10-17"
          },
          "sensitive_attributes": []
        }
      ]
    },
    {
      "module": "module.compute.module.eks.module.kms",
      "mode": "data",
      "type": "aws_partition",
      "name": "current",
      "provider": "provider[\"registry.terraform.io/hashicorp/aws\"]",
      "instances": [
        {
          "index_key": 0,
          "schema_version": 0,
          "attributes": {
            "dns_suffix": "amazonaws.com",
            "id": "aws",
            "partition": "aws",
            "reverse_dns_prefix": "com.amazonaws"
          },
          "sensitive_attributes": []
        }
      ]
    },
    {
      "module": "module.compute.module.eks.module.kms",
      "mode": "managed",
      "type": "aws_kms_alias",
      "name": "this",
      "provider": "provider[\"registry.terraform.io/hashicorp/aws\"]",
      "instances": [
        {
          "index_key": "cluster",
          "schema_version": 0,
          "attributes": {
            "arn": "arn:aws:kms:us-east-1:000000000000:alias/eks/backend-cluster",
            "id": "alias/eks/backend-cluster",
            "name": "alias/eks/backend-cluster",
            "name_prefix": "",
            "target_key_arn": "arn:aws:kms:us-east-1:000000000000:key/4b05d9a5-f7cb-4b76-9b8b-436b63d59f33",
            "target_key_id": "4b05d9a5-f7cb-4b76-9b8b-436b63d59f33"
          },
          "sensitive_attributes": [],
          "private": "bnVsbA==",
          "dependencies": [
            "module.compute.module.eks.aws_iam_role.this",
            "module.compute.module.eks.data.aws_caller_identity.current",
            "module.compute.module.eks.data.aws_iam_policy_document.assume_role_policy",
            "module.compute.module.eks.data.aws_iam_session_context.current",
            "module.compute.module.eks.data.aws_partition.current",
            "module.compute.module.eks.module.kms.aws_kms_external_key.this",
            "module.compute.module.eks.module.kms.aws_kms_key.this",
            "module.compute.module.eks.module.kms.aws_kms_replica_external_key.this",
            "module.compute.module.eks.module.kms.aws_kms_replica_key.this",
            "module.compute.module.eks.module.kms.data.aws_caller_identity.current",
            "module.compute.module.eks.module.kms.data.aws_iam_policy_document.this",
            "module.compute.module.eks.module.kms.data.aws_partition.current"
          ]
        }
      ]
    },
    {
      "module": "module.compute.module.eks.module.kms",
      "mode": "managed",
      "type": "aws_kms_key",
      "name": "this",
      "provider": "provider[\"registry.terraform.io/hashicorp/aws\"]",
      "instances": [
        {
          "index_key": 0,
          "schema_version": 0,
          "attributes": {
            "arn": "arn:aws:kms:us-east-1:000000000000:key/4b05d9a5-f7cb-4b76-9b8b-436b63d59f33",
            "bypass_policy_lockout_safety_check": false,
            "custom_key_store_id": "",
            "customer_master_key_spec": "SYMMETRIC_DEFAULT",
            "deletion_window_in_days": null,
            "description": "backend-cluster cluster encryption key",
            "enable_key_rotation": true,
            "id": "4b05d9a5-f7cb-4b76-9b8b-436b63d59f33",
            "is_enabled": true,
            "key_id": "4b05d9a5-f7cb-4b76-9b8b-436b63d59f33",
            "key_usage": "ENCRYPT_DECRYPT",
            "multi_region": false,
            "policy": "{\"Statement\":[{\"Action\":[\"kms:Update*\",\"kms:UntagResource\",\"kms:TagResource\",\"kms:ScheduleKeyDeletion\",\"kms:Revoke*\",\"kms:ReplicateKey\",\"kms:Put*\",\"kms:List*\",\"kms:ImportKeyMaterial\",\"kms:Get*\",\"kms:Enable*\",\"kms:Disable*\",\"kms:Describe*\",\"kms:Delete*\",\"kms:Create*\",\"kms:CancelKeyDeletion\"],\"Effect\":\"Allow\",\"Principal\":{\"AWS\":\"arn:aws:iam::000000000000:root\"},\"Resource\":\"*\",\"Sid\":\"KeyAdministration\"},{\"Action\":[\"kms:ReEncrypt*\",\"kms:GenerateDataKey*\",\"kms:Encrypt\",\"kms:DescribeKey\",\"kms:Decrypt\"],\"Effect\":\"Allow\",\"Principal\":{\"AWS\":\"arn:aws:iam::000000000000:role/backend-cluster-cluster-20260112023924158000000003\"},\"Resource\":\"*\",\"Sid\":\"KeyUsage\"}],\"Version\":\"2012-10-17\"}",
            "rotation_period_in_days": 365,
            "tags": {},
            "tags_all": {},
            "timeouts": null,
            "xks_key_id": ""
          },
          "sensitive_attributes": [],
          "private": "eyJlMmJmYjczMC1lY2FhLTExZTYtOGY4OC0zNDM2M2JjN2M0YzAiOnsiY3JlYXRlIjoxMjAwMDAwMDAwMDB9fQ==",
          "dependencies": [
            "module.compute.module.eks.aws_iam_role.this",
            "module.compute.module.eks.data.aws_caller_identity.current",
            "module.compute.module.eks.data.aws_iam_policy_document.assume_role_policy",
            "module.compute.module.eks.data.aws_iam_session_context.current",
            "module.compute.module.eks.data.aws_partition.current",
            "module.compute.module.eks.module.kms.data.aws_caller_identity.current",
            "module.compute.module.eks.module.kms.data.aws_iam_policy_document.this",
            "module.compute.module.eks.module.kms.data.aws_partition.current"
          ],
          "create_before_destroy": true
        }
      ]
    },
    {
      "module": "module.compute.module.lbc_role",
      "mode": "data",
      "type": "aws_caller_identity",
      "name": "current",
      "provider": "provider[\"registry.terraform.io/hashicorp/aws\"]",
      "instances": [
        {
          "schema_version": 0,
          "attributes": {
            "account_id": "000000000000",
            "arn": "arn:aws:iam::000000000000:root",
            "id": "000000000000",
            "user_id": "AKIAIOSFODNN7EXAMPLE"
          },
          "sensitive_attributes": []
        }
      ]
    },
    {
      "module": "module.compute.module.lbc_role",
      "mode": "data",
      "type": "aws_iam_policy_document",
      "name": "this",
      "provider": "provider[\"registry.terraform.io/hashicorp/aws\"]",
      "instances": [
        {
          "index_key": 0,
          "schema_version": 0,
          "attributes": {
            "id": "3512803500",
            "json": "{\n  \"Version\": \"2012-10-17\",\n  \"Statement\": [\n    {\n      \"Effect\": \"Allow\",\n      \"Action\": \"sts:AssumeRoleWithWebIdentity\",\n      \"Principal\": {\n        \"Federated\": \"arn:aws:iam::000000000000:oidc-provider/localhost.localstack.cloud:4511\"\n      },\n      \"Condition\": {\n        \"StringEquals\": {\n          \"localhost.localstack.cloud:4511:aud\": \"sts.amazonaws.com\",\n          \"localhost.localstack.cloud:4511:sub\": \"system:serviceaccount:kube-system:aws-load-balancer-controller\"\n        }\n      }\n    }\n  ]\n}",
            "minified_json": "{\"Version\":\"2012-10-17\",\"Statement\":[{\"Effect\":\"Allow\",\"Action\":\"sts:AssumeRoleWithWebIdentity\",\"Principal\":{\"Federated\":\"arn:aws:iam::000000000000:oidc-provider/localhost.localstack.cloud:4511\"},\"Condition\":{\"StringEquals\":{\"localhost.localstack.cloud:4511:aud\":\"sts.amazonaws.com\",\"localhost.localstack.cloud:4511:sub\":\"system:serviceaccount:kube-system:aws-load-balancer-controller\"}}}]}",
            "override_json": null,
            "override_policy_documents": null,
            "policy_id": null,
            "source_json": null,
            "source_policy_documents": null,
            "statement": [
              {
                "actions": [
                  "sts:AssumeRoleWithWebIdentity"
                ],
                "condition": [
                  {
                    "test": "StringEquals",
                    "values": [
                      "sts.amazonaws.com"
                    ],
                    "variable": "localhost.localstack.cloud:4511:aud"
                  },
                  {
                    "test": "StringEquals",
                    "values": [
                      "system:serviceaccount:kube-system:aws-load-balancer-controller"
                    ],
                    "variable": "localhost.localstack.cloud:4511:sub"
                  }
                ],
                "effect": "Allow",
                "not_actions": [],
                "not_principals": [],
                "not_resources": [],
                "principals": [
                  {
                    "identifiers": [
                      "arn:aws:iam::000000000000:oidc-provider/localhost.localstack.cloud:4511"
                    ],
                    "type": "Federated"
                  }
                ],
                "resources": [],
                "sid": ""
              }
            ],
            "version": "2012-10-17"
          },
          "sensitive_attributes": []
        }
      ]
    },
    {
      "module": "module.compute.module.lbc_role",
      "mode": "data",
      "type": "aws_partition",
      "name": "current",
      "provider": "provider[\"registry.terraform.io/hashicorp/aws\"]",
      "instances": [
        {
          "schema_version": 0,
          "attributes": {
            "dns_suffix": "amazonaws.com",
            "id": "aws",
            "partition": "aws",
            "reverse_dns_prefix": "com.amazonaws"
          },
          "sensitive_attributes": []
        }
      ]
    },
    {
      "module": "module.compute.module.lbc_role",
      "mode": "data",
      "type": "aws_region",
      "name": "current",
      "provider": "provider[\"registry.terraform.io/hashicorp/aws\"]",
      "instances": [
        {
          "schema_version": 0,
          "attributes": {
            "description": "US East (N. Virginia)",
            "endpoint": "ec2.us-east-1.amazonaws.com",
            "id": "us-east-1",
            "name": "us-east-1"
          },
          "sensitive_attributes": []
        }
      ]
    },
    {
      "module": "module.compute.module.lbc_role",
      "mode": "managed",
      "type": "aws_iam_role",
      "name": "this",
      "provider": "provider[\"registry.terraform.io/hashicorp/aws\"]",
      "instances": [
        {
          "index_key": 0,
          "schema_version": 0,
          "attributes": {
            "arn": "arn:aws:iam::000000000000:role/eks-load-balancer-controller",
            "assume_role_policy": "{\"Statement\":[{\"Action\":\"sts:AssumeRoleWithWebIdentity\",\"Condition\":{\"StringEquals\":{\"localhost.localstack.cloud:4511:aud\":\"sts.amazonaws.com\",\"localhost.localstack.cloud:4511:sub\":\"system:serviceaccount:kube-system:aws-load-balancer-controller\"}},\"Effect\":\"Allow\",\"Principal\":{\"Federated\":\"arn:aws:iam::000000000000:oidc-provider/localhost.localstack.cloud:4511\"}}],\"Version\":\"2012-10-17\"}",
            "create_date": "2026-01-12T02:40:50Z",
            "description": "",
            "force_detach_policies": true,
            "id": "eks-load-balancer-controller",
            "inline_policy": [],
            "managed_policy_arns": [
              "arn:aws:iam::000000000000:policy/AWSLoadBalancerControllerIAMPolicy"
            ],
            "max_session_duration": 3600,
            "name": "eks-load-balancer-controller",
            "name_prefix": "",
            "path": "/",
            "permissions_boundary": "",
            "tags": {},
            "tags_all": {},
            "unique_id": "AROAQAAAAAAAKPWHS66HU"
          },
          "sensitive_attributes": [],
          "private": "bnVsbA==",
          "dependencies": [
            "data.aws_eks_cluster_auth.cluster",
            "module.compute.module.eks.aws_cloudwatch_log_group.this",
            "module.compute.module.eks.aws_ec2_tag.cluster_primary_security_group",
            "module.compute.module.eks.aws_eks_addon.before_compute",
            "module.compute.module.eks.aws_eks_addon.this",
            "module.compute.module.eks.aws_eks_cluster.this",
            "module.compute.module.eks.aws_eks_identity_provider_config.this",
            "module.compute.module.eks.aws_iam_openid_connect_provider.oidc_provider",
            "module.compute.module.eks.aws_iam_policy.cluster_encryption",
            "module.compute.module.eks.aws_iam_policy.cni_ipv6_policy",
            "module.compute.module.eks.aws_iam_role.this",
            "module.compute.module.eks.aws_iam_role_policy_attachment.additional",
            "module.compute.module.eks.aws_iam_role_policy_attachment.cluster_encryption",
            "module.compute.module.eks.aws_iam_role_policy_attachment.this",
            "module.compute.module.eks.aws_security_group.cluster",
            "module.compute.module.eks.aws_security_group.node",
            "module.compute.module.eks.aws_security_group_rule.cluster",
            "module.compute.module.eks.aws_security_group_rule.node",
            "module.compute.module.eks.data.aws_caller_identity.current",
            "module.compute.module.eks.data.aws_eks_addon_version.this",
            "module.compute.module.eks.data.aws_iam_policy_document.assume_role_policy",
            "module.compute.module.eks.data.aws_iam_policy_document.cni_ipv6_policy",
            "module.compute.module.eks.data.aws_iam_session_context.current",
            "module.compute.module.eks.data.aws_partition.current",
            "module.compute.module.eks.data.tls_certificate.this",
            "module.compute.module.eks.kubernetes_config_map.aws_auth",
            "module.compute.module.eks.kubernetes_config_map_v1_data.aws_auth",
            "module.compute.module.eks.module.eks_managed_node_group.aws_autoscaling_schedule.this",
            "module.compute.module.eks.module.eks_managed_node_group.aws_eks_node_group.this",
            "module.compute.module.eks.module.eks_managed_node_group.aws_iam_role.this",
            "module.compute.module.eks.module.eks_managed_node_group.aws_iam_role_policy_attachment.additional",
            "module.compute.module.eks.module.eks_managed_node_group.aws_iam_role_policy_attachment.this",
            "module.compute.module.eks.module.eks_managed_node_group.aws_launch_template.this",
            "module.compute.module.eks.module.eks_managed_node_group.data.aws_caller_identity.current",
            "module.compute.module.eks.module.eks_managed_node_group.data.aws_iam_policy_document.assume_role_policy",
            "module.compute.module.eks.module.eks_managed_node_group.data.aws_partition.current",
            "module.compute.module.eks.module.eks_managed_node_group.module.user_data.data.cloudinit_config.linux_eks_managed_node_group",
            "module.compute.module.eks.module.fargate_profile.aws_eks_fargate_profile.this",
            "module.compute.module.eks.module.fargate_profile.aws_iam_role.this",
            "module.compute.module.eks.module.fargate_profile.aws_iam_role_policy_attachment.additional",
            "module.compute.module.eks.module.fargate_profile.aws_iam_role_policy_attachment.this",
            "module.compute.module.eks.module.fargate_profile.data.aws_caller_identity.current",
            "module.compute.module.eks.module.fargate_profile.data.aws_iam_policy_document.assume_role_policy",
            "module.compute.module.eks.module.fargate_profile.data.aws_partition.current",
            "module.compute.module.eks.module.kms.aws_kms_alias.this",
            "module.compute.module.eks.module.kms.aws_kms_external_key.this",
            "module.compute.module.eks.module.kms.aws_kms_grant.this",
            "module.compute.module.eks.module.kms.aws_kms_key.this",
            "module.compute.module.eks.module.kms.aws_kms_replica_external_key.this",
            "module.compute.module.eks.module.kms.aws_kms_replica_key.this",
            "module.compute.module.eks.module.kms.data.aws_caller_identity.current",
            "module.compute.module.eks.module.kms.data.aws_iam_policy_document.this",
            "module.compute.module.eks.module.kms.data.aws_partition.current",
            "module.compute.module.eks.module.self_managed_node_group.aws_autoscaling_group.this",
            "module.compute.module.eks.module.self_managed_node_group.aws_autoscaling_schedule.this",
            "module.compute.module.eks.module.self_managed_node_group.aws_iam_instance_profile.this",
            "module.compute.module.eks.module.self_managed_node_group.aws_iam_role.this",
            "module.compute.module.eks.module.self_managed_node_group.aws_iam_role_policy_attachment.additional",
            "module.compute.module.eks.module.self_managed_node_group.aws_iam_role_policy_attachment.this",
            "module.compute.module.eks.module.self_managed_node_group.aws_launch_template.this",
            "module.compute.module.eks.module.self_managed_node_group.data.aws_ami.eks_default",
            "module.compute.module.eks.module.self_managed_node_group.data.aws_caller_identity.current",
            "module.compute.module.eks.module.self_managed_node_group.data.aws_iam_policy_document.assume_role_policy",
            "module.compute.module.eks.module.self_managed_node_group.data.aws_partition.current",
            "module.compute.module.eks.module.self_managed_node_group.module.user_data.data.cloudinit_config.linux_eks_managed_node_group",
            "module.compute.module.eks.time_sleep.this",
            "module.compute.module.lbc_role.data.aws_caller_identity.current",
            "module.compute.module.lbc_role.data.aws_iam_policy_document.this",
            "module.compute.module.lbc_role.data.aws_partition.current",
            "module.network.aws_subnet.private",
            "module.network.aws_vpc.main",
            "module.network.data.aws_availability_zones.available"
          ]
        }
      ]
    },
    {
      "module": "module.compute.module.lbc_role",
      "mode": "managed",
      "type": "aws_iam_role_policy_attachment",
      "name": "this",
      "provider": "provider[\"registry.terraform.io/hashicorp/aws\"]",
      "instances": [
        {
          "index_key": "policy",
          "schema_version": 0,
          "attributes": {
            "id": "eks-load-balancer-controller-20260112024050736600000016",
            "policy_arn": "arn:aws:iam::000000000000:policy/AWSLoadBalancerControllerIAMPolicy",
            "role": "eks-load-balancer-controller"
          },
          "sensitive_attributes": [],
          "private": "bnVsbA==",
          "dependencies": [
            "data.aws_eks_cluster_auth.cluster",
            "module.compute.aws_iam_policy.lbc_policy",
            "module.compute.module.eks.aws_cloudwatch_log_group.this",
            "module.compute.module.eks.aws_ec2_tag.cluster_primary_security_group",
            "module.compute.module.eks.aws_eks_addon.before_compute",
            "module.compute.module.eks.aws_eks_addon.this",
            "module.compute.module.eks.aws_eks_cluster.this",
            "module.compute.module.eks.aws_eks_identity_provider_config.this",
            "module.compute.module.eks.aws_iam_openid_connect_provider.oidc_provider",
            "module.compute.module.eks.aws_iam_policy.cluster_encryption",
            "module.compute.module.eks.aws_iam_policy.cni_ipv6_policy",
            "module.compute.module.eks.aws_iam_role.this",
            "module.compute.module.eks.aws_iam_role_policy_attachment.additional",
            "module.compute.module.eks.aws_iam_role_policy_attachment.cluster_encryption",
            "module.compute.module.eks.aws_iam_role_policy_attachment.this",
            "module.compute.module.eks.aws_security_group.cluster",
            "module.compute.module.eks.aws_security_group.node",
            "module.compute.module.eks.aws_security_group_rule.cluster",
            "module.compute.module.eks.aws_security_group_rule.node",
            "module.compute.module.eks.data.aws_caller_identity.current",
            "module.compute.module.eks.data.aws_eks_addon_version.this",
            "module.compute.module.eks.data.aws_iam_policy_document.assume_role_policy",
            "module.compute.module.eks.data.aws_iam_policy_document.cni_ipv6_policy",
            "module.compute.module.eks.data.aws_iam_session_context.current",
            "module.compute.module.eks.data.aws_partition.current",
            "module.compute.module.eks.data.tls_certificate.this",
            "module.compute.module.eks.kubernetes_config_map.aws_auth",
            "module.compute.module.eks.kubernetes_config_map_v1_data.aws_auth",
            "module.compute.module.eks.module.eks_managed_node_group.aws_autoscaling_schedule.this",
            "module.compute.module.eks.module.eks_managed_node_group.aws_eks_node_group.this",
            "module.compute.module.eks.module.eks_managed_node_group.aws_iam_role.this",
            "module.compute.module.eks.module.eks_managed_node_group.aws_iam_role_policy_attachment.additional",
            "module.compute.module.eks.module.eks_managed_node_group.aws_iam_role_policy_attachment.this",
            "module.compute.module.eks.module.eks_managed_node_group.aws_launch_template.this",
            "module.compute.module.eks.module.eks_managed_node_group.data.aws_caller_identity.current",
            "module.compute.module.eks.module.eks_managed_node_group.data.aws_iam_policy_document.assume_role_policy",
            "module.compute.module.eks.module.eks_managed_node_group.data.aws_partition.current",
            "module.compute.module.eks.module.eks_managed_node_group.module.user_data.data.cloudinit_config.linux_eks_managed_node_group",
            "module.compute.module.eks.module.fargate_profile.aws_eks_fargate_profile.this",
            "module.compute.module.eks.module.fargate_profile.aws_iam_role.this",
            "module.compute.module.eks.module.fargate_profile.aws_iam_role_policy_attachment.additional",
            "module.compute.module.eks.module.fargate_profile.aws_iam_role_policy_attachment.this",
            "module.compute.module.eks.module.fargate_profile.data.aws_caller_identity.current",
            "module.compute.module.eks.module.fargate_profile.data.aws_iam_policy_document.assume_role_policy",
            "module.compute.module.eks.module.fargate_profile.data.aws_partition.current",
            "module.compute.module.eks.module.kms.aws_kms_alias.this",
            "module.compute.module.eks.module.kms.aws_kms_external_key.this",
            "module.compute.module.eks.module.kms.aws_kms_grant.this",
            "module.compute.module.eks.module.kms.aws_kms_key.this",
            "module.compute.module.eks.module.kms.aws_kms_replica_external_key.this",
            "module.compute.module.eks.module.kms.aws_kms_replica_key.this",
            "module.compute.module.eks.module.kms.data.aws_caller_identity.current",
            "module.compute.module.eks.module.kms.data.aws_iam_policy_document.this",
            "module.compute.module.eks.module.kms.data.aws_partition.current",
            "module.compute.module.eks.module.self_managed_node_group.aws_autoscaling_group.this",
            "module.compute.module.eks.module.self_managed_node_group.aws_autoscaling_schedule.this",
            "module.compute.module.eks.module.self_managed_node_group.aws_iam_instance_profile.this",
            "module.compute.module.eks.module.self_managed_node_group.aws_iam_role.this",
            "module.compute.module.eks.module.self_managed_node_group.aws_iam_role_policy_attachment.additional",
            "module.compute.module.eks.module.self_managed_node_group.aws_iam_role_policy_attachment.this",
            "module.compute.module.eks.module.self_managed_node_group.aws_launch_template.this",
            "module.compute.module.eks.module.self_managed_node_group.data.aws_ami.eks_default",
            "module.compute.module.eks.module.self_managed_node_group.data.aws_caller_identity.current",
            "module.compute.module.eks.module.self_managed_node_group.data.aws_iam_policy_document.assume_role_policy",
            "module.compute.module.eks.module.self_managed_node_group.data.aws_partition.current",
            "module.compute.module.eks.module.self_managed_node_group.module.user_data.data.cloudinit_config.linux_eks_managed_node_group",
            "module.compute.module.eks.time_sleep.this",
            "module.compute.module.lbc_role.aws_iam_role.this",
            "module.compute.module.lbc_role.data.aws_caller_identity.current",
            "module.compute.module.lbc_role.data.aws_iam_policy_document.this",
            "module.compute.module.lbc_role.data.aws_partition.current",
            "module.network.aws_subnet.private",
            "module.network.aws_vpc.main",
            "module.network.data.aws_availability_zones.available"
          ]
        }
      ]
    },
    {
      "module": "module.database",
      "mode": "managed",
      "type": "aws_db_instance",
      "name": "mysql",
      "provider": "provider[\"registry.terraform.io/hashicorp/aws\"]",
      "instances": [
        {
          "schema_version": 2,
          "attributes": {
            "address": "localhost.localstack.cloud",
            "allocated_storage": 20,
            "allow_major_version_upgrade": null,
            "apply_immediately": false,
            "arn": "arn:aws:rds:us-east-1:000000000000:db:terraform-2026011202393578770000000f",
            "auto_minor_version_upgrade": true,
            "availability_zone": "us-east-1a",
            "backup_retention_period": 0,
            "backup_target": "",
            "backup_window": "13:14-13:44",
            "blue_green_update": [],
            "ca_cert_identifier": "",
            "character_set_name": "",
            "copy_tags_to_snapshot": false,
            "custom_iam_instance_profile": "",
            "customer_owned_ip_enabled": false,
            "database_insights_mode": "",
            "db_name": "appdb",
            "db_subnet_group_name": "db-subnet-group",
            "dedicated_log_volume": false,
            "delete_automated_backups": true,
            "deletion_protection": false,
            "domain": "",
            "domain_auth_secret_arn": "",
            "domain_dns_ips": [],
            "domain_fqdn": "",
            "domain_iam_role_name": "",
            "domain_ou": "",
            "enabled_cloudwatch_logs_exports": [],
            "endpoint": "localhost.localstack.cloud:4510",
            "engine": "mysql",
            "engine_lifecycle_support": "",
            "engine_version": "8.0",
            "engine_version_actual": "8.0",
            "final_snapshot_identifier": null,
            "hosted_zone_id": "",
            "iam_database_authentication_enabled": false,
            "id": "db-F80E5FE2",
            "identifier": "terraform-2026011202393578770000000f",
            "identifier_prefix": "terraform-",
            "instance_class": "db.t3.micro",
            "iops": 0,
            "kms_key_id": "",
            "latest_restorable_time": "",
            "license_model": "general-public-license",
            "listener_endpoint": [],
            "maintenance_window": "wed:06:38-wed:07:08",
            "manage_master_user_password": null,
            "master_user_secret": [],
            "master_user_secret_kms_key_id": null,
            "max_allocated_storage": 0,
            "monitoring_interval": 0,
            "monitoring_role_arn": "",
            "multi_az": true,
            "nchar_character_set_name": "",
            "network_type": "",
            "option_group_name": "default.mysql5.6",
            "parameter_group_name": "",
            "password": "Use-uma-senha-forte-aqui",
            "password_wo": null,
            "password_wo_version": null,
            "performance_insights_enabled": false,
            "performance_insights_kms_key_id": "",
            "performance_insights_retention_period": 0,
            "port": 4510,
            "publicly_accessible": false,
            "replica_mode": "",
            "replicas": [],
            "replicate_source_db": "",
            "resource_id": "db-F80E5FE2",
            "restore_to_point_in_time": [],
            "s3_import": [],
            "skip_final_snapshot": true,
            "snapshot_identifier": null,
            "status": "available",
            "storage_encrypted": false,
            "storage_throughput": 0,
            "storage_type": "gp2",
            "tags": {},
            "tags_all": {},
            "timeouts": null,
            "timezone": "",
            "upgrade_storage_config": null,
            "username": "admin",
            "vpc_security_group_ids": [
              "sg-6e35545b48517bc7e"
            ]
          },
          "sensitive_attributes": [
            [
              {
                "type": "get_attr",
                "value": "password"
              }
            ],
            [
              {
                "type": "get_attr",
                "value": "password_wo"
              }
            ]
          ],
          "private": "eyJlMmJmYjczMC1lY2FhLTExZTYtOGY4OC0zNDM2M2JjN2M0YzAiOnsiY3JlYXRlIjozMDAwMDAwMDAwMDAwLCJkZWxldGUiOjM2MDAwMDAwMDAwMDAsInVwZGF0ZSI6NDgwMDAwMDAwMDAwMH0sInNjaGVtYV92ZXJzaW9uIjoiMiJ9",
          "dependencies": [
            "module.database.aws_db_subnet_group.db_net",
            "module.database.aws_security_group.rds_sg",
            "module.network.aws_subnet.private",
            "module.network.aws_vpc.main",
            "module.network.data.aws_availability_zones.available"
          ]
        }
      ]
    },
    {
      "module": "module.database",
      "mode": "managed",
      "type": "aws_db_subnet_group",
      "name": "db_net",
      "provider": "provider[\"registry.terraform.io/hashicorp/aws\"]",
      "instances": [
        {
          "schema_version": 0,
          "attributes": {
            "arn": "arn:aws:rds:us-east-1:000000000000:subgrp:db-subnet-group",
            "description": "Managed by Terraform",
            "id": "db-subnet-group",
            "name": "db-subnet-group",
            "name_prefix": "",
            "subnet_ids": [
              "subnet-45f914a725ba9022d",
              "subnet-841e4a834e045308e"
            ],
            "supported_network_types": [
              "IPV4"
            ],
            "tags": {},
            "tags_all": {},
            "vpc_id": "vpc-cf98916558c351d0c"
          },
          "sensitive_attributes": [],
          "private": "bnVsbA==",
          "dependencies": [
            "module.network.aws_subnet.private",
            "module.network.aws_vpc.main",
            "module.network.data.aws_availability_zones.available"
          ]
        }
      ]
    },
    {
      "module": "module.database",
      "mode": "managed",
      "type": "aws_security_group",
      "name": "rds_sg",
      "provider": "provider[\"registry.terraform.io/hashicorp/aws\"]",
      "instances": [
        {
          "schema_version": 1,
          "attributes": {
            "arn": "arn:aws:ec2:us-east-1:000000000000:security-group/sg-6e35545b48517bc7e",
            "description": "Acesso ao MySQL",
            "egress": [
              {
                "cidr_blocks": [
                  "0.0.0.0/0"
                ],
                "description": "",
                "from_port": 0,
                "ipv6_cidr_blocks": [],
                "prefix_list_ids": [],
                "protocol": "-1",
                "security_groups": [],
                "self": false,
                "to_port": 0
              }
            ],
            "id": "sg-6e35545b48517bc7e",
            "ingress": [
              {
                "cidr_blocks": [
                  "10.0.0.0/16"
                ],
                "description": "",
                "from_port": 3306,
                "ipv6_cidr_blocks": [],
                "prefix_list_ids": [],
                "protocol": "tcp",
                "security_groups": [],
                "self": false,
                "to_port": 3306
              }
            ],
            "name": "rds-sg",
            "name_prefix": "",
            "owner_id": "000000000000",
            "revoke_rules_on_delete": false,
            "tags": {},
            "tags_all": {},
            "timeouts": null,
            "vpc_id": "vpc-cf98916558c351d0c"
          },
          "sensitive_attributes": [],
          "private": "eyJlMmJmYjczMC1lY2FhLTExZTYtOGY4OC0zNDM2M2JjN2M0YzAiOnsiY3JlYXRlIjo2MDAwMDAwMDAwMDAsImRlbGV0ZSI6OTAwMDAwMDAwMDAwfSwic2NoZW1hX3ZlcnNpb24iOiIxIn0=",
          "dependencies": [
            "module.network.aws_vpc.main"
          ]
        }
      ]
    },
    {
      "module": "module.frontend",
      "mode": "managed",
      "type": "aws_cloudfront_distribution",
      "name": "cdn",
      "provider": "provider[\"registry.terraform.io/hashicorp/aws\"]",
      "instances": [
        {
          "schema_version": 1,
          "attributes": {
            "aliases": [],
            "arn": "arn:aws:cloudfront::000000000000:distribution/56ff9d70",
            "caller_reference": "terraform-2026011202392544380000000a",
            "comment": null,
            "continuous_deployment_policy_id": "",
            "custom_error_response": [],
            "default_cache_behavior": [
              {
                "allowed_methods": [
                  "GET",
                  "HEAD",
                  "OPTIONS"
                ],
                "cache_policy_id": "",
                "cached_methods": [
                  "GET",
                  "HEAD"
                ],
                "compress": false,
                "default_ttl": 0,
                "field_level_encryption_id": "",
                "forwarded_values": [
                  {
                    "cookies": [
                      {
                        "forward": "none",
                        "whitelisted_names": []
                      }
                    ],
                    "headers": [],
                    "query_string": false,
                    "query_string_cache_keys": []
                  }
                ],
                "function_association": [],
                "grpc_config": [
                  {
                    "enabled": false
                  }
                ],
                "lambda_function_association": [],
                "max_ttl": 0,
                "min_ttl": 0,
                "origin_request_policy_id": "",
                "realtime_log_config_arn": "",
                "response_headers_policy_id": "",
                "smooth_streaming": false,
                "target_origin_id": "S3Origin",
                "trusted_key_groups": [],
                "trusted_signers": [],
                "viewer_protocol_policy": "redirect-to-https"
              }
            ],
            "default_root_object": "index.html",
            "domain_name": "56ff9d70.cloudfront.localhost.localstack.cloud",
            "enabled": true,
            "etag": "0b3f236a",
            "hosted_zone_id": "Z2FDTNDATAQYW2",
            "http_version": "http2",
            "id": "56ff9d70",
            "in_progress_validation_batches": 0,
            "is_ipv6_enabled": false,
            "last_modified_time": "2026-01-12 02:57:52.847 +0000 UTC",
            "logging_config": [],
            "ordered_cache_behavior": [],
            "origin": [
              {
                "connection_attempts": 3,
                "connection_timeout": 10,
                "custom_header": [],
                "custom_origin_config": [],
                "domain_name": "frontend-static-assets-prod.s3.us-east-1.amazonaws.com",
                "origin_access_control_id": "9438096B",
                "origin_id": "S3Origin",
                "origin_path": "",
                "origin_shield": [],
                "s3_origin_config": [],
                "vpc_origin_config": []
              }
            ],
            "origin_group": [],
            "price_class": "PriceClass_All",
            "restrictions": [
              {
                "geo_restriction": [
                  {
                    "locations": [],
                    "restriction_type": "none"
                  }
                ]
              }
            ],
            "retain_on_delete": false,
            "staging": false,
            "status": "Deployed",
            "tags": {},
            "tags_all": {},
            "trusted_key_groups": [
              {
                "enabled": false,
                "items": []
              }
            ],
            "trusted_signers": [
              {
                "enabled": false,
                "items": []
              }
            ],
            "viewer_certificate": [
              {
                "acm_certificate_arn": "",
                "cloudfront_default_certificate": true,
                "iam_certificate_id": "",
                "minimum_protocol_version": "TLSv1",
                "ssl_support_method": ""
              }
            ],
            "wait_for_deployment": true,
            "web_acl_id": ""
          },
          "sensitive_attributes": [],
          "private": "eyJzY2hlbWFfdmVyc2lvbiI6IjEifQ==",
          "dependencies": [
            "module.frontend.aws_cloudfront_origin_access_control.oac",
            "module.frontend.aws_s3_bucket.static"
          ]
        }
      ]
    },
    {
      "module": "module.frontend",
      "mode": "managed",
      "type": "aws_cloudfront_origin_access_control",
      "name": "oac",
      "provider": "provider[\"registry.terraform.io/hashicorp/aws\"]",
      "instances": [
        {
          "schema_version": 0,
          "attributes": {
            "arn": "arn:aws:cloudfront:::origin-access-control/9438096B",
            "description": "Managed by Terraform",
            "etag": "dff19c52",
            "id": "9438096B",
            "name": "s3-oac",
            "origin_access_control_origin_type": "s3",
            "signing_behavior": "always",
            "signing_protocol": "sigv4"
          },
          "sensitive_attributes": [],
          "private": "bnVsbA=="
        }
      ]
    },
    {
      "module": "module.frontend",
      "mode": "managed",
      "type": "aws_route53_record",
      "name": "www",
      "provider": "provider[\"registry.terraform.io/hashicorp/aws\"]",
      "instances": [
        {
          "schema_version": 2,
          "attributes": {
            "alias": [
              {
                "evaluate_target_health": false,
                "name": "56ff9d70.cloudfront.localhost.localstack.cloud",
                "zone_id": "Z2FDTNDATAQYW2"
              }
            ],
            "allow_overwrite": null,
            "cidr_routing_policy": [],
            "failover_routing_policy": [],
            "fqdn": "app.meuapp.com",
            "geolocation_routing_policy": [],
            "geoproximity_routing_policy": [],
            "health_check_id": "",
            "id": "75O0Y83EF30Y8K8TQ3VROZ_app.meuapp.com_A",
            "latency_routing_policy": [],
            "multivalue_answer_routing_policy": false,
            "name": "app.meuapp.com",
            "records": [],
            "set_identifier": "",
            "timeouts": null,
            "ttl": 0,
            "type": "A",
            "weighted_routing_policy": [],
            "zone_id": "75O0Y83EF30Y8K8TQ3VROZ"
          },
          "sensitive_attributes": [],
          "private": "eyJlMmJmYjczMC1lY2FhLTExZTYtOGY4OC0zNDM2M2JjN2M0YzAiOnsiY3JlYXRlIjoxODAwMDAwMDAwMDAwLCJkZWxldGUiOjE4MDAwMDAwMDAwMDAsInVwZGF0ZSI6MTgwMDAwMDAwMDAwMH0sInNjaGVtYV92ZXJzaW9uIjoiMiJ9",
          "dependencies": [
            "module.frontend.aws_cloudfront_distribution.cdn",
            "module.frontend.aws_cloudfront_origin_access_control.oac",
            "module.frontend.aws_s3_bucket.static",
            "module.network.aws_route53_zone.main"
          ]
        }
      ]
    },
    {
      "module": "module.frontend",
      "mode": "managed",
      "type": "aws_s3_bucket",
      "name": "static",
      "provider": "provider[\"registry.terraform.io/hashicorp/aws\"]",
      "instances": [
        {
          "schema_version": 0,
          "attributes": {
            "acceleration_status": "",
            "acl": null,
            "arn": "arn:aws:s3:::frontend-static-assets-prod",
            "bucket": "frontend-static-assets-prod",
            "bucket_domain_name": "frontend-static-assets-prod.s3.amazonaws.com",
            "bucket_prefix": "",
            "bucket_regional_domain_name": "frontend-static-assets-prod.s3.us-east-1.amazonaws.com",
            "cors_rule": [],
            "force_destroy": false,
            "grant": [
              {
                "id": "75aa57f09aa0c8caeab4f8c24e99d10f8e7faeebf76c078efc7c6caea54ba06a",
                "permissions": [
                  "FULL_CONTROL"
                ],
                "type": "CanonicalUser",
                "uri": ""
              }
            ],
            "hosted_zone_id": "Z3AQBSTGFYJSTF",
            "id": "frontend-static-assets-prod",
            "lifecycle_rule": [],
            "logging": [],
            "object_lock_configuration": [],
            "object_lock_enabled": false,
            "policy": "",
            "region": "us-east-1",
            "replication_configuration": [],
            "request_payer": "BucketOwner",
            "server_side_encryption_configuration": [
              {
                "rule": [
                  {
                    "apply_server_side_encryption_by_default": [
                      {
                        "kms_master_key_id": "",
                        "sse_algorithm": "AES256"
                      }
                    ],
                    "bucket_key_enabled": false
                  }
                ]
              }
            ],
            "tags": {},
            "tags_all": {},
            "timeouts": null,
            "versioning": [
              {
                "enabled": false,
                "mfa_delete": false
              }
            ],
            "website": [],
            "website_domain": null,
            "website_endpoint": null
          },
          "sensitive_attributes": [],
          "private": "eyJlMmJmYjczMC1lY2FhLTExZTYtOGY4OC0zNDM2M2JjN2M0YzAiOnsiY3JlYXRlIjoxMjAwMDAwMDAwMDAwLCJkZWxldGUiOjM2MDAwMDAwMDAwMDAsInJlYWQiOjEyMDAwMDAwMDAwMDAsInVwZGF0ZSI6MTIwMDAwMDAwMDAwMH19"
        }
      ]
    },
    {
      "module": "module.network",
      "mode": "data",
      "type": "aws_availability_zones",
      "name": "available",
      "provider": "provider[\"registry.terraform.io/hashicorp/aws\"]",
      "instances": [
        {
          "schema_version": 0,
          "attributes": {
            "all_availability_zones": null,
            "exclude_names": null,
            "exclude_zone_ids": null,
            "filter": null,
            "group_names": [
              ""
            ],
            "id": "us-east-1",
            "names": [
              "us-east-1a",
              "us-east-1b",
              "us-east-1c",
              "us-east-1d",
              "us-east-1e",
              "us-east-1f"
            ],
            "state": null,
            "timeouts": null,
            "zone_ids": [
              "use1-az6",
              "use1-az1",
              "use1-az2",
              "use1-az4",
              "use1-az3",
              "use1-az5"
            ]
          },
          "sensitive_attributes": []
        }
      ]
    },
    {
      "module": "module.network",
      "mode": "managed",
      "type": "aws_eip",
      "name": "nat",
      "provider": "provider[\"registry.terraform.io/hashicorp/aws\"]",
      "instances": [
        {
          "schema_version": 0,
          "attributes": {
            "address": null,
            "allocation_id": "eipalloc-23438c385ad0c4174",
            "arn": "arn:aws:ec2:us-east-1::elastic-ip/eipalloc-23438c385ad0c4174",
            "associate_with_private_ip": null,
            "association_id": "eipassoc-e665a0db701d09896",
            "carrier_ip": "",
            "customer_owned_ip": "",
            "customer_owned_ipv4_pool": "",
            "domain": "vpc",
            "id": "eipalloc-23438c385ad0c4174",
            "instance": "",
            "ipam_pool_id": null,
            "network_border_group": "",
            "network_interface": "eni-86939734bfa1ce0b1",
            "private_dns": "ip-10-170-103-227.ec2.internal",
            "private_ip": "10.170.103.227",
            "ptr_record": "",
            "public_dns": "ec2-127-58-200-8.compute-1.amazonaws.com",
            "public_ip": "127.58.200.8",
            "public_ipv4_pool": "",
            "tags": {},
            "tags_all": {},
            "timeouts": null,
            "vpc": true
          },
          "sensitive_attributes": [],
          "private": "eyJlMmJmYjczMC1lY2FhLTExZTYtOGY4OC0zNDM2M2JjN2M0YzAiOnsiZGVsZXRlIjoxODAwMDAwMDAwMDAsInJlYWQiOjkwMDAwMDAwMDAwMCwidXBkYXRlIjozMDAwMDAwMDAwMDB9fQ=="
        }
      ]
    },
    {
      "module": "module.network",
      "mode": "managed",
      "type": "aws_internet_gateway",
      "name": "igw",
      "provider": "provider[\"registry.terraform.io/hashicorp/aws\"]",
      "instances": [
        {
          "schema_version": 0,
          "attributes": {
            "arn": "arn:aws:ec2:us-east-1:000000000000:internet-gateway/igw-52efc64db4b646bdb",
            "id": "igw-52efc64db4b646bdb",
            "owner_id": "000000000000",
            "tags": {
              "Name": "main-igw"
            },
            "tags_all": {
              "Name": "main-igw"
            },
            "timeouts": null,
            "vpc_id": "vpc-cf98916558c351d0c"
          },
          "sensitive_attributes": [],
          "private": "eyJlMmJmYjczMC1lY2FhLTExZTYtOGY4OC0zNDM2M2JjN2M0YzAiOnsiY3JlYXRlIjoxMjAwMDAwMDAwMDAwLCJkZWxldGUiOjEyMDAwMDAwMDAwMDAsInVwZGF0ZSI6MTIwMDAwMDAwMDAwMH19",
          "dependencies": [
            "module.network.aws_vpc.main"
          ]
        }
      ]
    },
    {
      "module": "module.network",
      "mode": "managed",
      "type": "aws_nat_gateway",
      "name": "main",
      "provider": "provider[\"registry.terraform.io/hashicorp/aws\"]",
      "instances": [
        {
          "schema_version": 0,
          "attributes": {
            "allocation_id": "eipalloc-23438c385ad0c4174",
            "association_id": "eipassoc-e665a0db701d09896",
            "connectivity_type": "public",
            "id": "nat-fafe91ddcab3c5289",
            "network_interface_id": "eni-86939734bfa1ce0b1",
            "private_ip": "10.170.103.227",
            "public_ip": "127.58.200.8",
            "secondary_allocation_ids": [],
            "secondary_private_ip_address_count": 0,
            "secondary_private_ip_addresses": [],
            "subnet_id": "subnet-5eef9c2d7b0706a4c",
            "tags": {},
            "tags_all": {},
            "timeouts": null
          },
          "sensitive_attributes": [],
          "private": "eyJlMmJmYjczMC1lY2FhLTExZTYtOGY4OC0zNDM2M2JjN2M0YzAiOnsiY3JlYXRlIjo2MDAwMDAwMDAwMDAsImRlbGV0ZSI6MTgwMDAwMDAwMDAwMCwidXBkYXRlIjo2MDAwMDAwMDAwMDB9fQ==",
          "dependencies": [
            "module.network.aws_eip.nat",
            "module.network.aws_internet_gateway.igw",
            "module.network.aws_subnet.public",
            "module.network.aws_vpc.main",
            "module.network.data.aws_availability_zones.available"
          ]
        }
      ]
    },
    {
      "module": "module.network",
      "mode": "managed",
      "type": "aws_route53_zone",
      "name": "main",
      "provider": "provider[\"registry.terraform.io/hashicorp/aws\"]",
      "instances": [
        {
          "schema_version": 0,
          "attributes": {
            "arn": "arn:aws:route53:::hostedzone/75O0Y83EF30Y8K8TQ3VROZ",
            "comment": "Managed by Terraform",
            "delegation_set_id": "",
            "force_destroy": true,
            "id": "75O0Y83EF30Y8K8TQ3VROZ",
            "name": "meuapp.com",
            "name_servers": [
              "dns.localhost.localstack.cloud"
            ],
            "primary_name_server": "dns.localhost.localstack.cloud",
            "tags": {},
            "tags_all": {},
            "timeouts": null,
            "vpc": [],
            "zone_id": "75O0Y83EF30Y8K8TQ3VROZ"
          },
          "sensitive_attributes": [],
          "private": "eyJlMmJmYjczMC1lY2FhLTExZTYtOGY4OC0zNDM2M2JjN2M0YzAiOnsiY3JlYXRlIjoxODAwMDAwMDAwMDAwLCJkZWxldGUiOjE4MDAwMDAwMDAwMDAsInVwZGF0ZSI6MTgwMDAwMDAwMDAwMH19"
        }
      ]
    },
    {
      "module": "module.network",
      "mode": "managed",
      "type": "aws_route_table",
      "name": "private",
      "provider": "provider[\"registry.terraform.io/hashicorp/aws\"]",
      "instances": [
        {
          "schema_version": 0,
          "attributes": {
            "arn": "arn:aws:ec2:us-east-1:000000000000:route-table/rtb-479018eda57fa03a9",
            "id": "rtb-479018eda57fa03a9",
            "owner_id": "000000000000",
            "propagating_vgws": [],
            "route": [
              {
                "carrier_gateway_id": "",
                "cidr_block": "0.0.0.0/0",
                "core_network_arn": "",
                "destination_prefix_list_id": "",
                "egress_only_gateway_id": "",
                "gateway_id": "",
                "ipv6_cidr_block": "",
                "local_gateway_id": "",
                "nat_gateway_id": "nat-fafe91ddcab3c5289",
                "network_interface_id": "",
                "transit_gateway_id": "",
                "vpc_endpoint_id": "",
                "vpc_peering_connection_id": ""
              }
            ],
            "tags": {},
            "tags_all": {},
            "timeouts": null,
            "vpc_id": "vpc-cf98916558c351d0c"
          },
          "sensitive_attributes": [],
          "private": "eyJlMmJmYjczMC1lY2FhLTExZTYtOGY4OC0zNDM2M2JjN2M0YzAiOnsiY3JlYXRlIjozMDAwMDAwMDAwMDAsImRlbGV0ZSI6MzAwMDAwMDAwMDAwLCJ1cGRhdGUiOjEyMDAwMDAwMDAwMH19",
          "dependencies": [
            "module.network.aws_eip.nat",
            "module.network.aws_internet_gateway.igw",
            "module.network.aws_nat_gateway.main",
            "module.network.aws_subnet.public",
            "module.network.aws_vpc.main",
            "module.network.data.aws_availability_zones.available"
          ]
        }
      ]
    },
    {
      "module": "module.network",
      "mode": "managed",
      "type": "aws_route_table_association",
      "name": "private",
      "provider": "provider[\"registry.terraform.io/hashicorp/aws\"]",
      "instances": [
        {
          "index_key": 0,
          "schema_version": 0,
          "attributes": {
            "gateway_id": "",
            "id": "rtbassoc-96f0633bf3974897a",
            "route_table_id": "rtb-479018eda57fa03a9",
            "subnet_id": "subnet-841e4a834e045308e",
            "timeouts": null
          },
          "sensitive_attributes": [],
          "private": "eyJlMmJmYjczMC1lY2FhLTExZTYtOGY4OC0zNDM2M2JjN2M0YzAiOnsiY3JlYXRlIjozMDAwMDAwMDAwMDAsImRlbGV0ZSI6MzAwMDAwMDAwMDAwLCJ1cGRhdGUiOjEyMDAwMDAwMDAwMH19",
          "dependencies": [
            "module.network.aws_eip.nat",
            "module.network.aws_internet_gateway.igw",
            "module.network.aws_nat_gateway.main",
            "module.network.aws_route_table.private",
            "module.network.aws_subnet.private",
            "module.network.aws_subnet.public",
            "module.network.aws_vpc.main",
            "module.network.data.aws_availability_zones.available"
          ]
        },
        {
          "index_key": 1,
          "schema_version": 0,
          "attributes": {
            "gateway_id": "",
            "id": "rtbassoc-e5a0fdaed78a5aa2c",
            "route_table_id": "rtb-479018eda57fa03a9",
            "subnet_id": "subnet-45f914a725ba9022d",
            "timeouts": null
          },
          "sensitive_attributes": [],
          "private": "eyJlMmJmYjczMC1lY2FhLTExZTYtOGY4OC0zNDM2M2JjN2M0YzAiOnsiY3JlYXRlIjozMDAwMDAwMDAwMDAsImRlbGV0ZSI6MzAwMDAwMDAwMDAwLCJ1cGRhdGUiOjEyMDAwMDAwMDAwMH19",
          "dependencies": [
            "module.network.aws_eip.nat",
            "module.network.aws_internet_gateway.igw",
            "module.network.aws_nat_gateway.main",
            "module.network.aws_route_table.private",
            "module.network.aws_subnet.private",
            "module.network.aws_subnet.public",
            "module.network.aws_vpc.main",
            "module.network.data.aws_availability_zones.available"
          ]
        }
      ]
    },
    {
      "module": "module.network",
      "mode": "managed",
      "type": "aws_subnet",
      "name": "private",
      "provider": "provider[\"registry.terraform.io/hashicorp/aws\"]",
      "instances": [
        {
          "index_key": 0,
          "schema_version": 1,
          "attributes": {
            "arn": "arn:aws:ec2:us-east-1:000000000000:subnet/subnet-841e4a834e045308e",
            "assign_ipv6_address_on_creation": false,
            "availability_zone": "us-east-1a",
            "availability_zone_id": "use1-az6",
            "cidr_block": "10.0.10.0/24",
            "customer_owned_ipv4_pool": "",
            "enable_dns64": false,
            "enable_lni_at_device_index": 0,
            "enable_resource_name_dns_a_record_on_launch": false,
            "enable_resource_name_dns_aaaa_record_on_launch": false,
            "id": "subnet-841e4a834e045308e",
            "ipv6_cidr_block": "",
            "ipv6_cidr_block_association_id": "",
            "ipv6_native": false,
            "map_customer_owned_ip_on_launch": false,
            "map_public_ip_on_launch": false,
            "outpost_arn": "",
            "owner_id": "000000000000",
            "private_dns_hostname_type_on_launch": "ip-name",
            "tags": {
              "Name": "private-0",
              "kubernetes.io/role/internal-elb": "1"
            },
            "tags_all": {
              "Name": "private-0",
              "kubernetes.io/role/internal-elb": "1"
            },
            "timeouts": null,
            "vpc_id": "vpc-cf98916558c351d0c"
          },
          "sensitive_attributes": [],
          "private": "eyJlMmJmYjczMC1lY2FhLTExZTYtOGY4OC0zNDM2M2JjN2M0YzAiOnsiY3JlYXRlIjo2MDAwMDAwMDAwMDAsImRlbGV0ZSI6MTIwMDAwMDAwMDAwMH0sInNjaGVtYV92ZXJzaW9uIjoiMSJ9",
          "dependencies": [
            "module.network.aws_vpc.main",
            "module.network.data.aws_availability_zones.available"
          ],
          "create_before_destroy": true
        },
        {
          "index_key": 1,
          "schema_version": 1,
          "attributes": {
            "arn": "arn:aws:ec2:us-east-1:000000000000:subnet/subnet-45f914a725ba9022d",
            "assign_ipv6_address_on_creation": false,
            "availability_zone": "us-east-1b",
            "availability_zone_id": "use1-az1",
            "cidr_block": "10.0.11.0/24",
            "customer_owned_ipv4_pool": "",
            "enable_dns64": false,
            "enable_lni_at_device_index": 0,
            "enable_resource_name_dns_a_record_on_launch": false,
            "enable_resource_name_dns_aaaa_record_on_launch": false,
            "id": "subnet-45f914a725ba9022d",
            "ipv6_cidr_block": "",
            "ipv6_cidr_block_association_id": "",
            "ipv6_native": false,
            "map_customer_owned_ip_on_launch": false,
            "map_public_ip_on_launch": false,
            "outpost_arn": "",
            "owner_id": "000000000000",
            "private_dns_hostname_type_on_launch": "ip-name",
            "tags": {
              "Name": "private-1",
              "kubernetes.io/role/internal-elb": "1"
            },
            "tags_all": {
              "Name": "private-1",
              "kubernetes.io/role/internal-elb": "1"
            },
            "timeouts": null,
            "vpc_id": "vpc-cf98916558c351d0c"
          },
          "sensitive_attributes": [],
          "private": "eyJlMmJmYjczMC1lY2FhLTExZTYtOGY4OC0zNDM2M2JjN2M0YzAiOnsiY3JlYXRlIjo2MDAwMDAwMDAwMDAsImRlbGV0ZSI6MTIwMDAwMDAwMDAwMH0sInNjaGVtYV92ZXJzaW9uIjoiMSJ9",
          "dependencies": [
            "module.network.aws_vpc.main",
            "module.network.data.aws_availability_zones.available"
          ],
          "create_before_destroy": true
        }
      ]
    },
    {
      "module": "module.network",
      "mode": "managed",
      "type": "aws_subnet",
      "name": "public",
      "provider": "provider[\"registry.terraform.io/hashicorp/aws\"]",
      "instances": [
        {
          "index_key": 0,
          "schema_version": 1,
          "attributes": {
            "arn": "arn:aws:ec2:us-east-1:000000000000:subnet/subnet-5eef9c2d7b0706a4c",
            "assign_ipv6_address_on_creation": false,
            "availability_zone": "us-east-1a",
            "availability_zone_id": "use1-az6",
            "cidr_block": "10.0.0.0/24",
            "customer_owned_ipv4_pool": "",
            "enable_dns64": false,
            "enable_lni_at_device_index": 0,
            "enable_resource_name_dns_a_record_on_launch": false,
            "enable_resource_name_dns_aaaa_record_on_launch": false,
            "id": "subnet-5eef9c2d7b0706a4c",
            "ipv6_cidr_block": "",
            "ipv6_cidr_block_association_id": "",
            "ipv6_native": false,
            "map_customer_owned_ip_on_launch": false,
            "map_public_ip_on_launch": true,
            "outpost_arn": "",
            "owner_id": "000000000000",
            "private_dns_hostname_type_on_launch": "ip-name",
            "tags": {
              "Name": "public-0",
              "kubernetes.io/role/elb": "1"
            },
            "tags_all": {
              "Name": "public-0",
              "kubernetes.io/role/elb": "1"
            },
            "timeouts": null,
            "vpc_id": "vpc-cf98916558c351d0c"
          },
          "sensitive_attributes": [],
          "private": "eyJlMmJmYjczMC1lY2FhLTExZTYtOGY4OC0zNDM2M2JjN2M0YzAiOnsiY3JlYXRlIjo2MDAwMDAwMDAwMDAsImRlbGV0ZSI6MTIwMDAwMDAwMDAwMH0sInNjaGVtYV92ZXJzaW9uIjoiMSJ9",
          "dependencies": [
            "module.network.aws_vpc.main",
            "module.network.data.aws_availability_zones.available"
          ]
        },
        {
          "index_key": 1,
          "schema_version": 1,
          "attributes": {
            "arn": "arn:aws:ec2:us-east-1:000000000000:subnet/subnet-34d35f2e013eca18e",
            "assign_ipv6_address_on_creation": false,
            "availability_zone": "us-east-1b",
            "availability_zone_id": "use1-az1",
            "cidr_block": "10.0.1.0/24",
            "customer_owned_ipv4_pool": "",
            "enable_dns64": false,
            "enable_lni_at_device_index": 0,
            "enable_resource_name_dns_a_record_on_launch": false,
            "enable_resource_name_dns_aaaa_record_on_launch": false,
            "id": "subnet-34d35f2e013eca18e",
            "ipv6_cidr_block": "",
            "ipv6_cidr_block_association_id": "",
            "ipv6_native": false,
            "map_customer_owned_ip_on_launch": false,
            "map_public_ip_on_launch": true,
            "outpost_arn": "",
            "owner_id": "000000000000",
            "private_dns_hostname_type_on_launch": "ip-name",
            "tags": {
              "Name": "public-1",
              "kubernetes.io/role/elb": "1"
            },
            "tags_all": {
              "Name": "public-1",
              "kubernetes.io/role/elb": "1"
            },
            "timeouts": null,
            "vpc_id": "vpc-cf98916558c351d0c"
          },
          "sensitive_attributes": [],
          "private": "eyJlMmJmYjczMC1lY2FhLTExZTYtOGY4OC0zNDM2M2JjN2M0YzAiOnsiY3JlYXRlIjo2MDAwMDAwMDAwMDAsImRlbGV0ZSI6MTIwMDAwMDAwMDAwMH0sInNjaGVtYV92ZXJzaW9uIjoiMSJ9",
          "dependencies": [
            "module.network.aws_vpc.main",
            "module.network.data.aws_availability_zones.available"
          ]
        }
      ]
    },
    {
      "module": "module.network",
      "mode": "managed",
      "type": "aws_vpc",
      "name": "main",
      "provider": "provider[\"registry.terraform.io/hashicorp/aws\"]",
      "instances": [
        {
          "schema_version": 1,
          "attributes": {
            "arn": "arn:aws:ec2:us-east-1:000000000000:vpc/vpc-cf98916558c351d0c",
            "assign_generated_ipv6_cidr_block": false,
            "cidr_block": "10.0.0.0/16",
            "default_network_acl_id": "acl-3974ed4dd0c7571bf",
            "default_route_table_id": "rtb-dcf245242bb24d93c",
            "default_security_group_id": "sg-063f0b63e28d7a8d4",
            "dhcp_options_id": "default",
            "enable_dns_hostnames": true,
            "enable_dns_support": true,
            "enable_network_address_usage_metrics": false,
            "id": "vpc-cf98916558c351d0c",
            "instance_tenancy": "default",
            "ipv4_ipam_pool_id": null,
            "ipv4_netmask_length": null,
            "ipv6_association_id": "",
            "ipv6_cidr_block": "",
            "ipv6_cidr_block_network_border_group": "",
            "ipv6_ipam_pool_id": "",
            "ipv6_netmask_length": 0,
            "main_route_table_id": "rtb-dcf245242bb24d93c",
            "owner_id": "000000000000",
            "tags": {
              "Name": "main-vpc"
            },
            "tags_all": {
              "Name": "main-vpc"
            }
          },
          "sensitive_attributes": [],
          "private": "eyJzY2hlbWFfdmVyc2lvbiI6IjEifQ==",
          "create_before_destroy": true
        }
      ]
    },
    {
      "module": "module.worker",
      "mode": "managed",
      "type": "aws_batch_compute_environment",
      "name": "fargate",
      "provider": "provider[\"registry.terraform.io/hashicorp/aws\"]",
      "instances": [
        {
          "schema_version": 0,
          "attributes": {
            "arn": "arn:aws:batch:us-east-1:000000000000:compute-environment/worker-fargate-env",
            "compute_environment_name": "worker-fargate-env",
            "compute_environment_name_prefix": "",
            "compute_resources": [
              {
                "allocation_strategy": "",
                "bid_percentage": 0,
                "desired_vcpus": 0,
                "ec2_configuration": [],
                "ec2_key_pair": "",
                "image_id": "",
                "instance_role": "",
                "instance_type": [],
                "launch_template": [],
                "max_vcpus": 4,
                "min_vcpus": 0,
                "placement_group": "",
                "security_group_ids": [
                  "sg-45fa8c79d5192c389"
                ],
                "spot_iam_fleet_role": "",
                "subnets": [
                  "subnet-45f914a725ba9022d",
                  "subnet-841e4a834e045308e"
                ],
                "tags": {},
                "type": "FARGATE"
              }
            ],
            "ecs_cluster_arn": "arn:aws:ecs:us-east-1:000000000000:cluster/AWSBatch-environment-worker-fargate-env-da7a812a-20e0-4282-91f7-43bd29b45d83",
            "eks_configuration": [],
            "id": "worker-fargate-env",
            "service_role": "arn:aws:iam::000000000000:role/batch-service-role",
            "state": "ENABLED",
            "status": "VALID",
            "status_reason": "ComputeEnvironment Healthy",
            "tags": {},
            "tags_all": {},
            "type": "MANAGED",
            "update_policy": []
          },
          "sensitive_attributes": [],
          "private": "bnVsbA==",
          "dependencies": [
            "module.network.aws_subnet.private",
            "module.network.aws_vpc.main",
            "module.network.data.aws_availability_zones.available",
            "module.worker.aws_iam_role.batch_service_role",
            "module.worker.aws_iam_role_policy_attachment.batch_service_role_attach",
            "module.worker.aws_security_group.worker_sg"
          ]
        }
      ]
    },
    {
      "module": "module.worker",
      "mode": "managed",
      "type": "aws_batch_job_definition",
      "name": "job",
      "provider": "provider[\"registry.terraform.io/hashicorp/aws\"]",
      "instances": [
        {
          "schema_version": 0,
          "attributes": {
            "arn": "arn:aws:batch:us-east-1:000000000000:job-definition/s3-processor:1",
            "arn_prefix": "arn:aws:batch:us-east-1:000000000000:job-definition/s3-processor",
            "container_properties": "{\"command\":[],\"environment\":[],\"executionRoleArn\":\"arn:aws:iam::000000000000:role/batch-exec-role\",\"fargatePlatformConfiguration\":{\"platformVersion\":\"LATEST\"},\"image\":\"000000000000.dkr.ecr.us-east-1.localhost.localstack.cloud:4566/backend-app:latest\",\"jobRoleArn\":\"arn:aws:iam::000000000000:role/batch-exec-role\",\"logConfiguration\":{\"logDriver\":\"awslogs\",\"options\":{\"awslogs-region\":\"us-east-1\",\"awslogs-stream-prefix\":\"s3-processor\",\"awslogs-group\":\"/aws/batch/job\"}},\"mountPoints\":[],\"resourceRequirements\":[{\"type\":\"VCPU\",\"value\":\"0.25\"},{\"type\":\"MEMORY\",\"value\":\"512\"}],\"secrets\":[],\"ulimits\":[],\"volumes\":[]}",
            "deregister_on_new_revision": true,
            "ecs_properties": "",
            "eks_properties": [],
            "id": "arn:aws:batch:us-east-1:000000000000:job-definition/s3-processor:1",
            "name": "s3-processor",
            "node_properties": "",
            "parameters": null,
            "platform_capabilities": null,
            "propagate_tags": false,
            "retry_strategy": [],
            "revision": 1,
            "scheduling_priority": 0,
            "tags": null,
            "tags_all": {},
            "timeout": [],
            "type": "container"
          },
          "sensitive_attributes": [],
          "private": "bnVsbA==",
          "dependencies": [
            "module.compute.aws_ecr_repository.app_repo",
            "module.worker.aws_cloudwatch_log_group.batch_logs",
            "module.worker.aws_iam_role.batch_exec_role"
          ]
        }
      ]
    },
    {
      "module": "module.worker",
      "mode": "managed",
      "type": "aws_batch_job_queue",
      "name": "main",
      "provider": "provider[\"registry.terraform.io/hashicorp/aws\"]",
      "instances": [
        {
          "schema_version": 1,
          "attributes": {
            "arn": "arn:aws:batch:us-east-1:000000000000:job-queue/worker-job-queue",
            "compute_environment_order": [
              {
                "compute_environment": "arn:aws:batch:us-east-1:000000000000:compute-environment/worker-fargate-env",
                "order": 1
              }
            ],
            "compute_environments": null,
            "id": "arn:aws:batch:us-east-1:000000000000:job-queue/worker-job-queue",
            "job_state_time_limit_action": [],
            "name": "worker-job-queue",
            "priority": 1,
            "scheduling_policy_arn": null,
            "state": "ENABLED",
            "tags": null,
            "tags_all": {},
            "timeouts": null
          },
          "sensitive_attributes": [],
          "dependencies": [
            "module.network.aws_subnet.private",
            "module.network.aws_vpc.main",
            "module.network.data.aws_availability_zones.available",
            "module.worker.aws_batch_compute_environment.fargate",
            "module.worker.aws_iam_role.batch_service_role",
            "module.worker.aws_iam_role_policy_attachment.batch_service_role_attach",
            "module.worker.aws_security_group.worker_sg"
          ]
        }
      ]
    },
    {
      "module": "module.worker",
      "mode": "managed",
      "type": "aws_cloudwatch_log_group",
      "name": "batch_logs",
      "provider": "provider[\"registry.terraform.io/hashicorp/aws\"]",
      "instances": [
        {
          "schema_version": 0,
          "attributes": {
            "arn": "arn:aws:logs:us-east-1:000000000000:log-group:/aws/batch/job",
            "id": "/aws/batch/job",
            "kms_key_id": "",
            "log_group_class": "STANDARD",
            "name": "/aws/batch/job",
            "name_prefix": "",
            "retention_in_days": 1,
            "skip_destroy": false,
            "tags": {},
            "tags_all": {}
          },
          "sensitive_attributes": [],
          "private": "bnVsbA=="
        }
      ]
    },
    {
      "module": "module.worker",
      "mode": "managed",
      "type": "aws_iam_role",
      "name": "batch_exec_role",
      "provider": "provider[\"registry.terraform.io/hashicorp/aws\"]",
      "instances": [
        {
          "schema_version": 0,
          "attributes": {
            "arn": "arn:aws:iam::000000000000:role/batch-exec-role",
            "assume_role_policy": "{\"Statement\":[{\"Action\":\"sts:AssumeRole\",\"Effect\":\"Allow\",\"Principal\":{\"Service\":[\"ecs-tasks.amazonaws.com\",\"batch.amazonaws.com\"]}}],\"Version\":\"2012-10-17\"}",
            "create_date": "2026-01-12T02:39:24Z",
            "description": "",
            "force_detach_policies": false,
            "id": "batch-exec-role",
            "inline_policy": [],
            "managed_policy_arns": [],
            "max_session_duration": 3600,
            "name": "batch-exec-role",
            "name_prefix": "",
            "path": "/",
            "permissions_boundary": "",
            "tags": {},
            "tags_all": {},
            "unique_id": "AROAQAAAAAAAKGV4734IC"
          },
          "sensitive_attributes": [],
          "private": "bnVsbA=="
        }
      ]
    },
    {
      "module": "module.worker",
      "mode": "managed",
      "type": "aws_iam_role",
      "name": "batch_service_role",
      "provider": "provider[\"registry.terraform.io/hashicorp/aws\"]",
      "instances": [
        {
          "schema_version": 0,
          "attributes": {
            "arn": "arn:aws:iam::000000000000:role/batch-service-role",
            "assume_role_policy": "{\"Statement\":[{\"Action\":\"sts:AssumeRole\",\"Effect\":\"Allow\",\"Principal\":{\"Service\":\"batch.amazonaws.com\"}}],\"Version\":\"2012-10-17\"}",
            "create_date": "2026-01-12T02:39:24Z",
            "description": "",
            "force_detach_policies": false,
            "id": "batch-service-role",
            "inline_policy": [],
            "managed_policy_arns": [
              "arn:aws:iam::aws:policy/service-role/AWSBatchServiceRole"
            ],
            "max_session_duration": 3600,
            "name": "batch-service-role",
            "name_prefix": "",
            "path": "/",
            "permissions_boundary": "",
            "tags": {},
            "tags_all": {},
            "unique_id": "AROAQAAAAAAAGXUCH4R2N"
          },
          "sensitive_attributes": [],
          "private": "bnVsbA=="
        }
      ]
    },
    {
      "module": "module.worker",
      "mode": "managed",
      "type": "aws_iam_role",
      "name": "sfn_role",
      "provider": "provider[\"registry.terraform.io/hashicorp/aws\"]",
      "instances": [
        {
          "schema_version": 0,
          "attributes": {
            "arn": "arn:aws:iam::000000000000:role/step-functions-worker-role",
            "assume_role_policy": "{\"Statement\":[{\"Action\":\"sts:AssumeRole\",\"Effect\":\"Allow\",\"Principal\":{\"Service\":\"states.amazonaws.com\"}}],\"Version\":\"2012-10-17\"}",
            "create_date": "2026-01-12T02:39:23Z",
            "description": "",
            "force_detach_policies": false,
            "id": "step-functions-worker-role",
            "inline_policy": [
              {
                "name": "sfn-batch-policy",
                "policy": "{\"Version\":\"2012-10-17\",\"Statement\":[{\"Action\":[\"batch:SubmitJob\",\"batch:DescribeJobs\",\"batch:TerminateJob\"],\"Effect\":\"Allow\",\"Resource\":\"*\"},{\"Action\":[\"events:PutTargets\",\"events:PutRule\",\"events:DescribeRule\"],\"Effect\":\"Allow\",\"Resource\":\"*\"}]}"
              }
            ],
            "managed_policy_arns": [],
            "max_session_duration": 3600,
            "name": "step-functions-worker-role",
            "name_prefix": "",
            "path": "/",
            "permissions_boundary": "",
            "tags": {},
            "tags_all": {},
            "unique_id": "AROAQAAAAAAABB4J5PFM7"
          },
          "sensitive_attributes": [],
          "private": "bnVsbA=="
        }
      ]
    },
    {
      "module": "module.worker",
      "mode": "managed",
      "type": "aws_iam_role_policy",
      "name": "sfn_batch_policy",
      "provider": "provider[\"registry.terraform.io/hashicorp/aws\"]",
      "instances": [
        {
          "schema_version": 0,
          "attributes": {
            "id": "step-functions-worker-role:sfn-batch-policy",
            "name": "sfn-batch-policy",
            "name_prefix": "",
            "policy": "{\"Version\":\"2012-10-17\",\"Statement\":[{\"Action\":[\"batch:SubmitJob\",\"batch:DescribeJobs\",\"batch:TerminateJob\"],\"Effect\":\"Allow\",\"Resource\":\"*\"},{\"Action\":[\"events:PutTargets\",\"events:PutRule\",\"events:DescribeRule\"],\"Effect\":\"Allow\",\"Resource\":\"*\"}]}",
            "role": "step-functions-worker-role"
          },
          "sensitive_attributes": [],
          "private": "bnVsbA==",
          "dependencies": [
            "module.worker.aws_iam_role.sfn_role"
          ]
        }
      ]
    },
    {
      "module": "module.worker",
      "mode": "managed",
      "type": "aws_iam_role_policy_attachment",
      "name": "batch_service_role_attach",
      "provider": "provider[\"registry.terraform.io/hashicorp/aws\"]",
      "instances": [
        {
          "schema_version": 0,
          "attributes": {
            "id": "batch-service-role-20260112023924532500000009",
            "policy_arn": "arn:aws:iam::aws:policy/service-role/AWSBatchServiceRole",
            "role": "batch-service-role"
          },
          "sensitive_attributes": [],
          "private": "bnVsbA==",
          "dependencies": [
            "module.worker.aws_iam_role.batch_service_role"
          ]
        }
      ]
    },
    {
      "module": "module.worker",
      "mode": "managed",
      "type": "aws_s3_bucket",
      "name": "worker_data",
      "provider": "provider[\"registry.terraform.io/hashicorp/aws\"]",
      "instances": [
        {
          "schema_version": 0,
          "attributes": {
            "acceleration_status": "",
            "acl": null,
            "arn": "arn:aws:s3:::app-worker-jobs-data-prod",
            "bucket": "app-worker-jobs-data-prod",
            "bucket_domain_name": "app-worker-jobs-data-prod.s3.amazonaws.com",
            "bucket_prefix": "",
            "bucket_regional_domain_name": "app-worker-jobs-data-prod.s3.us-east-1.amazonaws.com",
            "cors_rule": [],
            "force_destroy": true,
            "grant": [
              {
                "id": "75aa57f09aa0c8caeab4f8c24e99d10f8e7faeebf76c078efc7c6caea54ba06a",
                "permissions": [
                  "FULL_CONTROL"
                ],
                "type": "CanonicalUser",
                "uri": ""
              }
            ],
            "hosted_zone_id": "Z3AQBSTGFYJSTF",
            "id": "app-worker-jobs-data-prod",
            "lifecycle_rule": [],
            "logging": [],
            "object_lock_configuration": [],
            "object_lock_enabled": false,
            "policy": "",
            "region": "us-east-1",
            "replication_configuration": [],
            "request_payer": "BucketOwner",
            "server_side_encryption_configuration": [
              {
                "rule": [
                  {
                    "apply_server_side_encryption_by_default": [
                      {
                        "kms_master_key_id": "",
                        "sse_algorithm": "AES256"
                      }
                    ],
                    "bucket_key_enabled": false
                  }
                ]
              }
            ],
            "tags": {},
            "tags_all": {},
            "timeouts": null,
            "versioning": [
              {
                "enabled": false,
                "mfa_delete": false
              }
            ],
            "website": [],
            "website_domain": null,
            "website_endpoint": null
          },
          "sensitive_attributes": [],
          "private": "eyJlMmJmYjczMC1lY2FhLTExZTYtOGY4OC0zNDM2M2JjN2M0YzAiOnsiY3JlYXRlIjoxMjAwMDAwMDAwMDAwLCJkZWxldGUiOjM2MDAwMDAwMDAwMDAsInJlYWQiOjEyMDAwMDAwMDAwMDAsInVwZGF0ZSI6MTIwMDAwMDAwMDAwMH19"
        }
      ]
    },
    {
      "module": "module.worker",
      "mode": "managed",
      "type": "aws_security_group",
      "name": "worker_sg",
      "provider": "provider[\"registry.terraform.io/hashicorp/aws\"]",
      "instances": [
        {
          "schema_version": 1,
          "attributes": {
            "arn": "arn:aws:ec2:us-east-1:000000000000:security-group/sg-45fa8c79d5192c389",
            "description": "Managed by Terraform",
            "egress": [
              {
                "cidr_blocks": [
                  "0.0.0.0/0"
                ],
                "description": "",
                "from_port": 0,
                "ipv6_cidr_blocks": [],
                "prefix_list_ids": [],
                "protocol": "-1",
                "security_groups": [],
                "self": false,
                "to_port": 0
              }
            ],
            "id": "sg-45fa8c79d5192c389",
            "ingress": [],
            "name": "worker-batch-sg",
            "name_prefix": "",
            "owner_id": "000000000000",
            "revoke_rules_on_delete": false,
            "tags": {},
            "tags_all": {},
            "timeouts": null,
            "vpc_id": "vpc-cf98916558c351d0c"
          },
          "sensitive_attributes": [],
          "private": "eyJlMmJmYjczMC1lY2FhLTExZTYtOGY4OC0zNDM2M2JjN2M0YzAiOnsiY3JlYXRlIjo2MDAwMDAwMDAwMDAsImRlbGV0ZSI6OTAwMDAwMDAwMDAwfSwic2NoZW1hX3ZlcnNpb24iOiIxIn0=",
          "dependencies": [
            "module.network.aws_vpc.main"
          ]
        }
      ]
    },
    {
      "module": "module.worker",
      "mode": "managed",
      "type": "aws_sfn_state_machine",
      "name": "pipeline",
      "provider": "provider[\"registry.terraform.io/hashicorp/aws\"]",
      "instances": [
        {
          "schema_version": 0,
          "attributes": {
            "arn": "arn:aws:states:us-east-1:000000000000:stateMachine:WorkerOrchestration",
            "creation_date": "2026-01-12T03:02:00Z",
            "definition": "{\"StartAt\":\"BatchJob\",\"States\":{\"BatchJob\":{\"End\":true,\"Parameters\":{\"JobDefinition\":\"arn:aws:batch:us-east-1:000000000000:job-definition/s3-processor:1\",\"JobName\":\"WorkerTask\",\"JobQueue\":\"arn:aws:batch:us-east-1:000000000000:job-queue/worker-job-queue\"},\"Resource\":\"arn:aws:states:::batch:submitJob.sync\",\"Type\":\"Task\"}}}",
            "description": "",
            "encryption_configuration": [],
            "id": "arn:aws:states:us-east-1:000000000000:stateMachine:WorkerOrchestration",
            "logging_configuration": [
              {
                "include_execution_data": false,
                "level": "OFF",
                "log_destination": ""
              }
            ],
            "name": "WorkerOrchestration",
            "name_prefix": "",
            "publish": false,
            "revision_id": "",
            "role_arn": "arn:aws:iam::000000000000:role/step-functions-worker-role",
            "state_machine_version_arn": "",
            "status": "ACTIVE",
            "tags": null,
            "tags_all": {},
            "timeouts": null,
            "tracing_configuration": [],
            "type": "STANDARD",
            "version_description": null
          },
          "sensitive_attributes": [],
          "private": "eyJlMmJmYjczMC1lY2FhLTExZTYtOGY4OC0zNDM2M2JjN2M0YzAiOnsiY3JlYXRlIjozMDAwMDAwMDAwMDAsImRlbGV0ZSI6MzAwMDAwMDAwMDAwLCJ1cGRhdGUiOjYwMDAwMDAwMDAwfX0=",
          "dependencies": [
            "module.compute.aws_ecr_repository.app_repo",
            "module.network.aws_subnet.private",
            "module.network.aws_vpc.main",
            "module.network.data.aws_availability_zones.available",
            "module.worker.aws_batch_compute_environment.fargate",
            "module.worker.aws_batch_job_definition.job",
            "module.worker.aws_batch_job_queue.main",
            "module.worker.aws_cloudwatch_log_group.batch_logs",
            "module.worker.aws_iam_role.batch_exec_role",
            "module.worker.aws_iam_role.batch_service_role",
            "module.worker.aws_iam_role.sfn_role",
            "module.worker.aws_iam_role_policy_attachment.batch_service_role_attach",
            "module.worker.aws_security_group.worker_sg"
          ]
        }
      ]
    }
  ],
  "check_results": null
}
